{
  "nodes": {
    "nixpkgs": {
      "locked": {
        "lastModified": 1778036283,
        "narHash": "sha256-GW2cEd/cLcVbbCes8iQuoY2qGIeCA7UiaD351hpkXfI=",
        "rev": "ed67bc86e84e51d4a88e73c7fd36006dc876476f",
        "type": "tarball",
        "url": "https://releases.nixos.org/nixpkgs/nixpkgs-26.05pre993032.ed67bc86e84e/nixexprs.tar.xz"
      },
      "original": {
        "type": "tarball",
        "url": "https://channels.nixos.org/nixpkgs-unstable/nixexprs.tar.xz"
      }
    },
    "nixpkgs-golangci": {
      "locked": {
        "lastModified": 1771861243,
        "narHash": "sha256-mz05b1VyLWoTkNg8iJr3yXFJF7HDlwIUKI3ln39RacY=",
        "owner": "NixOS",
        "repo": "nixpkgs",
        "rev": "80d901ec0377e19ac3f7bb8c035201e2e098cc97",
        "type": "github"
      },
      "original": {
        "owner": "NixOS",
        "repo": "nixpkgs",
        "rev": "80d901ec0377e19ac3f7bb8c035201e2e098cc97",
        "type": "github"
      }
    },
    "nixpkgs-kct": {
      "locked": {
        "lastModified": 1763934636,
        "narHash": "sha256-9glbI7f1uU+yzQCq5LwLgdZqx6svOhZWkd4JRY265fc=",
        "owner": "NixOS",
        "repo": "nixpkgs",
        "rev": "ee09932cedcef15aaf476f9343d1dea2cb77e261",
        "type": "github"
      },
      "original": {
        "owner": "NixOS",
        "repo": "nixpkgs",
        "rev": "ee09932cedcef15aaf476f9343d1dea2cb77e261",
        "type": "github"
      }
    },
    "root": {
      "inputs": {
        "nixpkgs": "nixpkgs",
        "nixpkgs-golangci": "nixpkgs-golangci",
        "nixpkgs-kct": "nixpkgs-kct"
      }
    }
  },
  "root": "root",
  "version": 7
}
