hash: b82175c1aafff6c4e98c8ac4baea3832895c9600beac445c10af4c004982ef05
updated: 2016-09-20T16:03:26.379383173+02:00
imports:
- name: github.com/abbot/go-http-auth
  version: cb4372376e1e00e9f6ab9ec142e029302c9e7140
- name: github.com/boltdb/bolt
  version: fff57c100f4dea1905678da7e90d92429dff2904
- name: github.com/BurntSushi/toml
  version: 99064174e013895bbd9b025c31100bd1d9b590ca
- name: github.com/BurntSushi/ty
  version: 6add9cd6ad42d389d6ead1dde60b4ad71e46fd74
  subpackages:
  - fun
- name: github.com/cenk/backoff
  version: 8edc80b07f38c27352fb186d971c628a6c32552b
- name: github.com/codahale/hdrhistogram
  version: f8ad88b59a584afeee9d334eff879b104439117b
- name: github.com/codegangsta/cli
  version: d53eb991652b1d438abdd34ce4bfa3ef1539108e
- name: github.com/codegangsta/negroni
  version: 3f7ce7b928e14ff890b067e5bbbc80af73690a9c
- name: github.com/containous/flaeg
  version: a731c034dda967333efce5f8d276aeff11f8ff87
- name: github.com/containous/mux
  version: a819b77bba13f0c0cbe36e437bc2e948411b3996
- name: github.com/containous/staert
  version: 044bdfee6c8f5e8fb71f70d5ba1cf4cb11a94e97
- name: github.com/coreos/etcd
  version: a70513621cf914e2de4dbf90d8a0328e807ffd12
  subpackages:
  - client
  - pkg/pathutil
  - pkg/types
- name: github.com/davecgh/go-spew
  version: 6d212800a42e8ab5c146b8ace3490ee17e5225f9
  subpackages:
  - spew
- name: github.com/docker/distribution
  version: b6e0cfbdaa1ddc3a17c95142c7bf6e42c5567370
  subpackages:
  - context
  - digest
  - reference
  - registry/api/errcode
  - registry/api/v2
  - registry/client
  - registry/client/auth
  - registry/client/transport
  - registry/storage/cache
  - registry/storage/cache/memory
  - uuid
- name: github.com/docker/docker
  version: 534753663161334baba06f13b8efa4cad22b5bc5
  subpackages:
  - api/types/backend
  - builder
  - builder/dockerignore
  - cliconfig
  - cliconfig/configfile
  - daemon/graphdriver
  - image
  - image/v1
  - layer
  - namesgenerator
  - opts
  - pkg/archive
  - pkg/chrootarchive
  - pkg/fileutils
  - pkg/gitutils
  - pkg/homedir
  - pkg/httputils
  - pkg/idtools
  - pkg/ioutils
  - pkg/jsonlog
  - pkg/jsonmessage
  - pkg/longpath
  - pkg/mflag
  - pkg/mount
  - pkg/namesgenerator
  - pkg/plugins
  - pkg/plugins/transport
  - pkg/pools
  - pkg/progress
  - pkg/promise
  - pkg/random
  - pkg/reexec
  - pkg/signal
  - pkg/stdcopy
  - pkg/streamformatter
  - pkg/stringid
  - pkg/symlink
  - pkg/system
  - pkg/tarsum
  - pkg/term
  - pkg/term/windows
  - pkg/urlutil
  - reference
  - registry
  - runconfig/opts
- name: github.com/docker/engine-api
  version: 62043eb79d581a32ea849645277023c550732e52
  subpackages:
  - client
  - client/transport
  - client/transport/cancellable
  - types
  - types/blkiodev
  - types/container
  - types/events
  - types/filters
  - types/network
  - types/reference
  - types/registry
  - types/strslice
  - types/swarm
  - types/time
  - types/versions
- name: github.com/docker/go-connections
  version: 988efe982fdecb46f01d53465878ff1f2ff411ce
  subpackages:
  - nat
  - sockets
  - tlsconfig
- name: github.com/docker/go-units
  version: f2145db703495b2e525c59662db69a7344b00bb8
- name: github.com/docker/libcompose
  version: d1876c1d68527a49c0aac22a0b161acc7296b740
  subpackages:
  - config
  - docker
  - docker/builder
  - docker/client
  - docker/network
  - labels
  - logger
  - lookup
  - project
  - project/events
  - project/options
  - utils
  - version
  - yaml
- name: github.com/docker/libkv
  version: 3fce6a0f26e07da3eac45796a8e255547a47a750
  subpackages:
  - store
  - store/boltdb
  - store/consul
  - store/etcd
  - store/zookeeper
- name: github.com/donovanhide/eventsource
  version: fd1de70867126402be23c306e1ce32828455d85b
- name: github.com/elazarl/go-bindata-assetfs
  version: 9a6736ed45b44bf3835afeebb3034b57ed329f3e
- name: github.com/gambol99/go-marathon
  version: a558128c87724cd7430060ef5aedf39f83937f55
- name: github.com/go-check/check
  version: 4f90aeace3a26ad7021961c297b22c42160c7b25
- name: github.com/gogo/protobuf
  version: a11c89fbb0ad4acfa8abc4a4d5f7e27c477169b1
  subpackages:
  - proto
- name: github.com/golang/glog
  version: 23def4e6c14b4da8ac2ed8007337bc5eb5007998
- name: github.com/google/go-querystring
  version: 9235644dd9e52eeae6fa48efd539fdc351a0af53
  subpackages:
  - query
- name: github.com/gorilla/context
  version: 08b5f424b9271eedf6f9f0ce86cb9396ed337a42
- name: github.com/hashicorp/consul
  version: 67a03d57b5851011e5601ee6e7e3d05699548462
  subpackages:
  - api
- name: github.com/hashicorp/go-cleanhttp
  version: ad28ea4487f05916463e2423a55166280e8254b5
- name: github.com/hashicorp/serf
  version: 555e0dcbb180ecbd03431adc28226bb3192558bc
  subpackages:
  - coordinate
- name: github.com/jarcoal/httpmock
  version: 145b10d659265440f062c31ea15326166bae56ee
- name: github.com/libkermit/compose
  version: cadc5a3b83a15790174bd7fbc75ea2529785e772
  subpackages:
  - check
- name: github.com/libkermit/docker
  version: 55e3595409924fcfbb850811e5a7cdbe8960a0b7
- name: github.com/mailgun/manners
  version: fada45142db3f93097ca917da107aa3fad0ffcb5
- name: github.com/mailgun/timetools
  version: fd192d755b00c968d312d23f521eb0cdc6f66bd0
- name: github.com/mattn/go-shellwords
  version: 525bedee691b5a8df547cb5cf9f86b7fb1883e24
- name: github.com/mesos/mesos-go
  version: 2b28dad0aa75289407717b98d82c7871543bb4db
  subpackages:
  - detector
  - detector/zoo
  - mesos
  - mesosproto
  - mesosutil
  - upid
- name: github.com/mesosphere/mesos-dns
  version: b47dc4c19f215e98da687b15b4c64e70f629bea5
  repo: https://github.com/containous/mesos-dns.git
  vcs: git
  subpackages:
  - detect
  - errorutil
  - logging
  - models
  - records
  - records/labels
  - records/state
  - util
- name: github.com/Microsoft/go-winio
  version: ce2922f643c8fd76b46cadc7f404a06282678b34
- name: github.com/miekg/dns
  version: 5d001d020961ae1c184f9f8152fdc73810481677
- name: github.com/mitchellh/mapstructure
  version: ca63d7c062ee3c9f34db231e352b60012b4fd0c1
- name: github.com/moul/http2curl
  version: b1479103caacaa39319f75e7f57fc545287fca0d
- name: github.com/ogier/pflag
  version: 45c278ab3607870051a2ea9040bb85fcb8557481
- name: github.com/opencontainers/runc
  version: 38e0df9ec67c05e73b656c02c9222f24c1683d73
  subpackages:
  - libcontainer/user
- name: github.com/parnurzeal/gorequest
  version: 29ced6f360a5ac3823a3675b4e29fbab336cc186
- name: github.com/pmezard/go-difflib
  version: 792786c7400a136282c1664665ae0a8db921c6c2
  subpackages:
  - difflib
- name: github.com/ryanuber/go-glob
  version: 572520ed46dbddaed19ea3d9541bdd0494163693
- name: github.com/samuel/go-zookeeper
  version: 87e1bca4477a3cc767ca71be023ced183d74e538
  subpackages:
  - zk
- name: github.com/Sirupsen/logrus
  version: 3ec0642a7fb6488f65b06f9040adc67e3990296a
- name: github.com/streamrail/concurrent-map
  version: 8bf1e9bacbf65b10c81d0f4314cf2b1ebef728b5
- name: github.com/stretchr/objx
  version: 1a9d0bb9f541897e62256577b352fdbc1fb4fd94
- name: github.com/stretchr/testify
  version: d77da356e56a7428ad25149ca77381849a6a5232
  subpackages:
  - assert
  - mock
- name: github.com/thoas/stats
  version: 152b5d051953fdb6e45f14b6826962aadc032324
- name: github.com/tv42/zbase32
  version: 501572607d0273fc75b3b261fa4904d63f6ffa0e
- name: github.com/ugorji/go
  version: 98ef79d6c615fa258e892ed0b11c6e013712693e
  subpackages:
  - codec
- name: github.com/unrolled/render
  version: 3f4913244021dede105b62caecfb01f0c1eebeda
- name: github.com/vdemeester/docker-events
  version: be74d4929ec1ad118df54349fda4b0cba60f849b
- name: github.com/vdemeester/shakers
  version: 24d7f1d6a71aa5d9cbe7390e4afb66b7eef9e1b3
- name: github.com/vulcand/oxy
  version: 4298f24d572dc554eb984f2ffdf6bdd54d4bd613
  repo: https://github.com/containous/oxy.git
  vcs: git
  subpackages:
  - cbreaker
  - connlimit
  - forward
  - memmetrics
  - roundrobin
  - stream
  - utils
- name: github.com/vulcand/predicate
  version: 19b9dde14240d94c804ae5736ad0e1de10bf8fe6
- name: github.com/vulcand/route
  version: 61904570391bdf22252f8e376b49a57593d9124c
- name: github.com/vulcand/vulcand
  version: 7b479b160401beccbc9521b922588fa2a64c4818
  subpackages:
  - conntracker
  - plugin
  - plugin/rewrite
  - router
- name: github.com/xenolf/lego
  version: b2fad6198110326662e9e356a97199078a4a775c
  subpackages:
  - acme
- name: golang.org/x/crypto
  version: 81372b2fc2f10bef2a7f338da115c315a56b2726
  subpackages:
  - bcrypt
  - blowfish
  - ocsp
- name: golang.org/x/net
  version: 71a035914f99bb58fe82eac0f1289f10963d876c
  subpackages:
  - context
  - proxy
  - publicsuffix
- name: golang.org/x/sys
  version: 8f0908ab3b2457e2e15403d3697c9ef5cb4b57a9
  subpackages:
  - unix
  - windows
- name: gopkg.in/fsnotify.v1
  version: a8a77c9133d2d6fd8334f3260d06f60e8d80a5fb
- name: gopkg.in/mgo.v2
  version: 3f83fa5005286a7fe593b055f0d7771a7dce4655
  subpackages:
  - bson
  - internal/json
- name: gopkg.in/square/go-jose.v1
  version: 139276ceb5afbf13e636c44e9382f0ca75c12ba3
  subpackages:
  - cipher
  - json
testImports:
- name: github.com/Azure/go-ansiterm
  version: fa152c58bc15761d0200cb75fe958b89a9d4888e
  subpackages:
  - winterm
- name: github.com/cloudfoundry-incubator/candiedyaml
  version: 99c3df83b51532e3615f851d8c2dbb638f5313bf
- name: github.com/flynn/go-shlex
  version: 3f9db97f856818214da2e1057f8ad84803971cff
- name: github.com/gorilla/mux
  version: 0a192a193177452756c362c20087ddafcf6829c4
- name: github.com/libkermit/docker-check
  version: cbe0ef03b3d23070eac4d00ba8828f2cc7f7e5a3
- name: github.com/spf13/pflag
  version: c7e63cf4530bcd3ba943729cee0efeff2ebea63f
- name: github.com/vbatts/tar-split
  version: 6810cedb21b2c3d0b9bb8f9af12ff2dc7a2f14df
  subpackages:
  - archive/tar
  - tar/asm
  - tar/storage
- name: github.com/xeipuuv/gojsonpointer
  version: e0fe6f68307607d540ed8eac07a342c33fa1b54a
- name: github.com/xeipuuv/gojsonreference
  version: e02fc20de94c78484cd5ffb007f8af96be030a45
- name: github.com/xeipuuv/gojsonschema
  version: 00f9fafb54d2244d291b86ab63d12c38bd5c3886
