hash: 660249b4d5cbcfd0cb0a2d9d39ce798ec8df7d3277c53ed4043fe2f61b29eeb9
updated: 2016-05-27T09:59:17.855890752+02:00
imports:
- name: github.com/boltdb/bolt
  version: dfb21201d9270c1082d5fb0f07f500311ff72f18
- name: github.com/BurntSushi/toml
  version: f0aeabca5a127c4078abb8c8d64298b147264b55
- name: github.com/BurntSushi/ty
  version: 6add9cd6ad42d389d6ead1dde60b4ad71e46fd74
  subpackages:
  - fun
- name: github.com/cenkalti/backoff
  version: c29158af31815ccc31ca29c86c121bc39e00d3d8
- name: github.com/codahale/hdrhistogram
  version: 9208b142303c12d8899bae836fd524ac9338b4fd
- name: github.com/codegangsta/cli
  version: bf4a526f48af7badd25d2cb02d587e1b01be3b50
- name: github.com/codegangsta/negroni
  version: ffbc66b612ee3eac2eba29aedce4c3a65e4dd0a1
- name: github.com/containous/flaeg
  version: c425b9d758df1864ca838dbd433f1cf8f5097d51
- name: github.com/containous/oxy
  version: 183212964e13e7b8afe01a08b193d04300554a68
  subpackages:
  - cbreaker
  - connlimit
  - forward
  - roundrobin
  - stream
  - utils
- name: github.com/containous/staert
  version: ff272631ecfc9c22490b651fea0f08d364d46518
- name: github.com/coreos/etcd
  version: c400d05d0aa73e21e431c16145e558d624098018
  subpackages:
  - Godeps/_workspace/src/github.com/ugorji/go/codec
  - Godeps/_workspace/src/golang.org/x/net/context
  - client
  - pkg/pathutil
  - pkg/types
- name: github.com/davecgh/go-spew
  version: 5215b55f46b2b919f50a1df0eaa5886afe4e3b3d
  subpackages:
  - spew
- name: github.com/docker/distribution
  version: 5bbf65499960b184fe8e0f045397375e1a6722b8
  subpackages:
  - reference
  - digest
- name: github.com/docker/docker
  version: 9837ec4da53f15f9120d53a6e1517491ba8b0261
  subpackages:
  - namesgenerator
- name: github.com/docker/engine-api
  version: 3d3d0b6c9d2651aac27f416a6da0224c1875b3eb
  subpackages:
  - client
  - types
  - types/events
  - types/filters
  - client/transport
  - client/transport/cancellable
  - types/container
  - types/network
  - types/reference
  - types/registry
  - types/time
  - types/versions
  - types/blkiodev
  - types/strslice
- name: github.com/docker/go-connections
  version: c7838b258fbfa3fe88eecfb2a0e08ea0dbd6a646
  subpackages:
  - sockets
  - tlsconfig
  - nat
- name: github.com/docker/go-units
  version: 5d2041e26a699eaca682e2ea41c8f891e1060444
- name: github.com/docker/libcompose
  version: 8ee7bcc364f7b8194581a3c6bd9fa019467c7873
- name: github.com/docker/libkv
  version: 7283ef27ed32fe267388510a91709b307bb9942c
  subpackages:
  - store
  - store/boltdb
  - store/consul
  - store/etcd
  - store/zookeeper
- name: github.com/donovanhide/eventsource
  version: c3f57f280ec708df24886d9e62f2fd178d69d8e8
- name: github.com/elazarl/go-bindata-assetfs
  version: 57eb5e1fc594ad4b0b1dbea7b286d299e0cb43c2
- name: github.com/gambol99/go-marathon
  version: ade11d1dc2884ee1f387078fc28509559b6235d1
- name: github.com/go-check/check
  version: 4f90aeace3a26ad7021961c297b22c42160c7b25
- name: github.com/google/go-querystring
  version: 9235644dd9e52eeae6fa48efd539fdc351a0af53
  subpackages:
  - query
- name: github.com/gorilla/context
  version: a8d44e7d8e4d532b6a27a02dd82abb31cc1b01bd
- name: github.com/gorilla/mux
  version: 9c19ed558d5df4da88e2ade9c8940d742aef0e7e
- name: github.com/hashicorp/consul
  version: f6fef66e1bf17be4f3c9855fbec6de802ca6bd7d
  subpackages:
  - api
- name: github.com/hashicorp/go-cleanhttp
  version: 875fb671b3ddc66f8e2f0acc33829c8cb989a38d
- name: github.com/hashicorp/serf
  version: e4ec8cc423bbe20d26584b96efbeb9102e16d05f
  subpackages:
  - coordinate
  - serf
- name: github.com/libkermit/docker
  version: 3b5eb2973efff7af33cfb65141deaf4ed25c6d02
- name: github.com/libkermit/docker-check
  version: bb75a86b169c6c5d22c0ee98278124036f272d7b
- name: github.com/mailgun/log
  version: 2f35a4607f1abf71f97f77f99b0de8493ef6f4ef
- name: github.com/mailgun/manners
  version: fada45142db3f93097ca917da107aa3fad0ffcb5
- name: github.com/mailgun/multibuf
  version: 565402cd71fbd9c12aa7e295324ea357e970a61e
- name: github.com/mailgun/timetools
  version: fd192d755b00c968d312d23f521eb0cdc6f66bd0
- name: github.com/mattn/go-shellwords
  version: 525bedee691b5a8df547cb5cf9f86b7fb1883e24
- name: github.com/Microsoft/go-winio
  version: 4f1a71750d95a5a8a46c40a67ffbed8129c2f138
- name: github.com/miekg/dns
  version: 48ab6605c66ac797e07f615101c3e9e10e932b66
- name: github.com/moul/http2curl
  version: b1479103caacaa39319f75e7f57fc545287fca0d
- name: github.com/ogier/pflag
  version: 45c278ab3607870051a2ea9040bb85fcb8557481
- name: github.com/opencontainers/runc
  version: d2d09b9bcd0573c58d7cd94e57bd7555af0c2072
  subpackages:
  - libcontainer/user
- name: github.com/parnurzeal/gorequest
  version: 2169dfca686cfcbefc983a98a25e9c22a2815be4
- name: github.com/pmezard/go-difflib
  version: d8ed2627bdf02c080bf22230dbb337003b7aba2d
  subpackages:
  - difflib
- name: github.com/samuel/go-zookeeper
  version: 6eb1b09c6ce23f305f4c81bf748b22fbc6f3f9e9
  subpackages:
  - zk
- name: github.com/Sirupsen/logrus
  version: 6d9ae300aaf85d6acd2e5424081c7fcddb21dab8
- name: github.com/streamrail/concurrent-map
  version: 65a174a3a4188c0b7099acbc6cfa0c53628d3287
- name: github.com/stretchr/objx
  version: cbeaeb16a013161a98496fad62933b1d21786672
- name: github.com/stretchr/testify
  version: 6cb3b85ef5a0efef77caef88363ec4d4b5c0976d
  subpackages:
  - mock
  - assert
- name: github.com/thoas/stats
  version: 69e3c072eec2df2df41afe6214f62eb940e4cd80
- name: github.com/unrolled/render
  version: 198ad4d8b8a4612176b804ca10555b222a086b40
- name: github.com/vdemeester/docker-events
  version: b308d2e8d639d928c882913bcb4f85b3a84c7a07
- name: github.com/vdemeester/shakers
  version: 24d7f1d6a71aa5d9cbe7390e4afb66b7eef9e1b3
- name: github.com/vulcand/oxy
  version: 11677428db34c4a05354d66d028174d0e3c6e905
  subpackages:
  - memmetrics
  - utils
- name: github.com/vulcand/predicate
  version: cb0bff91a7ab7cf7571e661ff883fc997bc554a3
- name: github.com/vulcand/route
  version: cb89d787ddbb1c5849a7ac9f79004c1fd12a4a32
- name: github.com/vulcand/vulcand
  version: 475540bb016702d5b7cc4674e37f48ee3e144a69
  subpackages:
  - plugin/rewrite
  - plugin
  - router
- name: github.com/xenolf/lego
  version: b119bc45fbd1cc71348003541aac9d3a7da63654
  subpackages:
  - acme
- name: golang.org/x/crypto
  version: 5bcd134fee4dd1475da17714aac19c0aa0142e2f
  subpackages:
  - ocsp
- name: golang.org/x/net
  version: 6460565bec1e8891e29ff478184c71b9e443ac36
  subpackages:
  - context
  - publicsuffix
  - proxy
- name: golang.org/x/sys
  version: eb2c74142fd19a79b3f237334c7384d5167b1b46
  subpackages:
  - unix
  - windows
- name: gopkg.in/fsnotify.v1
  version: 30411dbcefb7a1da7e84f75530ad3abe4011b4f8
- name: gopkg.in/mgo.v2
  version: b6e2fa371e64216a45e61072a96d4e3859f169da
  subpackages:
  - bson
- name: gopkg.in/square/go-jose.v1
  version: e3f973b66b91445ec816dd7411ad1b6495a5a2fc
  subpackages:
  - cipher
  - json
devImports: []
