hash: b1cbcbd938a47a246b0d4d634037b76e63486c63e5867b339f92bcbd7453b75c
updated: 2017-04-07T11:34:46.101385591+01:00
imports:
- name: bitbucket.org/ww/goautoneg
  version: 75cd24fc2f2c2a2088577d12123ddee5f54e0675
- name: cloud.google.com/go
  version: 2e6a95edb1071d750f6d7db777bf66cd2997af6c
  subpackages:
  - compute/metadata
  - internal
- name: github.com/abbot/go-http-auth
  version: cb4372376e1e00e9f6ab9ec142e029302c9e7140
- name: github.com/ArthurHlt/go-eureka-client
  version: ba361cd0f9f571b4e871421423d2f02f5689c3d2
  subpackages:
  - eureka
- name: github.com/ArthurHlt/gominlog
  version: 068c01ce147ad68fca25ef3fa29ae5395ae273ab
- name: github.com/aws/aws-sdk-go
  version: 3f8f870ec9939e32b3372abf74d24e468bcd285d
  subpackages:
  - aws
  - aws/awserr
  - aws/awsutil
  - aws/client
  - aws/client/metadata
  - aws/corehandlers
  - aws/credentials
  - aws/credentials/ec2rolecreds
  - aws/credentials/endpointcreds
  - aws/credentials/stscreds
  - aws/defaults
  - aws/ec2metadata
  - aws/endpoints
  - aws/request
  - aws/session
  - aws/signer/v4
  - private/protocol
  - private/protocol/ec2query
  - private/protocol/json/jsonutil
  - private/protocol/jsonrpc
  - private/protocol/query
  - private/protocol/query/queryutil
  - private/protocol/rest
  - private/protocol/restxml
  - private/protocol/xml/xmlutil
  - private/waiter
  - service/dynamodb
  - service/dynamodb/dynamodbattribute
  - service/dynamodb/dynamodbiface
  - service/dynamodbattribute
  - service/ec2
  - service/ecs
  - service/route53
  - service/sts
- name: github.com/Azure/azure-sdk-for-go
  version: 088007b3b08cc02b27f2eadfdcd870958460ce7e
  subpackages:
  - arm/dns
- name: github.com/Azure/go-autorest
  version: a2fdd780c9a50455cecd249b00bdc3eb73a78e31
  subpackages:
  - autorest
  - autorest/azure
  - autorest/date
  - autorest/to
- name: github.com/beorn7/perks
  version: b965b613227fddccbfffe13eae360ed3fa822f8d
  subpackages:
  - quantile
- name: github.com/blang/semver
  version: 31b736133b98f26d5e078ec9eb591666edfd091f
- name: github.com/boltdb/bolt
  version: 5cc10bbbc5c141029940133bb33c9e969512a698
- name: github.com/BurntSushi/toml
  version: 99064174e013895bbd9b025c31100bd1d9b590ca
- name: github.com/BurntSushi/ty
  version: 6add9cd6ad42d389d6ead1dde60b4ad71e46fd74
  subpackages:
  - fun
- name: github.com/cenk/backoff
  version: 8edc80b07f38c27352fb186d971c628a6c32552b
- name: github.com/codahale/hdrhistogram
  version: 9208b142303c12d8899bae836fd524ac9338b4fd
- name: github.com/codegangsta/cli
  version: bf4a526f48af7badd25d2cb02d587e1b01be3b50
- name: github.com/codegangsta/negroni
  version: dc6b9d037e8dab60cbfc09c61d6932537829be8b
- name: github.com/containous/flaeg
  version: b5d2dc5878df07c2d74413348186982e7b865871
- name: github.com/containous/mux
  version: a819b77bba13f0c0cbe36e437bc2e948411b3996
- name: github.com/containous/staert
  version: 1e26a71803e428fd933f5f9c8e50a26878f53147
- name: github.com/coreos/etcd
  version: c400d05d0aa73e21e431c16145e558d624098018
  subpackages:
  - Godeps/_workspace/src/github.com/ugorji/go/codec
  - Godeps/_workspace/src/golang.org/x/net/context
  - client
  - pkg/pathutil
  - pkg/types
- name: github.com/coreos/go-oidc
  version: 5644a2f50e2d2d5ba0b474bc5bc55fea1925936d
  subpackages:
  - http
  - jose
  - key
  - oauth2
  - oidc
- name: github.com/coreos/go-systemd
  version: 48702e0da86bd25e76cfef347e2adeb434a0d0a6
  subpackages:
  - daemon
- name: github.com/coreos/pkg
  version: fa29b1d70f0beaddd4c7021607cc3c3be8ce94b8
  subpackages:
  - health
  - httputil
  - timeutil
- name: github.com/davecgh/go-spew
  version: 6d212800a42e8ab5c146b8ace3490ee17e5225f9
  subpackages:
  - spew
- name: github.com/daviddengcn/go-colortext
  version: 3b18c8575a432453d41fdafb340099fff5bba2f7
- name: github.com/decker502/dnspod-go
  version: f6b1d56f1c048bd94d7e42ac36efb4d57b069b6f
- name: github.com/dgrijalva/jwt-go
  version: 9ed569b5d1ac936e6494082958d63a6aa4fff99a
- name: github.com/dnsimple/dnsimple-go
  version: 5a5b427618a76f9eed5ede0f3e6306fbd9311d2e
  subpackages:
  - dnsimple
- name: github.com/docker/distribution
  version: 325b0804fef3a66309d962357aac3c2ce3f4d329
  subpackages:
  - digest
  - reference
- name: github.com/docker/docker
  version: 49bf474f9ed7ce7143a59d1964ff7b7fd9b52178
  subpackages:
  - namesgenerator
- name: github.com/docker/engine-api
  version: 3d1601b9d2436a70b0dfc045a23f6503d19195df
  subpackages:
  - client
  - client/transport
  - client/transport/cancellable
  - types
  - types/blkiodev
  - types/container
  - types/events
  - types/filters
  - types/network
  - types/reference
  - types/registry
  - types/strslice
  - types/swarm
  - types/time
  - types/versions
- name: github.com/docker/go-connections
  version: 990a1a1a70b0da4c4cb70e117971a4f0babfbf1a
  subpackages:
  - nat
  - sockets
  - tlsconfig
- name: github.com/docker/go-units
  version: 0dadbb0345b35ec7ef35e228dabb8de89a65bf52
- name: github.com/docker/leadership
  version: bfc7753dd48af19513b29deec23c364bf0f274eb
- name: github.com/docker/libkv
  version: 35d3e2084c650109e7bcc7282655b1bc8ba924ff
  subpackages:
  - store
  - store/boltdb
  - store/consul
  - store/etcd
  - store/zookeeper
- name: github.com/donovanhide/eventsource
  version: fd1de70867126402be23c306e1ce32828455d85b
- name: github.com/eapache/channels
  version: 47238d5aae8c0fefd518ef2bee46290909cf8263
- name: github.com/eapache/queue
  version: 44cc805cf13205b55f69e14bcb69867d1ae92f98
- name: github.com/edeckers/auroradnsclient
  version: 8b777c170cfd377aa16bb4368f093017dddef3f9
  subpackages:
  - records
  - requests
  - requests/errors
  - tokens
  - zones
- name: github.com/elazarl/go-bindata-assetfs
  version: 57eb5e1fc594ad4b0b1dbea7b286d299e0cb43c2
- name: github.com/emicklei/go-restful
  version: 892402ba11a2e2fd5e1295dd633481f27365f14d
  subpackages:
  - log
  - swagger
- name: github.com/gambol99/go-marathon
  version: 6b00a5b651b1beb2c6821863f7c60df490bd46c8
- name: github.com/ghodss/yaml
  version: 73d445a93680fa1a78ae23a5839bad48f32ba1ee
- name: github.com/go-ini/ini
  version: 6f66b0e091edb3c7b380f7c4f0f884274d550b67
- name: github.com/go-kit/kit
  version: f66b0e13579bfc5a48b9e2a94b1209c107ea1f41
  subpackages:
  - metrics
  - metrics/internal/lv
  - metrics/prometheus
- name: github.com/go-openapi/jsonpointer
  version: 46af16f9f7b149af66e5d1bd010e3574dc06de98
- name: github.com/go-openapi/jsonreference
  version: 13c6e3589ad90f49bd3e3bbe2c2cb3d7a4142272
- name: github.com/go-openapi/spec
  version: 6aced65f8501fe1217321abf0749d354824ba2ff
- name: github.com/go-openapi/swag
  version: 1d0bd113de87027671077d3c71eb3ac5d7dbba72
- name: github.com/gogo/protobuf
  version: 909568be09de550ed094403c2bf8a261b5bb730a
  subpackages:
  - proto
  - sortkeys
- name: github.com/golang/glog
  version: fca8c8854093a154ff1eb580aae10276ad6b1b5f
- name: github.com/golang/protobuf
  version: 5677a0e3d5e89854c9974e1256839ee23f8233ca
  subpackages:
  - proto
- name: github.com/google/go-github
  version: c8ebe3a4d7f0791a6315b7410353d4084c58805d
  subpackages:
  - github
- name: github.com/google/go-querystring
  version: 9235644dd9e52eeae6fa48efd539fdc351a0af53
  subpackages:
  - query
- name: github.com/google/gofuzz
  version: bbcb9da2d746f8bdbd6a936686a0a6067ada0ec5
- name: github.com/googleapis/gax-go
  version: 9af46dd5a1713e8b5cd71106287eba3cefdde50b
- name: github.com/gorilla/context
  version: 1ea25387ff6f684839d82767c1733ff4d4d15d0a
- name: github.com/gorilla/websocket
  version: 4873052237e4eeda85cf50c071ef33836fe8e139
- name: github.com/hashicorp/consul
  version: fce7d75609a04eeb9d4bf41c8dc592aac18fc97d
  subpackages:
  - api
- name: github.com/hashicorp/go-cleanhttp
  version: 875fb671b3ddc66f8e2f0acc33829c8cb989a38d
- name: github.com/hashicorp/go-version
  version: e96d3840402619007766590ecea8dd7af1292276
- name: github.com/hashicorp/serf
  version: 6c4672d66fc6312ddde18399262943e21175d831
  subpackages:
  - coordinate
  - serf
- name: github.com/JamesClonk/vultr
  version: 9ec0427d51411407c0402b093a1771cb75af9679
  subpackages:
  - lib
- name: github.com/jmespath/go-jmespath
  version: bd40a432e4c76585ef6b72d3fd96fb9b6dc7b68d
- name: github.com/jonboulle/clockwork
  version: 72f9bd7c4e0c2a40055ab3d0f09654f730cce982
- name: github.com/juju/ratelimit
  version: 77ed1c8a01217656d2080ad51981f6e99adaa177
- name: github.com/mailgun/timetools
  version: fd192d755b00c968d312d23f521eb0cdc6f66bd0
- name: github.com/mailru/easyjson
  version: d5b7844b561a7bc640052f1b935f7b800330d7e0
  subpackages:
  - buffer
  - jlexer
  - jwriter
- name: github.com/mattn/go-shellwords
  version: 525bedee691b5a8df547cb5cf9f86b7fb1883e24
- name: github.com/matttproud/golang_protobuf_extensions
  version: fc2b8d3a73c4867e51861bbdd5ae3c1f0869dd6a
  subpackages:
  - pbutil
- name: github.com/mesos/mesos-go
  version: 068d5470506e3780189fe607af40892814197c5e
  subpackages:
  - detector
  - detector/zoo
  - mesos
  - mesosproto
  - mesosutil
  - upid
- name: github.com/mesosphere/mesos-dns
  version: b47dc4c19f215e98da687b15b4c64e70f629bea5
  repo: https://github.com/containous/mesos-dns.git
  vcs: git
  subpackages:
  - detect
  - errorutil
  - logging
  - models
  - records
  - records/labels
  - records/state
  - util
- name: github.com/Microsoft/go-winio
  version: ce2922f643c8fd76b46cadc7f404a06282678b34
- name: github.com/miekg/dns
  version: 8060d9f51305bbe024b99679454e62f552cd0b0b
- name: github.com/mitchellh/mapstructure
  version: f3009df150dadf309fdee4a54ed65c124afad715
- name: github.com/mvdan/xurls
  version: fa08908f19eca8c491d68c6bd8b4b44faea6daf8
- name: github.com/NYTimes/gziphandler
  version: 6710af535839f57c687b62c4c23d649f9545d885
- name: github.com/ogier/pflag
  version: 45c278ab3607870051a2ea9040bb85fcb8557481
- name: github.com/opencontainers/runc
  version: 1a81e9ab1f138c091fe5c86d0883f87716088527
  subpackages:
  - libcontainer/user
- name: github.com/ovh/go-ovh
  version: a8a4c0bc40e56322142649bda7b2b4bb15145b6e
  subpackages:
  - ovh
- name: github.com/pborman/uuid
  version: ca53cad383cad2479bbba7f7a1a05797ec1386e4
- name: github.com/pkg/errors
  version: bfd5150e4e41705ded2129ec33379de1cb90b513
- name: github.com/pmezard/go-difflib
  version: d8ed2627bdf02c080bf22230dbb337003b7aba2d
  subpackages:
  - difflib
- name: github.com/prometheus/client_golang
  version: c5b7fccd204277076155f10851dad72b76a49317
  subpackages:
  - prometheus
  - prometheus/promhttp
- name: github.com/prometheus/client_model
  version: fa8ad6fec33561be4280a8f0514318c79d7f6cb6
  subpackages:
  - go
- name: github.com/prometheus/common
  version: ffe929a3f4c4faeaa10f2b9535c2b1be3ad15650
  subpackages:
  - expfmt
  - model
- name: github.com/prometheus/procfs
  version: 454a56f35412459b5e684fd5ec0f9211b94f002a
- name: github.com/PuerkitoBio/purell
  version: 8a290539e2e8629dbc4e6bad948158f790ec31f4
- name: github.com/PuerkitoBio/urlesc
  version: 5bd2802263f21d8788851d5305584c82a5c75d7e
- name: github.com/pyr/egoscale
  version: ab4b0d7ff424c462da486aef27f354cdeb29a319
  subpackages:
  - src/egoscale
- name: github.com/rancher/go-rancher
  version: 2c43ff300f3eafcbd7d0b89b10427fc630efdc1e
  subpackages:
  - client
- name: github.com/ryanuber/go-glob
  version: 572520ed46dbddaed19ea3d9541bdd0494163693
- name: github.com/samuel/go-zookeeper
  version: e64db453f3512cade908163702045e0f31137843
  subpackages:
  - zk
- name: github.com/satori/go.uuid
  version: 879c5887cd475cd7864858769793b2ceb0d44feb
- name: github.com/Sirupsen/logrus
  version: a283a10442df8dc09befd873fab202bf8a253d6a
- name: github.com/spf13/pflag
  version: 5ccb023bc27df288a957c5e994cd44fd19619465
- name: github.com/streamrail/concurrent-map
  version: 65a174a3a4188c0b7099acbc6cfa0c53628d3287
- name: github.com/stretchr/objx
  version: cbeaeb16a013161a98496fad62933b1d21786672
- name: github.com/stretchr/testify
  version: 69483b4bd14f5845b5a1e55bca19e954e827f1d0
  subpackages:
  - assert
  - mock
- name: github.com/thoas/stats
  version: 152b5d051953fdb6e45f14b6826962aadc032324
- name: github.com/timewasted/linode
  version: 37e84520dcf74488f67654f9c775b9752c232dc1
  subpackages:
  - dns
- name: github.com/tv42/zbase32
  version: 03389da7e0bf9844767f82690f4d68fc097a1306
- name: github.com/ugorji/go
  version: ea9cd21fa0bc41ee4bdd50ac7ed8cbc7ea2ed960
  subpackages:
  - codec
- name: github.com/unrolled/render
  version: 198ad4d8b8a4612176b804ca10555b222a086b40
- name: github.com/vdemeester/docker-events
  version: be74d4929ec1ad118df54349fda4b0cba60f849b
- name: github.com/vulcand/oxy
  version: fcc76b52eb8568540a020b7a99e854d9d752b364
  repo: https://github.com/containous/oxy.git
  vcs: git
  subpackages:
  - cbreaker
  - connlimit
  - forward
  - memmetrics
  - roundrobin
  - stream
  - utils
- name: github.com/vulcand/predicate
  version: 19b9dde14240d94c804ae5736ad0e1de10bf8fe6
- name: github.com/vulcand/route
  version: cb89d787ddbb1c5849a7ac9f79004c1fd12a4a32
- name: github.com/vulcand/vulcand
  version: 42492a3a85e294bdbdd1bcabb8c12769a81ea284
  subpackages:
  - conntracker
  - plugin
  - plugin/rewrite
  - router
- name: github.com/xenolf/lego
  version: 5dfe609afb1ebe9da97c9846d97a55415e5a5ccd
  subpackages:
  - acme
  - providers/dns
  - providers/dns/auroradns
  - providers/dns/azure
  - providers/dns/cloudflare
  - providers/dns/digitalocean
  - providers/dns/dnsimple
  - providers/dns/dnsmadeeasy
  - providers/dns/dnspod
  - providers/dns/dyn
  - providers/dns/exoscale
  - providers/dns/gandi
  - providers/dns/googlecloud
  - providers/dns/linode
  - providers/dns/namecheap
  - providers/dns/ns1
  - providers/dns/ovh
  - providers/dns/pdns
  - providers/dns/rackspace
  - providers/dns/rfc2136
  - providers/dns/route53
  - providers/dns/vultr
- name: golang.org/x/crypto
  version: 4ed45ec682102c643324fae5dff8dab085b6c300
  subpackages:
  - bcrypt
  - blowfish
  - ocsp
- name: golang.org/x/net
  version: 242b6b35177ec3909636b6cf6a47e8c2c6324b5d
  subpackages:
  - context
  - context/ctxhttp
  - http2
  - http2/hpack
  - idna
  - internal/timeseries
  - lex/httplex
  - proxy
  - publicsuffix
  - trace
- name: golang.org/x/oauth2
  version: 7fdf09982454086d5570c7db3e11f360194830ca
  subpackages:
  - google
  - internal
  - jws
  - jwt
- name: golang.org/x/sys
  version: eb2c74142fd19a79b3f237334c7384d5167b1b46
  subpackages:
  - unix
  - windows
- name: golang.org/x/text
  version: 2910a502d2bf9e43193af9d68ca516529614eed3
  subpackages:
  - cases
  - internal/tag
  - language
  - runes
  - secure/bidirule
  - secure/precis
  - transform
  - unicode/bidi
  - unicode/norm
  - width
- name: google.golang.org/api
  version: 9bf6e6e569ff057f75d9604a46c52928f17d2b54
  subpackages:
  - dns/v1
  - gensupport
  - googleapi
  - googleapi/internal/uritemplates
- name: google.golang.org/appengine
  version: 4f7eeb5305a4ba1966344836ba4af9996b7b4e05
  subpackages:
  - internal
  - internal/app_identity
  - internal/base
  - internal/datastore
  - internal/log
  - internal/modules
  - internal/remote_api
  - internal/urlfetch
  - urlfetch
- name: google.golang.org/grpc
  version: cdee119ee21e61eef7093a41ba148fa83585e143
  subpackages:
  - codes
  - credentials
  - grpclog
  - internal
  - keepalive
  - metadata
  - naming
  - peer
  - stats
  - tap
  - transport
- name: gopkg.in/fsnotify.v1
  version: a8a77c9133d2d6fd8334f3260d06f60e8d80a5fb
- name: gopkg.in/inf.v0
  version: 3887ee99ecf07df5b447e9b00d9c0b2adaa9f3e4
- name: gopkg.in/ini.v1
  version: 6f66b0e091edb3c7b380f7c4f0f884274d550b67
- name: gopkg.in/mgo.v2
  version: 29cc868a5ca65f401ff318143f9408d02f4799cc
  subpackages:
  - bson
- name: gopkg.in/ns1/ns1-go.v2
  version: d8d10b7f448291ddbdce48d4594fb1b667014c8b
  subpackages:
  - rest
  - rest/model/account
  - rest/model/data
  - rest/model/dns
  - rest/model/filter
  - rest/model/monitor
- name: gopkg.in/square/go-jose.v1
  version: e3f973b66b91445ec816dd7411ad1b6495a5a2fc
  subpackages:
  - cipher
  - json
- name: gopkg.in/yaml.v2
  version: 53feefa2559fb8dfa8d81baad31be332c97d6c77
- name: k8s.io/client-go
  version: e121606b0d09b2e1c467183ee46217fa85a6b672
  subpackages:
  - discovery
  - kubernetes
  - kubernetes/typed/apps/v1beta1
  - kubernetes/typed/authentication/v1beta1
  - kubernetes/typed/authorization/v1beta1
  - kubernetes/typed/autoscaling/v1
  - kubernetes/typed/batch/v1
  - kubernetes/typed/batch/v2alpha1
  - kubernetes/typed/certificates/v1alpha1
  - kubernetes/typed/core/v1
  - kubernetes/typed/extensions/v1beta1
  - kubernetes/typed/policy/v1beta1
  - kubernetes/typed/rbac/v1alpha1
  - kubernetes/typed/storage/v1beta1
  - pkg/api
  - pkg/api/errors
  - pkg/api/install
  - pkg/api/meta
  - pkg/api/meta/metatypes
  - pkg/api/resource
  - pkg/api/unversioned
  - pkg/api/v1
  - pkg/api/validation/path
  - pkg/apimachinery
  - pkg/apimachinery/announced
  - pkg/apimachinery/registered
  - pkg/apis/apps
  - pkg/apis/apps/install
  - pkg/apis/apps/v1beta1
  - pkg/apis/authentication
  - pkg/apis/authentication/install
  - pkg/apis/authentication/v1beta1
  - pkg/apis/authorization
  - pkg/apis/authorization/install
  - pkg/apis/authorization/v1beta1
  - pkg/apis/autoscaling
  - pkg/apis/autoscaling/install
  - pkg/apis/autoscaling/v1
  - pkg/apis/batch
  - pkg/apis/batch/install
  - pkg/apis/batch/v1
  - pkg/apis/batch/v2alpha1
  - pkg/apis/certificates
  - pkg/apis/certificates/install
  - pkg/apis/certificates/v1alpha1
  - pkg/apis/extensions
  - pkg/apis/extensions/install
  - pkg/apis/extensions/v1beta1
  - pkg/apis/policy
  - pkg/apis/policy/install
  - pkg/apis/policy/v1beta1
  - pkg/apis/rbac
  - pkg/apis/rbac/install
  - pkg/apis/rbac/v1alpha1
  - pkg/apis/storage
  - pkg/apis/storage/install
  - pkg/apis/storage/v1beta1
  - pkg/auth/user
  - pkg/conversion
  - pkg/conversion/queryparams
  - pkg/fields
  - pkg/genericapiserver/openapi/common
  - pkg/labels
  - pkg/runtime
  - pkg/runtime/serializer
  - pkg/runtime/serializer/json
  - pkg/runtime/serializer/protobuf
  - pkg/runtime/serializer/recognizer
  - pkg/runtime/serializer/streaming
  - pkg/runtime/serializer/versioning
  - pkg/selection
  - pkg/third_party/forked/golang/reflect
  - pkg/third_party/forked/golang/template
  - pkg/types
  - pkg/util
  - pkg/util/cert
  - pkg/util/clock
  - pkg/util/diff
  - pkg/util/errors
  - pkg/util/flowcontrol
  - pkg/util/framer
  - pkg/util/integer
  - pkg/util/intstr
  - pkg/util/json
  - pkg/util/jsonpath
  - pkg/util/labels
  - pkg/util/net
  - pkg/util/parsers
  - pkg/util/rand
  - pkg/util/runtime
  - pkg/util/sets
  - pkg/util/uuid
  - pkg/util/validation
  - pkg/util/validation/field
  - pkg/util/wait
  - pkg/util/yaml
  - pkg/version
  - pkg/watch
  - pkg/watch/versioned
  - plugin/pkg/client/auth
  - plugin/pkg/client/auth/gcp
  - plugin/pkg/client/auth/oidc
  - rest
  - tools/cache
  - tools/clientcmd/api
  - tools/metrics
  - transport
testImports: []
