cloud.google.com/go v0.22.0 h1:0EEHAS0kkUNp6nk9TBtkTfOIeVbakgyBFWth5RqDuk0=
cloud.google.com/go v0.22.0/go.mod h1:aQUYkXzVsufM+DwF1aE+0xfcU+56JwCaLick0ClmMTw=
github.com/Azure/azure-sdk-for-go v15.0.1+incompatible h1:xPbGZuiVBKW5YrxJRZHWN5xFVsldgAU09tXcmVPCcD4=
github.com/Azure/azure-sdk-for-go v15.0.1+incompatible/go.mod h1:9XXNKU+eRnpl9moKnB4QOLf1HestfXbmab5FXxiDBjc=
github.com/Azure/go-ansiterm v0.0.0-20170929234023-d6e3b3328b78 h1:w+iIsaOQNcT7OZ575w+acHgRric5iCyQh+xv+KJ4HB8=
github.com/Azure/go-ansiterm v0.0.0-20170929234023-d6e3b3328b78/go.mod h1:LmzpDX56iTiv29bbRTIsUNlaFfuhWRQBWjQdVyAevI8=
github.com/Azure/go-autorest v10.6.0+incompatible h1:3EwqN3vJ2uBbdy8yYF9wUOVULtoeqghwyPY1MaliBWo=
github.com/Azure/go-autorest v10.6.0+incompatible/go.mod h1:r+4oMnoxhatjLLJ6zxSWATqVooLgysK6ZNox3g/xq24=
github.com/BurntSushi/toml v0.0.0-20170626110600-a368813c5e64 h1:BuYewlQyh/jroxY8qx41SrzD8Go17GkyCyAeVmprvQI=
github.com/BurntSushi/toml v0.0.0-20170626110600-a368813c5e64/go.mod h1:xHWCNGjB5oqiDr8zfno3MHue2Ht5sIBksp03qcyfWMU=
github.com/JamesClonk/vultr v0.0.0-20170808195439-2fd0705ce648 h1:6hca2MUK8vePUqCYR6AYEdPp5DN4lyoJCMDOothtrds=
github.com/JamesClonk/vultr v0.0.0-20170808195439-2fd0705ce648/go.mod h1:k9Jhe7M4bxsOOTMtsXQ0Hj7R7vw0FW4Q4jVJrPis9a8=
github.com/Masterminds/goutils v1.1.0 h1:zukEsf/1JZwCMgHiK3GZftabmxiCw4apj3a28RPBiVg=
github.com/Masterminds/goutils v1.1.0/go.mod h1:8cTjp+g8YejhMuvIA5y2vz3BpJxksy863GQaJW2MFNU=
github.com/Masterminds/semver v1.2.2 h1:ptelpryog9A0pR4TGFvIAvw2c8SaNrYkFtfrxhSviss=
github.com/Masterminds/semver v1.2.2/go.mod h1:MB6lktGJrhw8PrUyiEoblNEGEQ+RzHPF078ddwwvV3Y=
github.com/Masterminds/sprig v0.0.0-20190301161902-9f8fceff796f h1:lGvI8+dm9Y/Qr6BfsbmjAz3iC3iq9+vUQLSKCDROE6s=
github.com/Masterminds/sprig v0.0.0-20190301161902-9f8fceff796f/go.mod h1:y6hNFY5UBTIWBxnzTeuNhlNS5hqE0NB0E6fgfo2Br3o=
github.com/Microsoft/go-winio v0.4.2 h1:ZJbCAgklAxf91aYmsiUHS7dIGCqw+EjpOg/oq/Groaw=
github.com/Microsoft/go-winio v0.4.2/go.mod h1:VhR8bwka0BXejwEJY73c50VrPtXAaKcyvVC4A4RozmA=
github.com/NYTimes/gziphandler v0.0.0-20180125165240-289a3b81f5ae h1:wwJ+IRgMBau0lvtcpBePc2kv+EcrGB4PM/S/s7Vj7hY=
github.com/NYTimes/gziphandler v0.0.0-20180125165240-289a3b81f5ae/go.mod h1:3wb06e3pkSAbeQ52E9H9iFoQsEEwGN64994WTCIhntQ=
github.com/Nvveen/Gotty v0.0.0-20170406111628-a8b993ba6abd h1:zxGnnE1K701Osh7fbn1bvr8DIts63ihxk3ppwvGkLyA=
github.com/Nvveen/Gotty v0.0.0-20170406111628-a8b993ba6abd/go.mod h1:lmUJ/7eu/Q8D7ML55dXQrVaamCz2vxCfdQBasLZfHKk=
github.com/OpenDNS/vegadns2client v0.0.0-20180418235048-a3fa4a771d87 h1:xPMsUicZ3iosVPSIP7bW5EcGUzjiiMl1OYTe14y/R24=
github.com/OpenDNS/vegadns2client v0.0.0-20180418235048-a3fa4a771d87/go.mod h1:iGLljf5n9GjT6kc0HBvyI1nOKnGQbNB66VzSNbK5iks=
github.com/Shopify/sarama v0.0.0-20171006170208-70f6a705d4a1 h1:1Ci78ioOGvrgI/PRQdWBDywZyLtvLl3Exrpw5Cdx2y4=
github.com/Shopify/sarama v0.0.0-20171006170208-70f6a705d4a1/go.mod h1:FVkBWblsNy7DGZRfXLU0O9RCGt5g3g3yEuWXgklEdEo=
github.com/Shopify/toxiproxy v2.1.4+incompatible h1:TKdv8HiTLgE5wdJuEML90aBgNWsokNbMijUGhmcoBJc=
github.com/Shopify/toxiproxy v2.1.4+incompatible/go.mod h1:OXgGpZ6Cli1/URJOF1DMxUHB2q5Ap20/P/eIdh4G0pI=
github.com/VividCortex/gohistogram v1.0.0 h1:6+hBz+qvs0JOrrNhhmR7lFxo5sINxBCGXrdtl/UvroE=
github.com/VividCortex/gohistogram v1.0.0/go.mod h1:Pf5mBqqDxYaXu3hDrrU+w6nw50o/4+TcAqDqk/vUH7g=
github.com/abbot/go-http-auth v0.4.0 h1:QjmvZ5gSC7jm3Zg54DqWE/T5m1t2AfDu6QlXJT0EVT0=
github.com/abbot/go-http-auth v0.4.0/go.mod h1:Cz6ARTIzApMJDzh5bRMSUou6UMSp0IEXg9km/ci7TJM=
github.com/abronan/valkeyrie v0.0.0-20171113095143-063d875e3c5f h1:HTH6xC5RMbjwE+u9TqCXmVZT+1wLq/mwWKIS0QJ0t3w=
github.com/abronan/valkeyrie v0.0.0-20171113095143-063d875e3c5f/go.mod h1:oqs1pp6MTXt4fov7I9OsfvD+jn4n9Q74Yt/oRGMakDM=
github.com/akamai/AkamaiOPEN-edgegrid-golang v0.7.3 h1:dykhpMRJv9SJt7zyG5whKRiirHLckuDFN1hVUj7+oW0=
github.com/akamai/AkamaiOPEN-edgegrid-golang v0.7.3/go.mod h1:eXWHAoXwqXM7CFZpE8zdz9OVRk4G8BCR1mDwYvIyFsA=
github.com/aliyun/alibaba-cloud-sdk-go v0.0.0-20180828111155-cad214d7d71f h1:hinXH9rcBjRoIih5tl4f1BCbNjOmPJ2UnZwcYDhEHR0=
github.com/aliyun/alibaba-cloud-sdk-go v0.0.0-20180828111155-cad214d7d71f/go.mod h1:T9M45xf79ahXVelWoOBmH0y4aC1t5kXO5BxwyakgIGA=
github.com/apache/thrift v0.12.0 h1:pODnxUFNcjP9UTLZGTdeh+j16A8lJbRvD3rOtrk/7bs=
github.com/apache/thrift v0.12.0/go.mod h1:cp2SuWMxlEZw2r+iP2GNCdIi4C1qmUzdZFSVb+bacwQ=
github.com/armon/go-proxyproto v0.0.0-20170620220930-48572f11356f h1:5FTBPzFrJqeKm10UPWvw8qU8/CLrS0OAX87PyGkycIc=
github.com/armon/go-proxyproto v0.0.0-20170620220930-48572f11356f/go.mod h1:QmP9hvJ91BbJmGVGSbutW19IC0Q9phDCLGaomwTJbgU=
github.com/aws/aws-sdk-go v1.13.54 h1:myPvM7uaugP6Lh/goyJ1RbJumcz0IgVdIOpMIznOtyI=
github.com/aws/aws-sdk-go v1.13.54/go.mod h1:ZRmQr0FajVIyZ4ZzBYKG5P3ZqPz9IHG41ZoMu1ADI3k=
github.com/beorn7/perks v0.0.0-20160804104726-4c0e84591b9a h1:BtpsbiV638WQZwhA98cEZw2BsbnQJrbd0BI7tsy0W1c=
github.com/beorn7/perks v0.0.0-20160804104726-4c0e84591b9a/go.mod h1:Dwedo/Wpr24TaqPxmxbtue+5NUziq4I4S80YR8gNf3Q=
github.com/cenkalti/backoff v2.1.1+incompatible h1:tKJnvO2kl0zmb/jA5UKAt4VoEVw1qxKWjE/Bpp46npY=
github.com/cenkalti/backoff v2.1.1+incompatible/go.mod h1:90ReRw6GdpyfrHakVjL/QHaoyV4aDUVVkXQJJJ3NXXM=
github.com/cloudflare/cloudflare-go v0.8.5 h1:k1iz+H2jIL8OnS+bGhNQ6GPldi7VCo2tuWmfQ4kMiDI=
github.com/cloudflare/cloudflare-go v0.8.5/go.mod h1:8KhU6K+zHUEWOSU++mEQYf7D9UZOcQcibUoSm6vCUz4=
github.com/codahale/hdrhistogram v0.0.0-20161010025455-3a0bb77429bd h1:qMd81Ts1T2OTKmB4acZcyKaMtRnY5Y44NuXGX2GFJ1w=
github.com/codahale/hdrhistogram v0.0.0-20161010025455-3a0bb77429bd/go.mod h1:sE/e/2PUdi/liOCUjSTXgM1o87ZssimdTWN964YiIeI=
github.com/codegangsta/negroni v1.0.0 h1:+aYywywx4bnKXWvoWtRfJ91vC59NbEhEY03sZjQhbVY=
github.com/codegangsta/negroni v1.0.0/go.mod h1:v0y3T5G7Y1UlFfyxFn/QLRU4a2EuNau2iZY63YTKWo0=
github.com/containerd/continuity v0.0.0-20171215195539-b2b946a77f59 h1:PP8ffsrKAQ6u4Yq63J+g5HJTeka1tgsmaGMZuHzXm1g=
github.com/containerd/continuity v0.0.0-20171215195539-b2b946a77f59/go.mod h1:GL3xCUCBDV3CZiTSEKksMWbLE66hEyuu9qyDOOqM47Y=
github.com/containous/alice v0.0.0-20181107144136-d83ebdd94cbd h1:0n+lFLh5zU0l6KSk3KpnDwfbPGAR44aRLgTbCnhRBHU=
github.com/containous/alice v0.0.0-20181107144136-d83ebdd94cbd/go.mod h1:BbQgeDS5i0tNvypwEoF1oNjOJw8knRAE1DnVvjDstcQ=
github.com/containous/flaeg v1.4.1 h1:VTouP7EF2JeowNvknpP3fJAJLUDsQ1lDHq/QQTQc1xc=
github.com/containous/flaeg v1.4.1/go.mod h1:wgw6PDtRURXHKFFV6HOqQxWhUc3k3Hmq22jw+n2qDro=
github.com/containous/mux v0.0.0-20181024131434-c33f32e26898 h1:1srn9voikJGofblBhWy3WuZWqo14Ou7NaswNG/I2yWc=
github.com/containous/mux v0.0.0-20181024131434-c33f32e26898/go.mod h1:z8WW7n06n8/1xF9Jl9WmuDeZuHAhfL+bwarNjsciwwg=
github.com/containous/staert v3.1.2+incompatible h1:jgi4ndHADhTJLgEDny3VRsAytMYKNeSUw8QRAxpLCn4=
github.com/containous/staert v3.1.2+incompatible/go.mod h1:LtjlnVpIrL+koUgIAwMBPcH2071WmoS6bor2vDSAwVE=
github.com/coreos/go-systemd v0.0.0-20161114122254-48702e0da86b h1:+mtZ0WjVZwTX0RVrXMXDwuYVaNeHGvWBW1UwJeMR+2M=
github.com/coreos/go-systemd v0.0.0-20161114122254-48702e0da86b/go.mod h1:F5haX7vjVVG0kc13fIWeqUViNPyEJxv/OmvnBo0Yme4=
github.com/cpu/goacmedns v0.0.0-20180701200144-565ecf2a84df h1:jgozwE/yDKNdM4QjlS1OOp4QEWKof/9xeWrEVo2iQCg=
github.com/cpu/goacmedns v0.0.0-20180701200144-565ecf2a84df/go.mod h1:sesf/pNnCYwUevQEQfEwY0Y3DydlQWSGZbaMElOWxok=
github.com/davecgh/go-spew v1.1.1 h1:vj9j/u1bqnvCEfJOwUhtlOARqs3+rkHYY13jYWTU97c=
github.com/davecgh/go-spew v1.1.1/go.mod h1:J7Y8YcW2NihsgmVo/mv3lAwl/skON4iLHjSsI+c5H38=
github.com/decker502/dnspod-go v0.0.0-20170601020032-f33a2c6040fc h1:Yt1NN/5ZFtaXmDyMD/jCClqPqX0/jAnBqWACMMl0LR4=
github.com/decker502/dnspod-go v0.0.0-20170601020032-f33a2c6040fc/go.mod h1:1xTEhqHsJ0UdTJTGBagkADAOwd/7ulfYdlQwJcqdSHs=
github.com/dgrijalva/jwt-go v3.2.0+incompatible h1:7qlOGliEKZXTDg6OTjfoBKDXWrumCAMpl/TFQ4/5kLM=
github.com/dgrijalva/jwt-go v3.2.0+incompatible/go.mod h1:E3ru+11k8xSBh+hMPgOLZmtrrCbhqsmaPHjLKYnJCaQ=
github.com/dimchansky/utfbom v1.1.0 h1:FcM3g+nofKgUteL8dm/UpdRXNC9KmADgTpLKsu0TRo4=
github.com/dimchansky/utfbom v1.1.0/go.mod h1:rO41eb7gLfo8SF1jd9F8HplJm1Fewwi4mQvIirEdv+8=
github.com/dnaeon/go-vcr v1.0.1 h1:r8L/HqC0Hje5AXMu1ooW8oyQyOFv4GxqpL0nRP7SLLY=
github.com/dnaeon/go-vcr v1.0.1/go.mod h1:aBB1+wY4s93YsC3HHjMBMrwTj2R9FHDzUr9KyGc8n1E=
github.com/dnsimple/dnsimple-go v0.21.0 h1:y86XiLbpPEUSRfS4Z+Xzb/E+OEppFPyP2fZvVDNXgI8=
github.com/dnsimple/dnsimple-go v0.21.0/go.mod h1:0FYu4qVNv/UcfZPNwa9zi68IkggJu3TIwM54D7rhmI4=
github.com/docker/cli v0.0.0-20171130163956-6b63d7b96a41 h1:DYDgiaF+NHJwFRPBk6D5VUR3TY89aw02hcCcBSUUerc=
github.com/docker/cli v0.0.0-20171130163956-6b63d7b96a41/go.mod h1:JLrzqnKDaYBop7H2jaqPtU4hHvMKP+vjCwu2uszcLI8=
github.com/docker/distribution v0.0.0-20170726174610-edc3ab29cdff h1:FKH02LHYqSmeWd3GBh0KIkM8JBpw3RrShgtcWShdWJg=
github.com/docker/distribution v0.0.0-20170726174610-edc3ab29cdff/go.mod h1:J2gT2udsDAN96Uj4KfcMRqY0/ypR+oyYUYmja8H+y+w=
github.com/docker/docker v0.0.0-20171023200535-7848b8beb9d3 h1:EVdfrzOhgGwYz/l0c52j97khuNSZTk4J0q3HHri/aUc=
github.com/docker/docker v0.0.0-20171023200535-7848b8beb9d3/go.mod h1:eEKB0N0r5NX/I1kEveEz05bcu8tLC/8azJZsviup8Sk=
github.com/docker/docker-credential-helpers v0.6.0 h1:5bhDRLn1roGiNjz8IezRngHxMfoeaXGyr0BeMHq4rD8=
github.com/docker/docker-credential-helpers v0.6.0/go.mod h1:WRaJzqw3CTB9bk10avuGsjVBZsD05qeibJ1/TYlvc0Y=
github.com/docker/go-connections v0.3.0 h1:3lOnM9cSzgGwx8VfK/NGOW5fLQ0GjIlCkaktF+n1M6o=
github.com/docker/go-connections v0.3.0/go.mod h1:Gbd7IOopHjR8Iph03tsViu4nIes5XhDvyHbTtUxmeec=
github.com/docker/go-units v0.0.0-20170127094116-9e638d38cf69 h1:N4WAsrRIb+4U1yIwJO3FMrLnrr61ael894nygpViQTU=
github.com/docker/go-units v0.0.0-20170127094116-9e638d38cf69/go.mod h1:fgPhTUdO+D/Jk86RDLlptpiXQzgHJF7gydDDbaIK4Dk=
github.com/docker/libcompose v0.0.0-20171025083809-57bd716502dc h1:cl2DJTx0+Xr1bCtn0ES6LpiU01oAMgyYu8R1YFR7iqo=
github.com/docker/libcompose v0.0.0-20171025083809-57bd716502dc/go.mod h1:EyqDS+Iyca0hS44T7qIMTeO1EOYWWWNOGpufHu9R8cs=
github.com/docker/libtrust v0.0.0-20160708172513-aabc10ec26b7 h1:UhxFibDNY/bfvqU5CAUmr9zpesgbU6SWc8/B4mflAE4=
github.com/docker/libtrust v0.0.0-20160708172513-aabc10ec26b7/go.mod h1:cyGadeNEkKy96OOhEzfZl+yxihPEzKnqJwvfuSUqbZE=
github.com/donovanhide/eventsource v0.0.0-20170630084216-b8f31a59085e h1:rMOGp6HPeMHbdLrZkX2nD+94uqDunc27tXVuS+ey4mQ=
github.com/donovanhide/eventsource v0.0.0-20170630084216-b8f31a59085e/go.mod h1:56wL82FO0bfMU5RvfXoIwSOP2ggqqxT+tAfNEIyxuHw=
github.com/eapache/channels v1.1.0 h1:F1taHcn7/F0i8DYqKXJnyhJcVpp2kgFcNePxXtnyu4k=
github.com/eapache/channels v1.1.0/go.mod h1:jMm2qB5Ubtg9zLd+inMZd2/NUvXgzmWXsDaLyQIGfH0=
github.com/eapache/go-resiliency v0.0.0-20170607163615-b1fe83b5b03f h1:pwA/Ls6hORIp/jIzrOEtHQ6UN0bc/bnf01R+0N6dMmM=
github.com/eapache/go-resiliency v0.0.0-20170607163615-b1fe83b5b03f/go.mod h1:kFI+JgMyC7bLPUVY133qvEBtVayf5mFgVsvEsIPBvNs=
github.com/eapache/go-xerial-snappy v0.0.0-20160609142408-bb955e01b934 h1:oGLoaVIefp3tiOgi7+KInR/nNPvEpPM6GFo+El7fd14=
github.com/eapache/go-xerial-snappy v0.0.0-20160609142408-bb955e01b934/go.mod h1:+020luEh2TKB4/GOp8oxxtq0Daoen/Cii55CzbTV6DU=
github.com/eapache/queue v1.1.0 h1:YOEu7KNc61ntiQlcEeUIoDTJ2o8mQznoNvUhiigpIqc=
github.com/eapache/queue v1.1.0/go.mod h1:6eCeP0CKFpHLu8blIFXhExK/dRa7WDZfr6jVFPTqq+I=
github.com/eknkc/amber v0.0.0-20171010120322-cdade1c07385 h1:clC1lXBpe2kTj2VHdaIu9ajZQe4kcEY9j0NsnDDBZ3o=
github.com/eknkc/amber v0.0.0-20171010120322-cdade1c07385/go.mod h1:0vRUJqYpeSZifjYj7uP3BG/gKcuzL9xWVV/Y+cK33KM=
github.com/elazarl/go-bindata-assetfs v1.0.0 h1:G/bYguwHIzWq9ZoyUQqrjTmJbbYn3j3CKKpKinvZLFk=
github.com/elazarl/go-bindata-assetfs v1.0.0/go.mod h1:v+YaWX3bdea5J/mo8dSETolEo7R71Vk1u8bnjau5yw4=
github.com/exoscale/egoscale v0.14.3 h1:e5NJdsJ54TMrHDOJBDr1TAWTgM6QQkrfvjRp/MoC5hg=
github.com/exoscale/egoscale v0.14.3/go.mod h1:SHSox0l8ud/I8Q6joR7Oj96DFer0mdo1cQzb7dmZgro=
github.com/fatih/structs v1.1.0 h1:Q7juDM0QtcnhCpeyLGQKyg4TOIghuNXrkL32pHAUMxo=
github.com/fatih/structs v1.1.0/go.mod h1:9NiDSp5zOcgEDl+j00MP/WkGVPOlPRLejGD8Ga6PJ7M=
github.com/felixge/httpsnoop v1.0.0 h1:gh8fMGz0rlOv/1WmRZm7OgncIOTsAj21iNJot48omJQ=
github.com/felixge/httpsnoop v1.0.0/go.mod h1:3+D9sFq0ahK/JeJPhCBUV1xlf4/eIYrUQaxulT0VzX8=
github.com/flynn/go-shlex v0.0.0-20150515145356-3f9db97f8568 h1:BHsljHzVlRcyQhjrss6TZTdY2VfCqZPbv5k3iBFa2ZQ=
github.com/flynn/go-shlex v0.0.0-20150515145356-3f9db97f8568/go.mod h1:xEzjJPgXI435gkrCt3MPfRiAkVrwSbHsst4LCFVfpJc=
github.com/fsnotify/fsnotify v1.4.7 h1:IXs+QLmnXW2CcXuY+8Mzv/fWEsPGWxqefPtCP5CnV9I=
github.com/fsnotify/fsnotify v1.4.7/go.mod h1:jwhsz4b93w/PPRr/qN1Yymfu8t87LnFCMoQvtojpjFo=
github.com/gambol99/go-marathon v0.0.0-20180614232016-99a156b96fb2 h1:df6OFl8WNXk82xxP3R9ZPZ5seOA8XZkwLdbEzZF1/xI=
github.com/gambol99/go-marathon v0.0.0-20180614232016-99a156b96fb2/go.mod h1:GLyXJD41gBO/NPKVPGQbhyyC06eugGy15QEZyUkE2/s=
github.com/ghodss/yaml v0.0.0-20150909031657-73d445a93680 h1:ZktWZesgun21uEDrwW7iEV1zPCGQldM2atlJZ3TdvVM=
github.com/ghodss/yaml v0.0.0-20150909031657-73d445a93680/go.mod h1:4dBDuWmgqj2HViK6kFavaiC9ZROes6MMH2rRYeMEF04=
github.com/go-acme/lego v2.4.0+incompatible h1:+BTLUfLtDc5qQauyiTCXH6lupEUOCvXyGlEjdeU0YQI=
github.com/go-acme/lego v2.4.0+incompatible/go.mod h1:yzMNe9CasVUhkquNvti5nAtPmG94USbYxYrZfTkIn0M=
github.com/go-check/check v0.0.0-20180628173108-788fd7840127 h1:0gkP6mzaMqkmpcJYCFOLkIBwI7xFExG03bbkOkCvUPI=
github.com/go-check/check v0.0.0-20180628173108-788fd7840127/go.mod h1:9ES+weclKsC9YodN5RgxqK/VD9HM9JsCSh7rNhMZE98=
github.com/go-ini/ini v1.41.0 h1:526aoxDtxRHFQKMZfcX2OG9oOI8TJ5yPLM0Mkno/uTY=
github.com/go-ini/ini v1.41.0/go.mod h1:ByCAeIL28uOIIG0E3PJtZPDL8WnHpFKFOtgjp+3Ies8=
github.com/go-kit/kit v0.7.0 h1:ApufNmWF1H6/wUbAG81hZOHmqwd0zRf8mNfLjYj/064=
github.com/go-kit/kit v0.7.0/go.mod h1:xBxKIO96dXMWWy0MnWVtmwkA9/13aqxPnvrjFYMA2as=
github.com/go-logfmt/logfmt v0.3.0 h1:8HUsc87TaSWLKwrnumgC8/YconD2fJQsRJAsWaPg2ic=
github.com/go-logfmt/logfmt v0.3.0/go.mod h1:Qt1PoO58o5twSAckw1HlFXLmHsOX5/0LbT9GBnD5lWE=
github.com/go-stack/stack v1.5.4 h1:ACUuwAbOuCKT3mK+Az9UrqaSheA8lDWOfm0+ZT62NHY=
github.com/go-stack/stack v1.5.4/go.mod h1:v0f6uXyyMGvRgIKkXu+yp6POWl0qKG85gN/melR3HDY=
github.com/gogo/protobuf v0.0.0-20160824171236-909568be09de h1:x3lgSUinmYEHGtVGWoHjPdpa4pV+svd2rMhELi2jKzM=
github.com/gogo/protobuf v0.0.0-20160824171236-909568be09de/go.mod h1:r8qH/GZQm5c6nD/R0oafs1akxWv10x8SbQlK7atdtwQ=
github.com/golang/glog v0.0.0-20141105023935-44145f04b68c h1:CbdkBQ1/PiAo0FYJhQGwASD8wrgNvTdf01g6+O9tNuA=
github.com/golang/glog v0.0.0-20141105023935-44145f04b68c/go.mod h1:SBH7ygxi8pfUlaOkMMuAQtPIUF8ecWP5IEl/CR7VP2Q=
github.com/golang/groupcache v0.0.0-20190129154638-5b532d6fd5ef h1:veQD95Isof8w9/WXiA+pa3tz3fJXkt5B7QaRBrM62gk=
github.com/golang/groupcache v0.0.0-20190129154638-5b532d6fd5ef/go.mod h1:cIg4eruTrX1D+g88fzRXU5OdNfaM+9IcxsU14FzY7Hc=
github.com/golang/protobuf v1.2.0 h1:P3YflyNX/ehuJFLhxviNdFxQPkGK5cDcApsge1SqnvM=
github.com/golang/protobuf v1.2.0/go.mod h1:6lQm79b+lXiMfvg/cZm0SGofjICqVBUtrP5yJMmIC1U=
github.com/golang/snappy v0.0.0-20170215233205-553a64147049 h1:K9KHZbXKpGydfDN0aZrsoHpLJlZsBrGMFWbgLDGnPZk=
github.com/golang/snappy v0.0.0-20170215233205-553a64147049/go.mod h1:/XxbfmMg8lxefKM7IXC3fBNl/7bRcc72aCRzEWrmP2Q=
github.com/google/btree v0.0.0-20180124185431-e89373fe6b4a h1:ZJu5NB1Bk5ms4vw0Xu4i+jD32SE9jQXyfnOvwhHqlT0=
github.com/google/btree v0.0.0-20180124185431-e89373fe6b4a/go.mod h1:lNA+9X1NB3Zf8V7Ke586lFgjr2dZNuvo3lPJSGZ5JPQ=
github.com/google/go-cmp v0.2.0 h1:+dTQ8DZQJz0Mb/HjFlkptS1FeQ4cWSnN941F8aEG4SQ=
github.com/google/go-cmp v0.2.0/go.mod h1:oXzfMopK8JAjlY9xF4vHSVASa0yLyX7SntLO5aqRK0M=
github.com/google/go-github v0.0.0-20170705160824-fe7d11f8add4 h1:x5aaOmpCmFLfZ34Pn95OEUytYZTlm3vjyIk43mlEQNA=
github.com/google/go-github v0.0.0-20170705160824-fe7d11f8add4/go.mod h1:zLgOLi98H3fifZn+44m+umXrS52loVEgC2AApnigrVQ=
github.com/google/go-querystring v0.0.0-20170111101155-53e6ce116135 h1:zLTLjkaOFEFIOxY5BWLFLwh+cL8vOBW4XJ2aqLE/Tf0=
github.com/google/go-querystring v0.0.0-20170111101155-53e6ce116135/go.mod h1:odCYkC5MyYFN7vkCjXpyrEuKhc/BUO6wN/zVPAxq5ck=
github.com/google/gofuzz v0.0.0-20150304233714-bbcb9da2d746 h1:M6d2zDTA4cKXT6OwFsJxlo5tWrAukj3KfvJ1zcBatnA=
github.com/google/gofuzz v0.0.0-20150304233714-bbcb9da2d746/go.mod h1:HP5RmnzzSNb993RKQDq4+1A4ia9nllfqcQFTQJedwGI=
github.com/google/uuid v0.0.0-20161128191214-064e2069ce9c h1:jWtZjFEUE/Bz0IeIhqCnyZ3HG6KRXSntXe4SjtuTH7c=
github.com/google/uuid v0.0.0-20161128191214-064e2069ce9c/go.mod h1:TIyPZe4MgqvfeYDBFedMoGGpEw/LqOeaOT+nhxU+yHo=
github.com/googleapis/gnostic v0.1.0 h1:rVsPeBmXbYv4If/cumu1AzZPwV58q433hvONV1UEZoI=
github.com/googleapis/gnostic v0.1.0/go.mod h1:sJBsCZ4ayReDTBIg8b9dl28c5xFWyhBTVRp3pOg5EKY=
github.com/gophercloud/gophercloud v0.0.0-20190212181753-892256c46858 h1:QBK4YvYPJGsghVtVJcEZcQ70UNGFnWUCjtv2NTcEFHA=
github.com/gophercloud/gophercloud v0.0.0-20190212181753-892256c46858/go.mod h1:vxM41WHh5uqHVBMZHzuwNOHh8XEoIEcSTewFxm1c5g8=
github.com/gopherjs/gopherjs v0.0.0-20181017120253-0766667cb4d1 h1:EGx4pi6eqNxGaHF6qqu48+N2wcFQ5qg5FXgOdqsJ5d8=
github.com/gopherjs/gopherjs v0.0.0-20181017120253-0766667cb4d1/go.mod h1:wJfORRmW1u3UXTncJ5qlYoELFm8eSnnEO6hX4iZ3EWY=
github.com/gorilla/context v0.0.0-20141217160251-215affda49ad h1:wJwKN6X6iRRVnjdBgrkWjhBOvYm7yw5boqXwFUnBtbE=
github.com/gorilla/context v0.0.0-20141217160251-215affda49ad/go.mod h1:kBGZzfjB9CEq2AlWe17Uuf7NDRt0dE0s8S51q0aT7Yg=
github.com/gorilla/mux v0.0.0-20140926153814-e444e69cbd2e h1:nH09qCdJVZxw0nRVfm14xjXkw2puLyLPN56n4u+vTC0=
github.com/gorilla/mux v0.0.0-20140926153814-e444e69cbd2e/go.mod h1:1lud6UwP+6orDFRuTfBEV8e9/aOM/c4fVVCaMa2zaAs=
github.com/gorilla/websocket v1.4.0 h1:WDFjx/TMzVgy9VdMMQi2K2Emtwi2QcUQsztZ/zLaH/Q=
github.com/gorilla/websocket v1.4.0/go.mod h1:E7qHFY5m1UJ88s3WnNqhKjPHQ0heANvMoAMk2YaljkQ=
github.com/gotestyourself/gotestyourself v2.2.0+incompatible h1:AQwinXlbQR2HvPjQZOmDhRqsv5mZf+Jb1RnSLxcqZcI=
github.com/gotestyourself/gotestyourself v2.2.0+incompatible/go.mod h1:zZKM6oeNM8k+FRljX1mnzVYeS8wiGgQyvST1/GafPbY=
github.com/gravitational/trace v0.0.0-20171118015604-0bd13642feb8 h1:beahEEOlfVHRfa7JFDl3oetCjvCga+p7iU+5RN81evY=
github.com/gravitational/trace v0.0.0-20171118015604-0bd13642feb8/go.mod h1:RvdOUHE4SHqR3oXlFFKnGzms8a5dugHygGw1bqDstYI=
github.com/gregjones/httpcache v0.0.0-20171119193500-2bcd89a1743f h1:kOkUP6rcVVqC+KlKKENKtgfFfJyDySYhqL9srXooghY=
github.com/gregjones/httpcache v0.0.0-20171119193500-2bcd89a1743f/go.mod h1:FecbI9+v66THATjSRHfNgh1IVFe/9kFxbXtjV0ctIMA=
github.com/h2non/parth v0.0.0-20190131123155-b4df798d6542 h1:2VTzZjLZBgl62/EtslCrtky5vbi9dd7HrQPQIx6wqiw=
github.com/h2non/parth v0.0.0-20190131123155-b4df798d6542/go.mod h1:Ow0tF8D4Kplbc8s8sSb3V2oUCygFHVp8gC3Dn6U4MNI=
github.com/hashicorp/go-version v0.0.0-20170202080759-03c5bf6be031 h1:c3Xdf5fTpk+hqhxqCO+ymqjfUXV9+GZqNgTtlnVzDos=
github.com/hashicorp/go-version v0.0.0-20170202080759-03c5bf6be031/go.mod h1:fltr4n8CU8Ke44wwGCBoEymUuxUHl09ZGVZPK5anwXA=
github.com/hashicorp/golang-lru v0.0.0-20180201235237-0fb14efe8c47 h1:UnszMmmmm5vLwWzDjTFVIkfhvWF1NdrmChl8L2NUDCw=
github.com/hashicorp/golang-lru v0.0.0-20180201235237-0fb14efe8c47/go.mod h1:/m3WP610KZHVQ1SGc6re/UDhFvYD7pJ4Ao+sR/qLZy8=
github.com/hpcloud/tail v1.0.0 h1:nfCOvKYfkgYP8hkirhJocXT2+zOD8yUNjXaWfTlyFKI=
github.com/hpcloud/tail v1.0.0/go.mod h1:ab1qPbhIpdTxEkNHXyeSf5vhxWSCs/tWer42PpOxQnU=
github.com/huandu/xstrings v1.2.0 h1:yPeWdRnmynF7p+lLYz0H2tthW9lqhMJrQV/U7yy4wX0=
github.com/huandu/xstrings v1.2.0/go.mod h1:DvyZB1rfVYsBIigL8HwpZgxHwXozlTgGqn63UyNX5k4=
github.com/iij/doapi v0.0.0-20180911005243-8803795a9b7b h1:FggChB6PC8OugG7sAlG2oueeXlljdNDQTpVdOYxHDQo=
github.com/iij/doapi v0.0.0-20180911005243-8803795a9b7b/go.mod h1:QMZY7/J/KSQEhKWFeDesPjMj+wCHReeknARU3wqlyN4=
github.com/imdario/mergo v0.0.0-20171009183408-7fe0c75c13ab h1:k/Biv+LJL35wkk0Hveko1nj7as4tSHkHdZaNlzn/gcQ=
github.com/imdario/mergo v0.0.0-20171009183408-7fe0c75c13ab/go.mod h1:2EnlNZ0deacrJVfApfmtdGgDfMuh/nq6Ok1EcJh5FfA=
github.com/influxdata/influxdb v1.3.7 h1:CU7Ks9h4KZnoatC8Y+U4Xldw+CVbw6OoXquapsn0Liw=
github.com/influxdata/influxdb v1.3.7/go.mod h1:qZna6X/4elxqT3yI9iZYdZrWWdeFOOprn86kgg4+IzY=
github.com/instana/go-sensor v0.0.0-20180725091122-493edb422283 h1:B3OPVJ4WsUUiW43zV+OUuh81p8Ju/ebRgK2KEd8/izQ=
github.com/instana/go-sensor v0.0.0-20180725091122-493edb422283/go.mod h1:P1ynE0u78bUBZ2GkWewRpAO1/w1oW9CKDozeueH6QSg=
github.com/instana/golang-sensor v1.4.15 h1:c1+Zcm7XXR2BWwFGlHvXInldoJt6Y1NVQinv9gaZ7n0=
github.com/instana/golang-sensor v1.4.15/go.mod h1:ZyC19HCVK0u4cTg7K2p1FE5Wwoj/rz5MtoEKw8Pf9LA=
github.com/jmespath/go-jmespath v0.0.0-20160202185014-0b12d6b521d8 h1:12VvqtR6Aowv3l/EQUlocDHW2Cp4G9WJVH7uyH8QFJE=
github.com/jmespath/go-jmespath v0.0.0-20160202185014-0b12d6b521d8/go.mod h1:Nht3zPeWKUH0NzdCt2Blrr5ys8VGpn0CEB0cQHVjt7k=
github.com/jonboulle/clockwork v0.0.0-20141017032234-72f9bd7c4e0c h1:XpRROA6ssPlTwJI8/pH+61uieOkcJhmAFz25cu0B94Y=
github.com/jonboulle/clockwork v0.0.0-20141017032234-72f9bd7c4e0c/go.mod h1:Ii8DK3G1RaLaWxj9trq07+26W01tbo22gdxWY5EU2bo=
github.com/json-iterator/go v1.1.6 h1:MrUvLMLTMxbqFJ9kzlvat/rYZqZnW3u4wkLzWTaFwKs=
github.com/json-iterator/go v1.1.6/go.mod h1:+SdeFBvtyEkXs7REEP0seUULqWtbJapLOCVDaaPEHmU=
github.com/jtolds/gls v4.20.0+incompatible h1:xdiiI2gbIgH/gLH7ADydsJ1uDOEzR8yvV7C0MuV77Wo=
github.com/jtolds/gls v4.20.0+incompatible/go.mod h1:QJZ7F/aHp+rZTRtaJ1ow/lLfFfVYBRgL+9YlvaHOwJU=
github.com/juju/ratelimit v1.0.1 h1:+7AIFJVQ0EQgq/K9+0Krm7m530Du7tIz0METWzN0RgY=
github.com/juju/ratelimit v1.0.1/go.mod h1:qapgC/Gy+xNh9UxzV13HGGl/6UXNN+ct+vwSgWNm/qk=
github.com/kolo/xmlrpc v0.0.0-20181023172212-16bdd962781d h1:Ai2G9HFG0t5IlYCvaJeLM7vT5TDGKhmZ8kIXolUrvy0=
github.com/kolo/xmlrpc v0.0.0-20181023172212-16bdd962781d/go.mod h1:o03bZfuBwAXHetKXuInt4S7omeXUu62/A845kiycsSQ=
github.com/konsorten/go-windows-terminal-sequences v1.0.1 h1:mweAR1A6xJ3oS2pRaGiHgQ4OO8tzTaLawm8vnODuwDk=
github.com/konsorten/go-windows-terminal-sequences v1.0.1/go.mod h1:T0+1ngSBFLxvqU3pZ+m/2kptfBszLMUkC4ZK/EgS/cQ=
github.com/kr/logfmt v0.0.0-20140226030751-b84e30acd515 h1:T+h1c/A9Gawja4Y9mFVWj2vyii2bbUNDw3kt9VxK2EY=
github.com/kr/logfmt v0.0.0-20140226030751-b84e30acd515/go.mod h1:+0opPa2QZZtGFBFZlji/RkVcI2GknAs/DXo4wKdlNEc=
github.com/kr/pretty v0.1.0 h1:L/CwN0zerZDmRFUapSPitk6f+Q3+0za1rQkzVuMiMFI=
github.com/kr/pretty v0.1.0/go.mod h1:dAy3ld7l9f0ibDNOQOHHMYYIIbhfbHSm3C4ZsoJORNo=
github.com/kr/pty v1.1.1/go.mod h1:pFQYn66WHrOpPYNljwOMqo10TkYh1fy3cYio2l3bCsQ=
github.com/kr/text v0.1.0 h1:45sCR5RtlFHMR4UwH9sdQ5TC8v0qDQCHnXt+kaKSTVE=
github.com/kr/text v0.1.0/go.mod h1:4Jbv+DJW3UT/LiOwJeYQe1efqtUx/iVham/4vfdArNI=
github.com/libkermit/compose v0.0.0-20171122111507-c04e39c026ad h1:nTyRWZ864mnHUnusBCVA628AZFgfGHwRUpbHqGhRQr8=
github.com/libkermit/compose v0.0.0-20171122111507-c04e39c026ad/go.mod h1:GyCk/ifDcqsU1tsRMMWqXANnTtxzcwEWscb7j5qmblM=
github.com/libkermit/docker v0.0.0-20171122101128-e6674d32b807 h1:/7J1WDQd6Xn1Pr8KtE2I/7/cKw66AV3hBUOyxqyXo84=
github.com/libkermit/docker v0.0.0-20171122101128-e6674d32b807/go.mod h1:std11u6pTaNwryy0Hy1dTQNdHKka1jNpflEieKtv5VE=
github.com/libkermit/docker-check v0.0.0-20171122104347-1113af38e591 h1:+zkZyvOyHZZUnITx0oJxAG/2+YLOjmy8YMMa1aWyrs4=
github.com/libkermit/docker-check v0.0.0-20171122104347-1113af38e591/go.mod h1:EBQ0jeOrBpOTkquwjmJl4W6z5xqlf5oA2LZfTqRNcO0=
github.com/linode/linodego v0.5.1 h1:+og7RxUzWdaR3EvjQ+j9Qjgrq33U6y+Ve/t0RgCcYQM=
github.com/linode/linodego v0.5.1/go.mod h1:ga11n3ivecUrPCHN0rANxKmfWBJVkOXfLMZinAbj2sY=
github.com/looplab/fsm v0.1.0 h1:Qte7Zdn/5hBNbXzP7yxVU4OIFHWXBovyTT2LaBTyC20=
github.com/looplab/fsm v0.1.0/go.mod h1:m2VaOfDHxqXBBMgc26m6yUOwkFn8H2AlJDE+jd/uafI=
github.com/mailgun/minheap v0.0.0-20131208021033-7c28d80e2ada h1:jrB0F/eCTAgMonU9xeuyj3poqZW6C14MA0NXLuoNdaE=
github.com/mailgun/minheap v0.0.0-20131208021033-7c28d80e2ada/go.mod h1:V3EvCedtJTvUYzJF2GZMRB0JMlai+6cBu3VCTQz33GQ=
github.com/mailgun/multibuf v0.0.0-20150714184110-565402cd71fb h1:m2FGM8K2LC9Zyt/7zbQNn5Uvf/YV7vFWKtoMcC7hHU8=
github.com/mailgun/multibuf v0.0.0-20150714184110-565402cd71fb/go.mod h1:E0vRBBIQUHcRtmL/oR6w/jehh4FJqJFxe86gBnw9gXc=
github.com/mailgun/timetools v0.0.0-20141028012446-7e6055773c51 h1:Kg/NPZLLC3aAFr1YToMs98dbCdhootQ1hZIvZU28hAQ=
github.com/mailgun/timetools v0.0.0-20141028012446-7e6055773c51/go.mod h1:RYmqHbhWwIz3z9eVmQ2rx82rulEMG0t+Q1bzfc9DYN4=
github.com/mailgun/ttlmap v0.0.0-20170619185759-c1c17f74874f h1:ZZYhg16XocqSKPGNQAe0aeweNtFxuedbwwb4fSlg7h4=
github.com/mailgun/ttlmap v0.0.0-20170619185759-c1c17f74874f/go.mod h1:8heskWJ5c0v5J9WH89ADhyal1DOZcayll8fSbhB+/9A=
github.com/matttproud/golang_protobuf_extensions v1.0.1 h1:4hp9jkHxhMHkqkrB3Ix0jegS5sx/RkqARlsWZ6pIwiU=
github.com/matttproud/golang_protobuf_extensions v1.0.1/go.mod h1:D8He9yQNgCq6Z5Ld7szi9bcBfOoFv/3dc6xSMkL2PC0=
github.com/miekg/dns v1.1.1 h1:DVkblRdiScEnEr0LR9nTnEQqHYycjkXW9bOjd+2EL2o=
github.com/miekg/dns v1.1.1/go.mod h1:W1PPwlIAgtquWBMBEV9nkV9Cazfe8ScdGz/Lj7v3Nrg=
github.com/mitchellh/copystructure v0.0.0-20170525013902-d23ffcb85de3 h1:dECZqiJYhKdj9QlLpiQaRDXHDXRTdiyZI3owdDGhlYY=
github.com/mitchellh/copystructure v0.0.0-20170525013902-d23ffcb85de3/go.mod h1:eOsF2yLPlBBJPvD+nhl5QMTBSOBbOph6N7j/IDUw7PY=
github.com/mitchellh/go-homedir v0.0.0-20161203194507-b8bc1bf76747 h1:eQox4Rh4ewJF+mqYPxCkmBAirRnPaHEB26UkNuPyjlk=
github.com/mitchellh/go-homedir v0.0.0-20161203194507-b8bc1bf76747/go.mod h1:SfyaCUpYCn1Vlf4IUYiD9fPX4A5wJrkLzIz1N1q0pr0=
github.com/mitchellh/hashstructure v0.0.0-20170609045927-2bca23e0e452 h1:hOY53G+kBFhbYFpRVxHl5eS7laP6B1+Cq+Z9Dry1iMU=
github.com/mitchellh/hashstructure v0.0.0-20170609045927-2bca23e0e452/go.mod h1:QjSHrPWS+BGUVBYkbTZWEnOh3G1DutKwClXU/ABz6AQ=
github.com/mitchellh/mapstructure v1.1.2 h1:fmNYVwqnSfB9mZU6OS2O6GsXM+wcskZDuKQzvN1EDeE=
github.com/mitchellh/mapstructure v1.1.2/go.mod h1:FVVH3fgwuzCH5S8UJGiWEs2h04kUh9fWfEaFds41c1Y=
github.com/mitchellh/reflectwalk v0.0.0-20170726202117-63d60e9d0dbc h1:gqYjvctjtX4GHzgfutJxZpvZ7XhGwQLGR5BASwhpO2o=
github.com/mitchellh/reflectwalk v0.0.0-20170726202117-63d60e9d0dbc/go.mod h1:mSTlrgnPZtwu0c4WaC2kGObEpuNDbx0jmZXqmk4esnw=
github.com/modern-go/concurrent v0.0.0-20180306012644-bacd9c7ef1dd h1:TRLaZ9cD/w8PVh93nsPXa1VrQ6jlwL5oN8l14QlcNfg=
github.com/modern-go/concurrent v0.0.0-20180306012644-bacd9c7ef1dd/go.mod h1:6dJC0mAP4ikYIbvyc7fijjWJddQyLn8Ig3JB5CqoB9Q=
github.com/modern-go/reflect2 v0.0.0-20180701023420-4b7aa43c6742 h1:Esafd1046DLDQ0W1YjYsBW+p8U2u7vzgW2SQVmlNazg=
github.com/modern-go/reflect2 v0.0.0-20180701023420-4b7aa43c6742/go.mod h1:bx2lNnkwVCuqBIxFjflWJWanXIb3RllmbCylyMrvgv0=
github.com/mvdan/xurls v0.0.0-20170309204242-db96455566f0 h1:1Y02kVDfrv/0s1240QxTY5E1Tuzs6dgjbAsZDyZG8Rw=
github.com/mvdan/xurls v0.0.0-20170309204242-db96455566f0/go.mod h1:tQlNn3BED8bE/15hnSL2HLkDeLWpNPAwtw7wkEq44oU=
github.com/namedotcom/go v0.0.0-20180403034216-08470befbe04 h1:o6uBwrhM5C8Ll3MAAxrQxRHEu7FkapwTuI2WmL1rw4g=
github.com/namedotcom/go v0.0.0-20180403034216-08470befbe04/go.mod h1:5sN+Lt1CaY4wsPvgQH/jsuJi4XO2ssZbdsIizr4CVC8=
github.com/nbio/st v0.0.0-20140626010706-e9e8d9816f32 h1:W6apQkHrMkS0Muv8G/TipAy/FJl/rCYT0+EuS8+Z0z4=
github.com/nbio/st v0.0.0-20140626010706-e9e8d9816f32/go.mod h1:9wM+0iRr9ahx58uYLpLIr5fm8diHn0JbqRycJi6w0Ms=
github.com/nrdcg/auroradns v1.0.0 h1:b+NpSqNG6HzMqX2ohGQe4Q/G0WQq8pduWCiZ19vdLY8=
github.com/nrdcg/auroradns v1.0.0/go.mod h1:6JPXKzIRzZzMqtTDgueIhTi6rFf1QvYE/HzqidhOhjw=
github.com/nrdcg/goinwx v0.6.0 h1:vO4ieYy/YeYq08G9acSaoUvd+5NGpD4pzpyZMS3Hw7o=
github.com/nrdcg/goinwx v0.6.0/go.mod h1:Yr0foJtWXDn72OqtUeJ7OUo2GkF4cJE9QGX5tfBeBaA=
github.com/ogier/pflag v0.0.0-20160129220114-45c278ab3607 h1:db+rES1EpSjP45xOU3hgS41oawQiZzqfnl6dUgBdFjY=
github.com/ogier/pflag v0.0.0-20160129220114-45c278ab3607/go.mod h1:zkFki7tvTa0tafRvTBIZTvzYyAu6kQhPZFnshFFPE+g=
github.com/onsi/ginkgo v1.6.0/go.mod h1:lLunBs/Ym6LB5Z9jYTR76FiuTmxDTDusOGeTQH+WWjE=
github.com/onsi/ginkgo v1.8.0 h1:VkHVNpR4iVnU8XQR6DBm8BqYjN7CRzw+xKUbVVbbW9w=
github.com/onsi/ginkgo v1.8.0/go.mod h1:lLunBs/Ym6LB5Z9jYTR76FiuTmxDTDusOGeTQH+WWjE=
github.com/onsi/gomega v1.5.0 h1:izbySO9zDPmjJ8rDjLvkA2zJHIo+HkYXHnf7eN7SSyo=
github.com/onsi/gomega v1.5.0/go.mod h1:ex+gbHU/CVuBBDIJjb2X0qEXbFg53c61hWP/1CpauHY=
github.com/opencontainers/go-digest v0.0.0-20170106003457-a6d0ee40d420 h1:Yu3681ykYHDfLoI6XVjL4JWmkE+3TX9yfIWwRCh1kFM=
github.com/opencontainers/go-digest v0.0.0-20170106003457-a6d0ee40d420/go.mod h1:cMLVZDEM3+U2I4VmLI6N8jQYUd2OVphdqWwCJHrFt2s=
github.com/opencontainers/image-spec v0.0.0-20170515205857-f03dbe35d449 h1:Aq8iG72akPb/kszE7ksZ5ldV+JYPYii/KZOxlpJF07s=
github.com/opencontainers/image-spec v0.0.0-20170515205857-f03dbe35d449/go.mod h1:BtxoFyWECRxE4U/7sNtV5W15zMzWCbyJoFRP3s7yZA0=
github.com/opencontainers/runc v0.0.0-20170425215914-b6b70e534517 h1:z+9H112KvS58EmkaEPhijCCZU8nond8Tv1Gy3lYpF38=
github.com/opencontainers/runc v0.0.0-20170425215914-b6b70e534517/go.mod h1:qT5XzbpPznkRYVz/mWwUaVBUv2rmF59PVA73FjuZG0U=
github.com/opencontainers/selinux v1.2.2 h1:Kx9J6eDG5/24A6DtUquGSpJQ+m2MUTahn4FtGEe8bFg=
github.com/opencontainers/selinux v1.2.2/go.mod h1:+BLncwf63G4dgOzykXAxcmnFlUaOlkDdmw/CqsW6pjs=
github.com/opentracing-contrib/go-observer v0.0.0-20170622124052-a52f23424492 h1:lM6RxxfUMrYL/f8bWEUqdXrANWtrL7Nndbm9iFN0DlU=
github.com/opentracing-contrib/go-observer v0.0.0-20170622124052-a52f23424492/go.mod h1:Ngi6UdF0k5OKD5t5wlmGhe/EDKPoUM3BXZSSfIuJbis=
github.com/opentracing/basictracer-go v1.0.0 h1:YyUAhaEfjoWXclZVJ9sGoNct7j4TVk7lZWlQw5UXuoo=
github.com/opentracing/basictracer-go v1.0.0/go.mod h1:QfBfYuafItcjQuMwinw9GhYKwFXS9KnPs5lxoYwgW74=
github.com/opentracing/opentracing-go v1.1.0 h1:pWlfV3Bxv7k65HYwkikxat0+s3pV4bsqf19k25Ur8rU=
github.com/opentracing/opentracing-go v1.1.0/go.mod h1:UkNAQd3GIcIGf0SeVgPpRdFStlNbqXla1AfSYxPUl2o=
github.com/openzipkin-contrib/zipkin-go-opentracing v0.3.5 h1:82Tnq9OJpn+h5xgGpss5/mOv3KXdjtkdorFSOUusjM8=
github.com/openzipkin-contrib/zipkin-go-opentracing v0.3.5/go.mod h1:uVHyebswE1cCXr2A73cRM2frx5ld1RJUCJkFNZ90ZiI=
github.com/oracle/oci-go-sdk v4.2.0+incompatible h1:83VoWE2eoZYMCgNTP5tlAW1C/LMTkNa68fp3pMOP+bM=
github.com/oracle/oci-go-sdk v4.2.0+incompatible/go.mod h1:VQb79nF8Z2cwLkLS35ukwStZIg5F66tcBccjip/j888=
github.com/ovh/go-ovh v0.0.0-20180508093936-91b7eb631d2e h1:jgAf0fCqSb0LoQwudhu6R+cGzul+sVbySKBGgbCXNs8=
github.com/ovh/go-ovh v0.0.0-20180508093936-91b7eb631d2e/go.mod h1:joRatxRJaZBsY3JAOEMcoOp05CnZzsx4scTxi95DHyQ=
github.com/patrickmn/go-cache v2.1.0+incompatible h1:HRMgzkcYKYpi3C8ajMPV8OFXaaRUnok+kx1WdO15EQc=
github.com/patrickmn/go-cache v2.1.0+incompatible/go.mod h1:3Qf8kWWT7OJRJbdiICTKqZju1ZixQ/KpMGzzAfe6+WQ=
github.com/peterbourgon/diskv v2.0.1+incompatible h1:UBdAOUP5p4RWqPBg048CAvpKN+vxiaj6gdUUzhl4XmI=
github.com/peterbourgon/diskv v2.0.1+incompatible/go.mod h1:uqqh8zWWbv1HBMNONnaR/tNboyR3/BZd58JJSHlUSCU=
github.com/philhofer/fwd v1.0.0 h1:UbZqGr5Y38ApvM/V/jEljVxwocdweyH+vmYvRPBnbqQ=
github.com/philhofer/fwd v1.0.0/go.mod h1:gk3iGcWd9+svBvR0sR+KPcfE+RNWozjowpeBVG3ZVNU=
github.com/pierrec/lz4 v1.0.1 h1:w6GMGWSsCI04fTM8wQRdnW74MuJISakuUU0onU0TYB4=
github.com/pierrec/lz4 v1.0.1/go.mod h1:pdkljMzZIN41W+lC3N2tnIh5sFi+IEE17M5jbnwPHcY=
github.com/pierrec/xxHash v0.0.0-20170714082455-a0006b13c722 h1:nDDVHJzMIpkkKZpBBhV60OLwII/BvZSn4PijkMEKdTo=
github.com/pierrec/xxHash v0.0.0-20170714082455-a0006b13c722/go.mod h1:w2waW5Zoa/Wc4Yqe0wgrIYAGKqRMf7czn2HNKXmuL+I=
github.com/pkg/errors v0.0.0-20170505043639-c605e284fe17 h1:chPfVn+gpAM5CTpTyVU9j8J+xgRGwmoDlNDLjKnJiYo=
github.com/pkg/errors v0.0.0-20170505043639-c605e284fe17/go.mod h1:bwawxfHBFNV+L2hUp1rHADufV3IMtnDRdf1r5NINEl0=
github.com/pmezard/go-difflib v1.0.0 h1:4DBwDE0NGyQoBHbLQYPwSUPoCMWR5BEzIk/f1lZbAQM=
github.com/pmezard/go-difflib v1.0.0/go.mod h1:iKH77koFhYxTK1pcRnkKkqfTogsbg7gZNVY4sRDYZ/4=
github.com/prometheus/client_golang v0.0.0-20170401103446-08fd2e12372a h1:KrNlamnVtXrFgk2DiG8NEKHJUinvBdyU08/ia0gsTOY=
github.com/prometheus/client_golang v0.0.0-20170401103446-08fd2e12372a/go.mod h1:7SWBe2y4D6OKWSNQJUaRYU/AaXPKyh/dDVn+NZz0KFw=
github.com/prometheus/client_model v0.0.0-20170216185247-6f3806018612 h1:13pIdM2tpaDi4OVe24fgoIS7ZTqMt0QI+bwQsX5hq+g=
github.com/prometheus/client_model v0.0.0-20170216185247-6f3806018612/go.mod h1:MbSGuTsp3dbXC40dX6PRTWyKYBIrTGTE9sqQNg2J8bo=
github.com/prometheus/common v0.0.0-20170220103846-49fee292b27b h1:nure2StBXEgV+CtAOZSggLGJ7bfuSfvuitPnwEQSKWQ=
github.com/prometheus/common v0.0.0-20170220103846-49fee292b27b/go.mod h1:daVV7qP5qjZbuso7PdcryaAu0sAZbrN9i7WWcTMWvro=
github.com/prometheus/procfs v0.0.0-20170216223256-a1dba9ce8bae h1:nbLP9B5vU3a/0hOXzolmZHxr2SQ2MEu6vhZappUZY9c=
github.com/prometheus/procfs v0.0.0-20170216223256-a1dba9ce8bae/go.mod h1:c3At6R/oaqEKCNdg8wHV1ftS6bRYblBhIjjI8uT2IGk=
github.com/rcrowley/go-metrics v0.0.0-20161128210544-1f30fe9094a5 h1:gwcdIpH6NU2iF8CmcqD+CP6+1CkRBOhHaPR+iu6raBY=
github.com/rcrowley/go-metrics v0.0.0-20161128210544-1f30fe9094a5/go.mod h1:bCqnVzQkZxMG4s8nGwiZ5l3QUCyqpo9Y+/ZMZ9VjZe4=
github.com/ryanuber/go-glob v0.0.0-20170128012129-256dc444b735 h1:7YvPJVmEeFHR1Tj9sZEYsmarJEQfMVYpd/Vyy/A8dqE=
github.com/ryanuber/go-glob v0.0.0-20170128012129-256dc444b735/go.mod h1:807d1WSdnB0XRJzKNil9Om6lcp/3a0v4qIHxIXzX/Yc=
github.com/sacloud/libsacloud v0.0.0-20180629093048-306ea89b6ef1 h1:cHZA0CH456fxLpD0GOhwVcGiM3l9PkFECJQsvZ11JCo=
github.com/sacloud/libsacloud v0.0.0-20180629093048-306ea89b6ef1/go.mod h1:38KOZgoTGJ4VsMlNlF7Bh3xLGQNpNLNzNJsdtYAqwgo=
github.com/satori/go.uuid v1.2.0 h1:0uYX9dsZ2yD7q2RtLRtPSdGDWzjeM3TbMJP9utgA0ww=
github.com/satori/go.uuid v1.2.0/go.mod h1:dA0hQrYB0VpLJoorglMZABFdXlWrHn1NEOzdhQKdks0=
github.com/sirupsen/logrus v1.4.1 h1:GL2rEmy6nsikmW0r8opw9JIRScdMF5hA8cOYLH7In1k=
github.com/sirupsen/logrus v1.4.1/go.mod h1:ni0Sbl8bgC9z8RoU9G6nDWqqs/fq4eDPysMBDgk/93Q=
github.com/smartystreets/assertions v0.0.0-20180927180507-b2de0cb4f26d h1:zE9ykElWQ6/NYmHa3jpm/yHnI4xSofP+UP6SpjHcSeM=
github.com/smartystreets/assertions v0.0.0-20180927180507-b2de0cb4f26d/go.mod h1:OnSkiWE9lh6wB0YB77sQom3nweQdgAjqCqsofrRNTgc=
github.com/smartystreets/goconvey v0.0.0-20190330032615-68dc04aab96a h1:pa8hGb/2YqsZKovtsgrwcDH1RZhVbTKCjLp47XpqCDs=
github.com/smartystreets/goconvey v0.0.0-20190330032615-68dc04aab96a/go.mod h1:syvi0/a8iFYH4r/RixwvyeAJjdLS9QV7WQ/tjFTllLA=
github.com/spf13/pflag v1.0.3 h1:zPAT6CGy6wXeQ7NtTnaTerfKOsV6V6F8agHXFiazDkg=
github.com/spf13/pflag v1.0.3/go.mod h1:DYY7MBk1bdzusC3SYhjObp+wFpr4gzcvqqNjLnInEg4=
github.com/stretchr/objx v0.1.1 h1:2vfRuCMp5sSVIDSqO8oNnWJq7mPa6KVP3iPIwFBuy8A=
github.com/stretchr/objx v0.1.1/go.mod h1:HFkY916IF+rwdDfMAkV7OtwuqBVzrE8GR6GFx+wExME=
github.com/stretchr/testify v1.2.2 h1:bSDNvY7ZPG5RlJ8otE/7V6gMiyenm9RtJ7IUVIAoJ1w=
github.com/stretchr/testify v1.2.2/go.mod h1:a8OnRcib4nhh0OaRAV+Yts87kKdq0PP7pXfy6kDkUVs=
github.com/stvp/go-udp-testing v0.0.0-20171104055251-c4434f09ec13 h1:WYRIgR83bWdH2zjqXalfLuQYtgBG1KKxDRxinx2ygMI=
github.com/stvp/go-udp-testing v0.0.0-20171104055251-c4434f09ec13/go.mod h1:7jxmlfBCDBXRzr0eAQJ48XC1hBu1np4CS5+cHEYfwpc=
github.com/sylr/go-rancher-metadata v0.0.0-20190424205924-a01c2ca6fa7b h1:/yQioZa6dCnRl6zmNoplhIZ1u7o23ZQKxkX3xCqa7LY=
github.com/sylr/go-rancher-metadata v0.0.0-20190424205924-a01c2ca6fa7b/go.mod h1:7cPxToHOlXvWPauvHDQY3dOdnzhCxTa5ZIvsPRPHBaE=
github.com/thoas/stats v0.0.0-20190104110215-4975baf6a358 h1:P8DnSvvEhpRce5GOLZEEUXjGloUBSA/2tNq43S1PY9k=
github.com/thoas/stats v0.0.0-20190104110215-4975baf6a358/go.mod h1:GkZsNBOco11YY68OnXUARbSl26IOXXAeYf6ZKmSZR2M=
github.com/timewasted/linode v0.0.0-20160829202747-37e84520dcf7 h1:CpHxIaZzVy26GqJn8ptRyto8fuoYOd1v0fXm9bG3wQ8=
github.com/timewasted/linode v0.0.0-20160829202747-37e84520dcf7/go.mod h1:imsgLplxEC/etjIhdr3dNzV3JeT27LbVu5pYWm0JCBY=
github.com/tinylib/msgp v1.0.2 h1:DfdQrzQa7Yh2es9SuLkixqxuXS2SxsdYn0KbdrOGWD8=
github.com/tinylib/msgp v1.0.2/go.mod h1:+d+yLhGm8mzTaHzB+wgMYrodPfmZrzkirds8fDWklFE=
github.com/transip/gotransip v5.8.1+incompatible h1:ePlyll/xwgO5i3yfGcSphkGP86pd/3TELZDtYOn+1uo=
github.com/transip/gotransip v5.8.1+incompatible/go.mod h1:uacMoJVmrfOcscM4Bi5NVg708b7c6rz2oDTWqa7i2Ic=
github.com/uber-go/atomic v1.3.2 h1:Azu9lPBWRNKzYXSIwRfgRuDuS0YKsK4NFhiQv98gkxo=
github.com/uber-go/atomic v1.3.2/go.mod h1:/Ct5t2lcmbJ4OSe/waGBoaVvVqtO0bmtfVNex1PFV8g=
github.com/uber/jaeger-client-go v2.16.0+incompatible h1:Q2Pp6v3QYiocMxomCaJuwQGFt7E53bPYqEgug/AoBtY=
github.com/uber/jaeger-client-go v2.16.0+incompatible/go.mod h1:WVhlPFC8FDjOFMMWRy2pZqQJSXxYSwNYOkTr/Z6d3Kk=
github.com/uber/jaeger-lib v2.0.0+incompatible h1:iMSCV0rmXEogjNWPh2D0xk9YVKvrtGoHJNe9ebLu/pw=
github.com/uber/jaeger-lib v2.0.0+incompatible/go.mod h1:ComeNDZlWwrWnDv8aPp0Ba6+uUTzImX/AauajbLI56U=
github.com/unrolled/render v0.0.0-20170109143244-50716a0a8537 h1:+qjuebkLZyWmMxMBoafNS1Ey6GeUoRGdKx7Y38mDDhE=
github.com/unrolled/render v0.0.0-20170109143244-50716a0a8537/go.mod h1:tu82oB5W2ykJRVioYsB+IQKcft7ryBr7w12qMBUPyXg=
github.com/unrolled/secure v0.0.0-20180416205222-a1cf62cc2159 h1:03qGAfIibsJ118NFxcJ+Km5zb4vjFoqbuAs3ENiC9rM=
github.com/unrolled/secure v0.0.0-20180416205222-a1cf62cc2159/go.mod h1:mnPT77IAdsi/kV7+Es7y+pXALeV3h7G6dQF6mNYjcLA=
github.com/vdemeester/shakers v0.1.0 h1:K+n9sSyUCg2ywmZkv+3c7vsYZfivcfKhMh8kRxCrONM=
github.com/vdemeester/shakers v0.1.0/go.mod h1:IZ1HHynUOQt32iQ3rvAeVddXLd19h/6LWiKsh9RZtAQ=
github.com/vulcand/oxy v0.0.0-20181130145254-c34b0c501e43 h1:2+LBGeYYE8JgE1UCKx+qRpoFyvF4NdGQpR8bFCCPfEw=
github.com/vulcand/oxy v0.0.0-20181130145254-c34b0c501e43/go.mod h1:giFb8dicROVdV5W0HXlA5siMBLWKnVXZlkA4Y5ZIzrY=
github.com/vulcand/predicate v1.0.0 h1:c5lVsC9SKrQjdWNwTTG3RkADPKhSw1SrUZWq6LJL21k=
github.com/vulcand/predicate v1.0.0/go.mod h1:mlccC5IRBoc2cIFmCB8ZM62I3VDb6p2GXESMHa3CnZg=
github.com/xeipuuv/gojsonpointer v0.0.0-20170225233418-6fe8760cad35 h1:0TnXeVP6mx+A4CBf8cQVkQfkhyGBQCmJcT4g6zKzm7M=
github.com/xeipuuv/gojsonpointer v0.0.0-20170225233418-6fe8760cad35/go.mod h1:N2zxlSyiKSe5eX1tZViRH5QA0qijqEDrYZiPEAiq3wU=
github.com/xeipuuv/gojsonreference v0.0.0-20150808065054-e02fc20de94c h1:XZWnr3bsDQWAZg4Ne+cPoXRPILrNlPNQfxBuwLl43is=
github.com/xeipuuv/gojsonreference v0.0.0-20150808065054-e02fc20de94c/go.mod h1:GwrjFmJcFw6At/Gs6z4yjiIwzuJ1/+UwLxMQDVQXShQ=
github.com/xeipuuv/gojsonschema v0.0.0-20170528113821-0c8571ac0ce1 h1:p7SJSlzQ0w/wo+yjj+lnaOsAFlC0AL+t6QWkR2P7X18=
github.com/xeipuuv/gojsonschema v0.0.0-20170528113821-0c8571ac0ce1/go.mod h1:5yf86TLmAcydyeJq5YvxkGPE2fm/u4myDekKRoLuqhs=
go.uber.org/atomic v1.3.2 h1:2Oa65PReHzfn29GpvgsYwloV9AVFHPDk8tYxt2c2tr4=
go.uber.org/atomic v1.3.2/go.mod h1:gD2HeocX3+yG+ygLZcrzQJaqmWj9AIm7n08wl/qW/PE=
golang.org/x/crypto v0.0.0-20190211182817-74369b46fc67 h1:ng3VDlRp5/DHpSWl02R4rM9I+8M2rhmsuLwAMmkLQWE=
golang.org/x/crypto v0.0.0-20190211182817-74369b46fc67/go.mod h1:6SG95UA2DQfeDnfUPMdvaQW0Q7yPrPDi9nlGo2tz2b4=
golang.org/x/crypto v0.0.0-20190308221718-c2843e01d9a2 h1:VklqNMn3ovrHsnt90PveolxSbWFaJdECFbxSq0Mqo2M=
golang.org/x/crypto v0.0.0-20190308221718-c2843e01d9a2/go.mod h1:djNgcEr1/C05ACkg1iLfiJU5Ep61QUkGW8qpdssI0+w=
golang.org/x/net v0.0.0-20180611182652-db08ff08e862/go.mod h1:mL1N/T3taQHkDXs73rZJwtUhF3w3ftmwwsq0BUmARs4=
golang.org/x/net v0.0.0-20180724234803-3673e40ba225/go.mod h1:mL1N/T3taQHkDXs73rZJwtUhF3w3ftmwwsq0BUmARs4=
golang.org/x/net v0.0.0-20180906233101-161cd47e91fd/go.mod h1:mL1N/T3taQHkDXs73rZJwtUhF3w3ftmwwsq0BUmARs4=
golang.org/x/net v0.0.0-20181220203305-927f97764cc3/go.mod h1:mL1N/T3taQHkDXs73rZJwtUhF3w3ftmwwsq0BUmARs4=
golang.org/x/net v0.0.0-20190311183353-d8887717615a h1:oWX7TPOiFAMXLq8o0ikBYfCJVlRHBcsciT5bXOrH628=
golang.org/x/net v0.0.0-20190311183353-d8887717615a/go.mod h1:t9HGtf8HONx5eT2rtn7q6eTqICYqUVnKs3thJo3Qplg=
golang.org/x/oauth2 v0.0.0-20180529203656-ec22f46f877b h1:nCwwlzLoBQhkY/S3CJ2CGAU4pYfR8+5/TPGEHT+p5Nk=
golang.org/x/oauth2 v0.0.0-20180529203656-ec22f46f877b/go.mod h1:N/0e6XlmueqKjAGxoOufVs8QHGRruUQn6yWY3a++T0U=
golang.org/x/sync v0.0.0-20180314180146-1d60e4601c6f/go.mod h1:RxMgew5VJxzue5/jJTE5uejpjVlOe/izrB70Jof72aM=
golang.org/x/sync v0.0.0-20181108010431-42b317875d0f h1:Bl/8QSvNqXvPGPGXa2z5xUTmV7VDcZyvRZ+QQXkXTZQ=
golang.org/x/sync v0.0.0-20181108010431-42b317875d0f/go.mod h1:RxMgew5VJxzue5/jJTE5uejpjVlOe/izrB70Jof72aM=
golang.org/x/sys v0.0.0-20180905080454-ebe1bf3edb33/go.mod h1:STP8DvDyc/dI5b8T5hshtkjS+E42TnysNCUPdjciGhY=
golang.org/x/sys v0.0.0-20180909124046-d0be0721c37e/go.mod h1:STP8DvDyc/dI5b8T5hshtkjS+E42TnysNCUPdjciGhY=
golang.org/x/sys v0.0.0-20190209173611-3b5209105503 h1:5SvYFrOM3W8Mexn9/oA44Ji7vhXAZQ9hiP+1Q/DMrWg=
golang.org/x/sys v0.0.0-20190209173611-3b5209105503/go.mod h1:STP8DvDyc/dI5b8T5hshtkjS+E42TnysNCUPdjciGhY=
golang.org/x/sys v0.0.0-20190215142949-d0b11bdaac8a h1:1BGLXjeY4akVXGgbC9HugT3Jv3hCI0z56oJR5vAMgBU=
golang.org/x/sys v0.0.0-20190215142949-d0b11bdaac8a/go.mod h1:STP8DvDyc/dI5b8T5hshtkjS+E42TnysNCUPdjciGhY=
golang.org/x/text v0.3.0 h1:g61tztE5qeGQ89tm6NTjjM9VPIm088od1l6aSorWRWg=
golang.org/x/text v0.3.0/go.mod h1:NqM8EUOU14njkJ3fqMW+pc6Ldnwhi/IjpwHt7yyuwOQ=
golang.org/x/time v0.0.0-20170424234030-8be79e1e0910 h1:bCMaBn7ph495H+x72gEvgcv+mDRd9dElbzo/mVCMxX4=
golang.org/x/time v0.0.0-20170424234030-8be79e1e0910/go.mod h1:tRJNPiyCQ0inRvYxbN9jk5I+vvW/OXSQhTDSoE431IQ=
golang.org/x/tools v0.0.0-20190328211700-ab21143f2384/go.mod h1:LCzVGOaR6xXOjkQ3onu1FJEFr0SW1gC7cKk1uF8kGRs=
google.golang.org/api v0.0.0-20180530150455-de943baf05a0 h1:rogYvg930BsYTkmfVruIH4k3cWyIPVq5gfIVU3aukXU=
google.golang.org/api v0.0.0-20180530150455-de943baf05a0/go.mod h1:4mhQ8q/RsB7i+udVvVy5NUi08OU8ZlA0gRVgrF7VFY0=
google.golang.org/appengine v1.4.0 h1:/wp5JvzpHIxhs/dumFmF7BXTf3Z+dd4uXta4kVyO508=
google.golang.org/appengine v1.4.0/go.mod h1:xpcJRLb0r/rnEns0DIKYYv+WjYCduHsrkT7/EB5XEv4=
google.golang.org/genproto v0.0.0-20170731182057-09f6ed296fc6 h1:72GtwBPfq6av9X0Ru2HtAopsPW+d+vh1K1zaxanTdE8=
google.golang.org/genproto v0.0.0-20170731182057-09f6ed296fc6/go.mod h1:JiN7NxoALGmiZfu7CAH4rXhgtRTLTxftemlI0sWmxmc=
google.golang.org/grpc v1.12.0 h1:Mm8atZtkT+P6R43n/dqNDWkPPu5BwRVu/1rJnJCeZH8=
google.golang.org/grpc v1.12.0/go.mod h1:yo6s7OP7yaDglbqo1J04qKzAhqBH6lvTonzMVmEdcZw=
gopkg.in/DataDog/dd-trace-go.v1 v1.8.0 h1:m5q7wzdKOOlHQcdSRTyXbtWkCwwbn6pKYwLP3evBsj8=
gopkg.in/DataDog/dd-trace-go.v1 v1.8.0/go.mod h1:DVp8HmDh8PuTu2Z0fVVlBsyWaC++fzwVCaGWylTe3tg=
gopkg.in/check.v1 v0.0.0-20161208181325-20d25e280405 h1:yhCVgyC4o1eVCa2tZl7eS0r+SDo693bJlVdllGtEeKM=
gopkg.in/check.v1 v0.0.0-20161208181325-20d25e280405/go.mod h1:Co6ibVJAznAaIkqp8huTwlJQCZ016jof/cbN4VW5Yz0=
gopkg.in/fsnotify.v1 v1.4.7 h1:xOHLXZwVvI9hhs+cLKq5+I5onOuwQLhQwiu63xxlHs4=
gopkg.in/fsnotify.v1 v1.4.7/go.mod h1:Tz8NjZHkW78fSQdbUxIjBTcgA1z1m8ZHf0WmKUhAMys=
gopkg.in/h2non/gock.v1 v1.0.14 h1:fTeu9fcUvSnLNacYvYI54h+1/XEteDyHvrVCZEEEYNM=
gopkg.in/h2non/gock.v1 v1.0.14/go.mod h1:sX4zAkdYX1TRGJ2JY156cFspQn4yRWn6p9EMdODlynE=
gopkg.in/inf.v0 v0.9.0 h1:3zYtXIO92bvsdS3ggAdA8Gb4Azj0YU+TVY1uGYNFA8o=
gopkg.in/inf.v0 v0.9.0/go.mod h1:cWUDdTG/fYaXco+Dcufb5Vnc6Gp2YChqWtbxRZE0mXw=
gopkg.in/ini.v1 v1.30.0 h1:RWzrR5bI9Md6ZussAjqRg9bad7oobWKkWdOJq9JiKZg=
gopkg.in/ini.v1 v1.30.0/go.mod h1:pNLf8WUiyNEtQjuu5G5vTm06TEv9tsIgeAvK8hOrP4k=
gopkg.in/ns1/ns1-go.v2 v2.0.0-20180315153759-a5bcac82d3f6 h1:FOncadQPoolfZUeWwZsMVv4EEXDM1QP8YeD7ynTTuNg=
gopkg.in/ns1/ns1-go.v2 v2.0.0-20180315153759-a5bcac82d3f6/go.mod h1:VV+3haRsgDiVLxyifmMBrBIuCWFBPYKbRssXB9z67Hw=
gopkg.in/resty.v1 v1.9.1 h1:Lq4EIBZ5e2J4ZWp22W2hVOYc0X1qwDDki/nNVchRbdw=
gopkg.in/resty.v1 v1.9.1/go.mod h1:vo52Hzryw9PnPHcJfPsBiFW62XhNx5OczbV9y+IMpgc=
gopkg.in/resty.v1 v1.12.0 h1:CuXP0Pjfw9rOuY6EP+UvtNvt5DSqHpIxILZKT/quCZI=
gopkg.in/resty.v1 v1.12.0/go.mod h1:mDo4pnntr5jdWRML875a/NmxYqAlA73dVijT2AXvQQo=
gopkg.in/square/go-jose.v2 v2.1.4 h1:2F80z1AzUrkIpMSw+HIa5WJBzPTFEzQiTTPLES3hbfI=
gopkg.in/square/go-jose.v2 v2.1.4/go.mod h1:M9dMgbHiYLoDGQrXy7OpJDJWiKiU//h+vD76mk0e1AI=
gopkg.in/tomb.v1 v1.0.0-20141024135613-dd632973f1e7 h1:uRGJdciOHaEIrze2W8Q3AKkepLTh2hOroT7a+7czfdQ=
gopkg.in/tomb.v1 v1.0.0-20141024135613-dd632973f1e7/go.mod h1:dt/ZhP58zS4L8KSrWDmTeBkI65Dw0HsyUHuEVlX15mw=
gopkg.in/yaml.v2 v2.2.1/go.mod h1:hI93XBmqTisBFMUTm0b8Fm+jr3Dg1NNxqwp+5A1VGuI=
gopkg.in/yaml.v2 v2.2.2 h1:ZCJp+EgiOT7lHqUV2J862kp8Qj64Jo6az82+3Td9dZw=
gopkg.in/yaml.v2 v2.2.2/go.mod h1:hI93XBmqTisBFMUTm0b8Fm+jr3Dg1NNxqwp+5A1VGuI=
gotest.tools v2.2.0+incompatible h1:VsBPFP1AI068pPrMxtb/S8Zkgf9xEmTLJjfM+P5UIEo=
gotest.tools v2.2.0+incompatible/go.mod h1:DsYFclhRJ6vuDpmuTbkuFWG+y2sxOXAzmJt81HFBacw=
k8s.io/api v0.0.0-20190126160459-e86510ea3fe7 h1:bpzcyMZqWWEpthYsmuzaqww6OppRDyBJbWycBUOFLKY=
k8s.io/api v0.0.0-20190126160459-e86510ea3fe7/go.mod h1:iuAfoD4hCxJ8Onx9kaTIt30j7jUFS00AXQi6QMi99vA=
k8s.io/apimachinery v0.0.0-20190118094746-1525e4dadd2d h1:LfIlK5wCRzbVZ1WVwcabYwBTKZJehDSBWq9Xf1S5g+o=
k8s.io/apimachinery v0.0.0-20190118094746-1525e4dadd2d/go.mod h1:ccL7Eh7zubPUSh9A3USN90/OzHNSVN6zxzde07TDCL0=
k8s.io/client-go v8.0.0+incompatible h1:tTI4hRmb1DRMl4fG6Vclfdi6nTM82oIrTT7HfitmxC4=
k8s.io/client-go v8.0.0+incompatible/go.mod h1:7vJpHMYJwNQCWgzmNV+VYUl1zCObLyodBc8nIyt8L5s=
k8s.io/kube-openapi v0.0.0-20190306001800-15615b16d372 h1:zia7dTzfEtdiSUxi9cXUDsSQH2xE6igmGKyFn2on/9A=
k8s.io/kube-openapi v0.0.0-20190306001800-15615b16d372/go.mod h1:BXM9ceUBTj2QnfH2MK1odQs778ajze1RxcmP6S8RVVc=
launchpad.net/gocheck v0.0.0-20140225173054-000000000087 h1:Izowp2XBH6Ya6rv+hqbceQyw/gSGoXfH/UPoTGduL54=
launchpad.net/gocheck v0.0.0-20140225173054-000000000087/go.mod h1:hj7XX3B/0A+80Vse0e+BUHsHMTEhd0O4cpUHr/e/BUM=
