# This file is autogenerated, do not edit; changes may be undone by the next 'dep ensure'.


[[projects]]
  name = "cloud.google.com/go"
  packages = [
    "compute/metadata",
    "internal"
  ]
  revision = "2e6a95edb1071d750f6d7db777bf66cd2997af6c"
  version = "v0.7.0"

[[projects]]
  branch = "master"
  name = "github.com/ArthurHlt/go-eureka-client"
  packages = ["eureka"]
  revision = "9d0a49cbd39aa3634ae1977e9f519a262b10adaf"

[[projects]]
  branch = "master"
  name = "github.com/ArthurHlt/gominlog"
  packages = ["."]
  revision = "72eebf980f467d3ab3a8b4ddf660f664911ce519"

[[projects]]
  name = "github.com/Azure/azure-sdk-for-go"
  packages = ["arm/dns"]
  revision = "f7bb4db3ea4c73dc58bd284c38ea644a79324be0"

[[projects]]
  branch = "master"
  name = "github.com/Azure/go-ansiterm"
  packages = [
    ".",
    "winterm"
  ]
  revision = "d6e3b3328b783f23731bc4d058875b0371ff8109"

[[projects]]
  name = "github.com/Azure/go-autorest"
  packages = [
    "autorest",
    "autorest/adal",
    "autorest/azure",
    "autorest/date",
    "autorest/to"
  ]
  revision = "f6be1abbb5abd0517522f850dd785990d373da7e"
  version = "v9.0.0"

[[projects]]
  branch = "master"
  name = "github.com/BurntSushi/toml"
  packages = ["."]
  revision = "a368813c5e648fee92e5f6c30e3944ff9d5e8895"

[[projects]]
  branch = "master"
  name = "github.com/BurntSushi/ty"
  packages = [
    ".",
    "fun"
  ]
  revision = "6add9cd6ad42d389d6ead1dde60b4ad71e46fd74"

[[projects]]
  name = "github.com/JamesClonk/vultr"
  packages = ["lib"]
  revision = "2fd0705ce648e602e6c9c57329a174270a4f6688"

[[projects]]
  name = "github.com/Masterminds/semver"
  packages = ["."]
  revision = "59c29afe1a994eacb71c833025ca7acf874bb1da"
  version = "v1.2.2"

[[projects]]
  name = "github.com/Masterminds/sprig"
  packages = ["."]
  revision = "e039e20e500c2c025d9145be375e27cf42a94174"

[[projects]]
  name = "github.com/Microsoft/go-winio"
  packages = ["."]
  revision = "f533f7a102197536779ea3a8cb881d639e21ec5a"
  version = "v0.4.2"

[[projects]]
  branch = "master"
  name = "github.com/NYTimes/gziphandler"
  packages = ["."]
  revision = "289a3b81f5aedc99f8d6eb0f67827c142f1310d8"

[[projects]]
  name = "github.com/Nvveen/Gotty"
  packages = ["."]
  revision = "a8b993ba6abdb0e0c12b0125c603323a71c7790c"
  source = "github.com/ijc25/Gotty"

[[projects]]
  name = "github.com/PuerkitoBio/purell"
  packages = ["."]
  revision = "8a290539e2e8629dbc4e6bad948158f790ec31f4"
  version = "v1.0.0"

[[projects]]
  name = "github.com/PuerkitoBio/urlesc"
  packages = ["."]
  revision = "5bd2802263f21d8788851d5305584c82a5c75d7e"

[[projects]]
  name = "github.com/Shopify/sarama"
  packages = ["."]
  revision = "70f6a705d4a17af059acbc6946fb2bd30762acd7"

[[projects]]
  name = "github.com/VividCortex/gohistogram"
  packages = ["."]
  revision = "51564d9861991fb0ad0f531c99ef602d0f9866e6"
  version = "v1.0.0"

[[projects]]
  branch = "containous-fork"
  name = "github.com/abbot/go-http-auth"
  packages = ["."]
  revision = "65b0cdae8d7fe5c05c7430e055938ef6d24a66c9"
  source = "github.com/containous/go-http-auth"

[[projects]]
  branch = "master"
  name = "github.com/abronan/valkeyrie"
  packages = [
    ".",
    "store",
    "store/boltdb",
    "store/consul",
    "store/etcd/v2",
    "store/etcd/v3",
    "store/zookeeper"
  ]
  revision = "063d875e3c5fd734fa2aa12fac83829f62acfc70"

[[projects]]
  name = "github.com/aokoli/goutils"
  packages = ["."]
  revision = "3391d3790d23d03408670993e957e8f408993c34"
  version = "v1.0.1"

[[projects]]
  name = "github.com/apache/thrift"
  packages = ["lib/go/thrift"]
  revision = "b2a4d4ae21c789b689dd162deb819665567f481c"
  version = "0.10.0"

[[projects]]
  branch = "master"
  name = "github.com/armon/go-proxyproto"
  packages = ["."]
  revision = "48572f11356f1843b694f21a290d4f1006bc5e47"

[[projects]]
  name = "github.com/aws/aws-sdk-go"
  packages = [
    "aws",
    "aws/awserr",
    "aws/awsutil",
    "aws/client",
    "aws/client/metadata",
    "aws/corehandlers",
    "aws/credentials",
    "aws/credentials/ec2rolecreds",
    "aws/credentials/endpointcreds",
    "aws/credentials/stscreds",
    "aws/defaults",
    "aws/ec2metadata",
    "aws/endpoints",
    "aws/request",
    "aws/session",
    "aws/signer/v4",
    "private/protocol",
    "private/protocol/ec2query",
    "private/protocol/json/jsonutil",
    "private/protocol/jsonrpc",
    "private/protocol/query",
    "private/protocol/query/queryutil",
    "private/protocol/rest",
    "private/protocol/restxml",
    "private/protocol/xml/xmlutil",
    "private/waiter",
    "service/dynamodb",
    "service/dynamodb/dynamodbattribute",
    "service/dynamodb/dynamodbiface",
    "service/ec2",
    "service/ecs",
    "service/route53",
    "service/sts"
  ]
  revision = "3f8f870ec9939e32b3372abf74d24e468bcd285d"
  version = "v1.6.18"

[[projects]]
  branch = "master"
  name = "github.com/beorn7/perks"
  packages = ["quantile"]
  revision = "4c0e84591b9aa9e6dcfdf3e020114cd81f89d5f9"

[[projects]]
  branch = "master"
  name = "github.com/cenk/backoff"
  packages = ["."]
  revision = "2ea60e5f094469f9e65adb9cd103795b73ae743e"

[[projects]]
  branch = "master"
  name = "github.com/codahale/hdrhistogram"
  packages = ["."]
  revision = "3a0bb77429bd3a61596f5e8a3172445844342120"

[[projects]]
  branch = "master"
  name = "github.com/containerd/continuity"
  packages = ["pathdriver"]
  revision = "b2b946a77f5973f420514090d6f6dd58b08303f0"

[[projects]]
  name = "github.com/containous/flaeg"
  packages = ["."]
  revision = "60c87a513a955ca7225e1b1c772581cea8420cb4"
  version = "v1.0.1"

[[projects]]
  branch = "master"
  name = "github.com/containous/mux"
  packages = ["."]
  revision = "06ccd3e75091eb659b1d720cda0e16bc7057954c"

[[projects]]
  name = "github.com/containous/staert"
  packages = ["."]
  revision = "cc00c303ccbd2491ddc1dccc9eb7ccadd807557e"
  version = "v3.1.0"

[[projects]]
  name = "github.com/containous/traefik-extra-service-fabric"
  packages = ["."]
  revision = "ca1fb57108293caad285b1c366b763f6c6ab71c9"
  version = "v1.0.5"

[[projects]]
  name = "github.com/coreos/bbolt"
  packages = ["."]
  revision = "32c383e75ce054674c53b5a07e55de85332aee14"

[[projects]]
  name = "github.com/coreos/etcd"
  packages = [
    "auth/authpb",
    "client",
    "clientv3",
    "clientv3/concurrency",
    "etcdserver/api/v3rpc/rpctypes",
    "etcdserver/etcdserverpb",
    "mvcc/mvccpb",
    "pkg/pathutil",
    "pkg/srv",
    "pkg/types",
    "version"
  ]
  revision = "f1d7dd87da3e8feab4aaf675b8e29c6a5ed5f58b"
  version = "v3.2.9"

[[projects]]
  name = "github.com/coreos/go-semver"
  packages = ["semver"]
  revision = "8ab6407b697782a06568d4b7f1db25550ec2e4c6"
  version = "v0.2.0"

[[projects]]
  name = "github.com/coreos/go-systemd"
  packages = ["daemon"]
  revision = "48702e0da86bd25e76cfef347e2adeb434a0d0a6"
  version = "v14"

[[projects]]
  name = "github.com/davecgh/go-spew"
  packages = ["spew"]
  revision = "346938d642f2ec3594ed81d874461961cd0faa76"
  version = "v1.1.0"

[[projects]]
  branch = "master"
  name = "github.com/decker502/dnspod-go"
  packages = ["."]
  revision = "f33a2c6040fc2550a631de7b3a53bddccdcd73fb"

[[projects]]
  name = "github.com/dgrijalva/jwt-go"
  packages = ["."]
  revision = "d2709f9f1f31ebcda9651b03077758c1f3a0018c"
  version = "v3.0.0"

[[projects]]
  name = "github.com/dnsimple/dnsimple-go"
  packages = ["dnsimple"]
  revision = "f2d9b723cc9547d182e24ac2e527ae25d25fc93f"

[[projects]]
  name = "github.com/docker/cli"
  packages = [
    "cli/command/image/build",
    "cli/config",
    "cli/config/configfile",
    "cli/config/credentials",
    "opts"
  ]
  revision = "6b63d7b96a41055baddc3fa71f381c7f60bd5d8e"

[[projects]]
  name = "github.com/docker/distribution"
  packages = [
    ".",
    "context",
    "digestset",
    "reference",
    "registry/api/errcode",
    "registry/api/v2",
    "registry/client",
    "registry/client/auth",
    "registry/client/auth/challenge",
    "registry/client/transport",
    "registry/storage/cache",
    "registry/storage/cache/memory",
    "uuid"
  ]
  revision = "edc3ab29cdff8694dd6feb85cfeb4b5f1b38ed9c"

[[projects]]
  name = "github.com/docker/docker"
  packages = [
    "api",
    "api/types",
    "api/types/blkiodev",
    "api/types/container",
    "api/types/events",
    "api/types/filters",
    "api/types/image",
    "api/types/mount",
    "api/types/network",
    "api/types/registry",
    "api/types/strslice",
    "api/types/swarm",
    "api/types/swarm/runtime",
    "api/types/time",
    "api/types/versions",
    "api/types/volume",
    "builder/dockerignore",
    "builder/remotecontext/git",
    "client",
    "pkg/archive",
    "pkg/fileutils",
    "pkg/homedir",
    "pkg/idtools",
    "pkg/ioutils",
    "pkg/jsonmessage",
    "pkg/longpath",
    "pkg/mount",
    "pkg/namesgenerator",
    "pkg/pools",
    "pkg/progress",
    "pkg/stdcopy",
    "pkg/streamformatter",
    "pkg/stringid",
    "pkg/symlink",
    "pkg/system",
    "pkg/tarsum",
    "pkg/term",
    "pkg/term/windows",
    "pkg/urlutil",
    "registry",
    "registry/resumable"
  ]
  revision = "7848b8beb9d38a98a78b75f78e05f8d2255f9dfe"

[[projects]]
  name = "github.com/docker/docker-credential-helpers"
  packages = [
    "client",
    "credentials",
    "pass"
  ]
  revision = "d68f9aeca33f5fd3f08eeae5e9d175edf4e731d1"
  version = "v0.6.0"

[[projects]]
  name = "github.com/docker/go-connections"
  packages = [
    "nat",
    "sockets",
    "tlsconfig"
  ]
  revision = "3ede32e2033de7505e6500d6c868c2b9ed9f169d"
  version = "v0.3.0"

[[projects]]
  name = "github.com/docker/go-units"
  packages = ["."]
  revision = "9e638d38cf6977a37a8ea0078f3ee75a7cdb2dd1"

[[projects]]
  branch = "master"
  name = "github.com/docker/leadership"
  packages = ["."]
  revision = "a2e096d9fe0af5b4c37dd37aea719bc9c2e5eec6"
  source = "github.com/containous/leadership"

[[projects]]
  branch = "master"
  name = "github.com/docker/libcompose"
  packages = [
    "config",
    "docker",
    "docker/auth",
    "docker/builder",
    "docker/client",
    "docker/container",
    "docker/ctx",
    "docker/image",
    "docker/network",
    "docker/service",
    "docker/volume",
    "labels",
    "logger",
    "lookup",
    "project",
    "project/events",
    "project/options",
    "utils",
    "version",
    "yaml"
  ]
  revision = "57bd716502dcbe1799f026148016022b0f3b989c"

[[projects]]
  name = "github.com/donovanhide/eventsource"
  packages = ["."]
  revision = "b8f31a59085e69dd2678cf51840db2ac625cb741"

[[projects]]
  name = "github.com/eapache/channels"
  packages = ["."]
  revision = "47238d5aae8c0fefd518ef2bee46290909cf8263"
  version = "v1.1.0"

[[projects]]
  name = "github.com/eapache/go-resiliency"
  packages = ["breaker"]
  revision = "b1fe83b5b03f624450823b751b662259ffc6af70"

[[projects]]
  branch = "master"
  name = "github.com/eapache/go-xerial-snappy"
  packages = ["."]
  revision = "bb955e01b9346ac19dc29eb16586c90ded99a98c"

[[projects]]
  name = "github.com/eapache/queue"
  packages = ["."]
  revision = "44cc805cf13205b55f69e14bcb69867d1ae92f98"
  version = "v1.1.0"

[[projects]]
  name = "github.com/edeckers/auroradnsclient"
  packages = [
    ".",
    "records",
    "requests",
    "requests/errors",
    "tokens",
    "zones"
  ]
  revision = "1563e622aaca0a8bb895a448f31d4a430ab97586"
  version = "v1.0.3"

[[projects]]
  branch = "master"
  name = "github.com/elazarl/go-bindata-assetfs"
  packages = ["."]
  revision = "30f82fa23fd844bd5bb1e5f216db87fd77b5eb43"

[[projects]]
  name = "github.com/emicklei/go-restful"
  packages = [
    ".",
    "log"
  ]
  revision = "89ef8af493ab468a45a42bb0d89a06fccdd2fb22"

[[projects]]
  name = "github.com/exoscale/egoscale"
  packages = ["."]
  revision = "e4fedc381fbddb7fef4d7060388a726c6de37c88"
  version = "v0.9.7"

[[projects]]
  name = "github.com/fatih/color"
  packages = ["."]
  revision = "62e9147c64a1ed519147b62a56a14e83e2be02c1"

[[projects]]
  branch = "master"
  name = "github.com/flynn/go-shlex"
  packages = ["."]
  revision = "3f9db97f856818214da2e1057f8ad84803971cff"

[[projects]]
  name = "github.com/gambol99/go-marathon"
  packages = ["."]
  revision = "03b46169666c53b9cc953b875ac5714e5103e064"

[[projects]]
  name = "github.com/ghodss/yaml"
  packages = ["."]
  revision = "73d445a93680fa1a78ae23a5839bad48f32ba1ee"

[[projects]]
  branch = "fork-containous"
  name = "github.com/go-check/check"
  packages = ["."]
  revision = "ca0bf163426aa183d03fd4949101785c0347f273"
  source = "github.com/containous/check"

[[projects]]
  name = "github.com/go-ini/ini"
  packages = ["."]
  revision = "f384f410798cbe7cdce40eec40b79ed32bb4f1ad"

[[projects]]
  name = "github.com/go-kit/kit"
  packages = [
    "log",
    "metrics",
    "metrics/dogstatsd",
    "metrics/generic",
    "metrics/influx",
    "metrics/internal/lv",
    "metrics/internal/ratemap",
    "metrics/multi",
    "metrics/statsd",
    "util/conn"
  ]
  revision = "f66b0e13579bfc5a48b9e2a94b1209c107ea1f41"
  version = "v0.3.0"

[[projects]]
  name = "github.com/go-logfmt/logfmt"
  packages = ["."]
  revision = "390ab7935ee28ec6b286364bba9b4dd6410cb3d5"
  version = "v0.3.0"

[[projects]]
  name = "github.com/go-openapi/jsonpointer"
  packages = ["."]
  revision = "46af16f9f7b149af66e5d1bd010e3574dc06de98"

[[projects]]
  name = "github.com/go-openapi/jsonreference"
  packages = ["."]
  revision = "13c6e3589ad90f49bd3e3bbe2c2cb3d7a4142272"

[[projects]]
  name = "github.com/go-openapi/spec"
  packages = ["."]
  revision = "6aced65f8501fe1217321abf0749d354824ba2ff"

[[projects]]
  name = "github.com/go-openapi/swag"
  packages = ["."]
  revision = "1d0bd113de87027671077d3c71eb3ac5d7dbba72"

[[projects]]
  name = "github.com/go-stack/stack"
  packages = ["."]
  revision = "54be5f394ed2c3e19dac9134a40a95ba5a017f7b"
  version = "v1.5.4"

[[projects]]
  name = "github.com/gogo/protobuf"
  packages = [
    "proto",
    "sortkeys"
  ]
  revision = "909568be09de550ed094403c2bf8a261b5bb730a"
  version = "v0.3"

[[projects]]
  name = "github.com/golang/glog"
  packages = ["."]
  revision = "44145f04b68cf362d9c4df2182967c2275eaefed"

[[projects]]
  name = "github.com/golang/protobuf"
  packages = [
    "proto",
    "ptypes",
    "ptypes/any",
    "ptypes/duration",
    "ptypes/timestamp"
  ]
  revision = "4bd1920723d7b7c925de087aa32e2187708897f7"

[[projects]]
  branch = "master"
  name = "github.com/golang/snappy"
  packages = ["."]
  revision = "553a641470496b2327abcac10b36396bd98e45c9"

[[projects]]
  branch = "master"
  name = "github.com/google/btree"
  packages = ["."]
  revision = "e89373fe6b4a7413d7acd6da1725b83ef713e6e4"

[[projects]]
  name = "github.com/google/go-github"
  packages = ["github"]
  revision = "fe7d11f8add400587b6718d9f39a62e42cb04c28"

[[projects]]
  branch = "master"
  name = "github.com/google/go-querystring"
  packages = ["query"]
  revision = "53e6ce116135b80d037921a7fdd5138cf32d7a8a"

[[projects]]
  name = "github.com/google/gofuzz"
  packages = ["."]
  revision = "bbcb9da2d746f8bdbd6a936686a0a6067ada0ec5"

[[projects]]
  name = "github.com/googleapis/gax-go"
  packages = ["."]
  revision = "9af46dd5a1713e8b5cd71106287eba3cefdde50b"

[[projects]]
  name = "github.com/googleapis/gnostic"
  packages = [
    "OpenAPIv2",
    "compiler",
    "extensions"
  ]
  revision = "ee43cbb60db7bd22502942cccbc39059117352ab"
  version = "v0.1.0"

[[projects]]
  name = "github.com/gorilla/context"
  packages = ["."]
  revision = "215affda49addc4c8ef7e2534915df2c8c35c6cd"

[[projects]]
  name = "github.com/gorilla/mux"
  packages = ["."]
  revision = "e444e69cbd2e2e3e0749a2f3c717cec491552bbf"

[[projects]]
  name = "github.com/gorilla/websocket"
  packages = ["."]
  revision = "a69d9f6de432e2c6b296a947d8a5ee88f68522cf"

[[projects]]
  name = "github.com/gravitational/trace"
  packages = ["."]
  revision = "0bd13642feb8f57acc0d8e3a568edc34e05a74b9"
  version = "1.1.3"

[[projects]]
  branch = "master"
  name = "github.com/gregjones/httpcache"
  packages = [
    ".",
    "diskcache"
  ]
  revision = "2bcd89a1743fd4b373f7370ce8ddc14dfbd18229"

[[projects]]
  name = "github.com/hashicorp/consul"
  packages = ["api"]
  revision = "3f92cc70e8163df866873c16c6d89889b5c95fc4"

[[projects]]
  name = "github.com/hashicorp/go-cleanhttp"
  packages = ["."]
  revision = "3573b8b52aa7b37b9358d966a898feb387f62437"

[[projects]]
  name = "github.com/hashicorp/go-version"
  packages = ["."]
  revision = "03c5bf6be031b6dd45afec16b1cf94fc8938bc77"

[[projects]]
  branch = "master"
  name = "github.com/hashicorp/golang-lru"
  packages = [
    ".",
    "simplelru"
  ]
  revision = "0fb14efe8c47ae851c0034ed7a448854d3d34cf3"

[[projects]]
  name = "github.com/hashicorp/serf"
  packages = ["coordinate"]
  revision = "19f2c401e122352c047a84d6584dd51e2fb8fcc4"

[[projects]]
  name = "github.com/huandu/xstrings"
  packages = ["."]
  revision = "3959339b333561bf62a38b424fd41517c2c90f40"

[[projects]]
  name = "github.com/imdario/mergo"
  packages = ["."]
  revision = "7fe0c75c13abdee74b09fcacef5ea1c6bba6a874"
  version = "0.2.4"

[[projects]]
  name = "github.com/influxdata/influxdb"
  packages = [
    "client/v2",
    "models",
    "pkg/escape"
  ]
  revision = "2d474a3089bcfce6b472779be9470a1f0ef3d5e4"
  version = "v1.3.7"

[[projects]]
  branch = "master"
  name = "github.com/jjcollinge/servicefabric"
  packages = ["."]
  revision = "8026935326c842b71dee8e2329c1fda41a7a92f4"

[[projects]]
  name = "github.com/jmespath/go-jmespath"
  packages = ["."]
  revision = "bd40a432e4c76585ef6b72d3fd96fb9b6dc7b68d"

[[projects]]
  name = "github.com/jonboulle/clockwork"
  packages = ["."]
  revision = "72f9bd7c4e0c2a40055ab3d0f09654f730cce982"

[[projects]]
  name = "github.com/json-iterator/go"
  packages = ["."]
  revision = "28452fcdec4e44348d2af0d91d1e9e38da3a9e0a"
  version = "1.0.5"

[[projects]]
  name = "github.com/juju/ratelimit"
  packages = ["."]
  revision = "59fac5042749a5afb9af70e813da1dd5474f0167"
  version = "1.0.1"

[[projects]]
  branch = "master"
  name = "github.com/kr/logfmt"
  packages = ["."]
  revision = "b84e30acd515aadc4b783ad4ff83aff3299bdfe0"

[[projects]]
  branch = "master"
  name = "github.com/libkermit/compose"
  packages = [
    ".",
    "check"
  ]
  revision = "c04e39c026ad1c76c027d6780150c8f7dec0a610"

[[projects]]
  branch = "master"
  name = "github.com/libkermit/docker"
  packages = ["."]
  revision = "e6674d32b80712b563ed8a0187af2bc93448b82f"

[[projects]]
  branch = "master"
  name = "github.com/libkermit/docker-check"
  packages = ["."]
  revision = "1113af38e5916529ad7317b0fe12e273e6e92af5"

[[projects]]
  name = "github.com/mailgun/minheap"
  packages = ["."]
  revision = "7c28d80e2ada649fc8ab1a37b86d30a2633bd47c"

[[projects]]
  branch = "master"
  name = "github.com/mailgun/multibuf"
  packages = ["."]
  revision = "565402cd71fbd9c12aa7e295324ea357e970a61e"

[[projects]]
  name = "github.com/mailgun/timetools"
  packages = ["."]
  revision = "7e6055773c5137efbeb3bd2410d705fe10ab6bfd"

[[projects]]
  branch = "master"
  name = "github.com/mailgun/ttlmap"
  packages = ["."]
  revision = "c1c17f74874f2a5ea48bfb06b5459d4ef2689749"

[[projects]]
  name = "github.com/mailru/easyjson"
  packages = [
    "buffer",
    "jlexer",
    "jwriter"
  ]
  revision = "d5b7844b561a7bc640052f1b935f7b800330d7e0"

[[projects]]
  name = "github.com/mattn/go-colorable"
  packages = ["."]
  revision = "5411d3eea5978e6cdc258b30de592b60df6aba96"

[[projects]]
  name = "github.com/mattn/go-isatty"
  packages = ["."]
  revision = "57fdcb988a5c543893cc61bce354a6e24ab70022"

[[projects]]
  name = "github.com/mattn/go-shellwords"
  packages = ["."]
  revision = "02e3cf038dcea8290e44424da473dd12be796a8a"
  version = "v1.0.3"

[[projects]]
  branch = "master"
  name = "github.com/matttproud/golang_protobuf_extensions"
  packages = ["pbutil"]
  revision = "c12348ce28de40eed0136aa2b644d0ee0650e56c"

[[projects]]
  name = "github.com/mesos/mesos-go"
  packages = [
    "detector",
    "detector/zoo",
    "mesosproto",
    "mesosutil",
    "upid"
  ]
  revision = "068d5470506e3780189fe607af40892814197c5e"

[[projects]]
  branch = "master"
  name = "github.com/mesosphere/mesos-dns"
  packages = [
    "detect",
    "errorutil",
    "logging",
    "models",
    "records",
    "records/labels",
    "records/state",
    "util"
  ]
  revision = "b47dc4c19f215e98da687b15b4c64e70f629bea5"
  source = "https://github.com/containous/mesos-dns.git"

[[projects]]
  name = "github.com/miekg/dns"
  packages = ["."]
  revision = "8060d9f51305bbe024b99679454e62f552cd0b0b"

[[projects]]
  branch = "master"
  name = "github.com/mitchellh/copystructure"
  packages = ["."]
  revision = "d23ffcb85de31694d6ccaa23ccb4a03e55c1303f"

[[projects]]
  branch = "master"
  name = "github.com/mitchellh/hashstructure"
  packages = ["."]
  revision = "2bca23e0e452137f789efbc8610126fd8b94f73b"

[[projects]]
  branch = "master"
  name = "github.com/mitchellh/mapstructure"
  packages = ["."]
  revision = "b4575eea38cca1123ec2dc90c26529b5c5acfcff"

[[projects]]
  branch = "master"
  name = "github.com/mitchellh/reflectwalk"
  packages = ["."]
  revision = "63d60e9d0dbc60cf9164e6510889b0db6683d98c"

[[projects]]
  name = "github.com/mvdan/xurls"
  packages = ["."]
  revision = "db96455566f05ffe42bd6ac671f05eeb1152b45d"

[[projects]]
  branch = "master"
  name = "github.com/ogier/pflag"
  packages = ["."]
  revision = "45c278ab3607870051a2ea9040bb85fcb8557481"

[[projects]]
  name = "github.com/opencontainers/go-digest"
  packages = ["."]
  revision = "a6d0ee40d4207ea02364bd3b9e8e77b9159ba1eb"

[[projects]]
  name = "github.com/opencontainers/image-spec"
  packages = [
    "specs-go",
    "specs-go/v1"
  ]
  revision = "f03dbe35d449c54915d235f1a3cf8f585a24babe"

[[projects]]
  name = "github.com/opencontainers/runc"
  packages = [
    "libcontainer/system",
    "libcontainer/user"
  ]
  revision = "b6b70e53451794e8333e9b602cc096b47a20bd0f"

[[projects]]
  branch = "master"
  name = "github.com/opentracing-contrib/go-observer"
  packages = ["."]
  revision = "a52f2342449246d5bcc273e65cbdcfa5f7d6c63c"

[[projects]]
  name = "github.com/opentracing/opentracing-go"
  packages = [
    ".",
    "ext",
    "log"
  ]
  revision = "1949ddbfd147afd4d964a9f00b24eb291e0e7c38"
  version = "v1.0.2"

[[projects]]
  name = "github.com/openzipkin/zipkin-go-opentracing"
  packages = [
    ".",
    "flag",
    "thrift/gen-go/scribe",
    "thrift/gen-go/zipkincore",
    "types",
    "wire"
  ]
  revision = "1f5c07e90700ae93ddcba0c7af7d9c7201646ccc"

[[projects]]
  name = "github.com/ovh/go-ovh"
  packages = ["ovh"]
  revision = "4b1fea467323b74c5f462f0947f402b428ca0626"

[[projects]]
  branch = "master"
  name = "github.com/petar/GoLLRB"
  packages = ["llrb"]
  revision = "53be0d36a84c2a886ca057d34b6aa4468df9ccb4"

[[projects]]
  name = "github.com/peterbourgon/diskv"
  packages = ["."]
  revision = "5f041e8faa004a95c88a202771f4cc3e991971e6"
  version = "v2.0.1"

[[projects]]
  name = "github.com/pierrec/lz4"
  packages = ["."]
  revision = "08c27939df1bd95e881e2c2367a749964ad1fceb"
  version = "v1.0.1"

[[projects]]
  branch = "master"
  name = "github.com/pierrec/xxHash"
  packages = ["xxHash32"]
  revision = "a0006b13c722f7f12368c00a3d3c2ae8a999a0c6"

[[projects]]
  name = "github.com/pkg/errors"
  packages = ["."]
  revision = "c605e284fe17294bda444b34710735b29d1a9d90"

[[projects]]
  name = "github.com/pmezard/go-difflib"
  packages = ["difflib"]
  revision = "792786c7400a136282c1664665ae0a8db921c6c2"
  version = "v1.0.0"

[[projects]]
  name = "github.com/prometheus/client_golang"
  packages = [
    "prometheus",
    "prometheus/promhttp"
  ]
  revision = "08fd2e12372a66e68e30523c7642e0cbc3e4fbde"

[[projects]]
  name = "github.com/prometheus/client_model"
  packages = ["go"]
  revision = "6f3806018612930941127f2a7c6c453ba2c527d2"

[[projects]]
  name = "github.com/prometheus/common"
  packages = [
    "expfmt",
    "internal/bitbucket.org/ww/goautoneg",
    "model"
  ]
  revision = "49fee292b27bfff7f354ee0f64e1bc4850462edf"

[[projects]]
  name = "github.com/prometheus/procfs"
  packages = [
    ".",
    "xfs"
  ]
  revision = "a1dba9ce8baed984a2495b658c82687f8157b98f"

[[projects]]
  name = "github.com/rancher/go-rancher"
  packages = ["v2"]
  revision = "52e2f489534007ae843065468c5a1920d542afa4"

[[projects]]
  branch = "containous-fork"
  name = "github.com/rancher/go-rancher-metadata"
  packages = ["metadata"]
  revision = "e937e8308985dfd3bc157cc8a284454f0cbf4fef"
  source = "github.com/containous/go-rancher-metadata"

[[projects]]
  name = "github.com/rcrowley/go-metrics"
  packages = ["."]
  revision = "1f30fe9094a513ce4c700b9a54458bbb0c96996c"

[[projects]]
  branch = "master"
  name = "github.com/ryanuber/go-glob"
  packages = ["."]
  revision = "256dc444b735e061061cf46c809487313d5b0065"

[[projects]]
  name = "github.com/samuel/go-zookeeper"
  packages = ["zk"]
  revision = "1d7be4effb13d2d908342d349d71a284a7542693"

[[projects]]
  name = "github.com/satori/go.uuid"
  packages = ["."]
  revision = "879c5887cd475cd7864858769793b2ceb0d44feb"
  version = "v1.1.0"

[[projects]]
  name = "github.com/sirupsen/logrus"
  packages = ["."]
  revision = "d682213848ed68c0a260ca37d6dd5ace8423f5ba"
  version = "v1.0.4"

[[projects]]
  name = "github.com/spf13/pflag"
  packages = ["."]
  revision = "cb88ea77998c3f024757528e3305022ab50b43be"

[[projects]]
  name = "github.com/stretchr/objx"
  packages = ["."]
  revision = "facf9a85c22f48d2f52f2380e4efce1768749a89"
  version = "v0.1"

[[projects]]
  name = "github.com/stretchr/testify"
  packages = [
    "assert",
    "mock",
    "require"
  ]
  revision = "12b6f73e6084dad08a7c6e575284b177ecafbc71"
  version = "v1.2.1"

[[projects]]
  branch = "master"
  name = "github.com/stvp/go-udp-testing"
  packages = ["."]
  revision = "c4434f09ec131ecf30f986d5dcb1636508bfa49a"

[[projects]]
  name = "github.com/thoas/stats"
  packages = ["."]
  revision = "152b5d051953fdb6e45f14b6826962aadc032324"

[[projects]]
  branch = "master"
  name = "github.com/timewasted/linode"
  packages = [
    ".",
    "dns"
  ]
  revision = "37e84520dcf74488f67654f9c775b9752c232dc1"

[[projects]]
  name = "github.com/tv42/zbase32"
  packages = ["."]
  revision = "03389da7e0bf9844767f82690f4d68fc097a1306"

[[projects]]
  name = "github.com/uber/jaeger-client-go"
  packages = [
    ".",
    "config",
    "internal/spanlog",
    "log",
    "rpcmetrics",
    "thrift-gen/agent",
    "thrift-gen/jaeger",
    "thrift-gen/sampling",
    "thrift-gen/zipkincore",
    "utils"
  ]
  revision = "3e3870040def0ebdaf65a003863fa64f5cb26139"
  version = "v2.9.0"

[[projects]]
  name = "github.com/uber/jaeger-lib"
  packages = ["metrics"]
  revision = "3b2a9ad2a045881ab7a0f81d465be54c8292ee4f"
  version = "v1.1.0"

[[projects]]
  name = "github.com/ugorji/go"
  packages = ["codec"]
  revision = "ea9cd21fa0bc41ee4bdd50ac7ed8cbc7ea2ed960"

[[projects]]
  name = "github.com/unrolled/render"
  packages = ["."]
  revision = "50716a0a853771bb36bfce61a45cdefdb98c2e6e"

[[projects]]
  name = "github.com/unrolled/secure"
  packages = ["."]
  revision = "824e85271811af89640ea25620c67f6c2eed987e"

[[projects]]
  name = "github.com/urfave/negroni"
  packages = ["."]
  revision = "490e6a555d47ca891a89a150d0c1ef3922dfffe9"

[[projects]]
  name = "github.com/vdemeester/shakers"
  packages = ["."]
  revision = "24d7f1d6a71aa5d9cbe7390e4afb66b7eef9e1b3"
  version = "v0.1.0"

[[projects]]
  branch = "master"
  name = "github.com/vulcand/oxy"
  packages = [
    "buffer",
    "cbreaker",
    "connlimit",
    "forward",
    "memmetrics",
    "ratelimit",
    "roundrobin",
    "utils"
  ]
  revision = "6a7a2a4e0782bf83cfe731d59a219178f2c26be9"

[[projects]]
  name = "github.com/vulcand/predicate"
  packages = ["."]
  revision = "939c094524d124c55fa8afe0e077701db4a865e2"
  version = "v1.0.0"

[[projects]]
  branch = "master"
  name = "github.com/xeipuuv/gojsonpointer"
  packages = ["."]
  revision = "6fe8760cad3569743d51ddbb243b26f8456742dc"

[[projects]]
  branch = "master"
  name = "github.com/xeipuuv/gojsonreference"
  packages = ["."]
  revision = "e02fc20de94c78484cd5ffb007f8af96be030a45"

[[projects]]
  name = "github.com/xeipuuv/gojsonschema"
  packages = ["."]
  revision = "0c8571ac0ce161a5feb57375a9cdf148c98c0f70"

[[projects]]
  branch = "master"
  name = "github.com/xenolf/lego"
  packages = [
    "acme",
    "providers/dns",
    "providers/dns/auroradns",
    "providers/dns/azure",
    "providers/dns/cloudflare",
    "providers/dns/cloudxns",
    "providers/dns/digitalocean",
    "providers/dns/dnsimple",
    "providers/dns/dnsmadeeasy",
    "providers/dns/dnspod",
    "providers/dns/dyn",
    "providers/dns/exoscale",
    "providers/dns/gandi",
    "providers/dns/gandiv5",
    "providers/dns/godaddy",
    "providers/dns/googlecloud",
    "providers/dns/linode",
    "providers/dns/namecheap",
    "providers/dns/ns1",
    "providers/dns/otc",
    "providers/dns/ovh",
    "providers/dns/pdns",
    "providers/dns/rackspace",
    "providers/dns/rfc2136",
    "providers/dns/route53",
    "providers/dns/vultr"
  ]
  revision = "06a8e7c475c03ef8d4773284ac63357d2810601b"

[[projects]]
  branch = "master"
  name = "golang.org/x/crypto"
  packages = [
    "bcrypt",
    "blowfish",
    "ocsp",
    "pbkdf2",
    "scrypt",
    "ssh/terminal"
  ]
  revision = "13931e22f9e72ea58bb73048bc752b48c6d4d4ac"

[[projects]]
  branch = "master"
  name = "golang.org/x/net"
  packages = [
    "context",
    "context/ctxhttp",
    "http2",
    "http2/hpack",
    "idna",
    "internal/timeseries",
    "lex/httplex",
    "proxy",
    "trace",
    "websocket"
  ]
  revision = "5ccada7d0a7ba9aeb5d3aca8d3501b4c2a509fec"

[[projects]]
  name = "golang.org/x/oauth2"
  packages = [
    ".",
    "google",
    "internal",
    "jws",
    "jwt"
  ]
  revision = "7fdf09982454086d5570c7db3e11f360194830ca"

[[projects]]
  branch = "master"
  name = "golang.org/x/sys"
  packages = [
    "unix",
    "windows"
  ]
  revision = "fff93fa7cd278d84afc205751523809c464168ab"

[[projects]]
  name = "golang.org/x/text"
  packages = [
    "cases",
    "internal",
    "internal/gen",
    "internal/tag",
    "internal/triegen",
    "internal/ucd",
    "language",
    "runes",
    "secure/bidirule",
    "secure/precis",
    "transform",
    "unicode/bidi",
    "unicode/cldr",
    "unicode/norm",
    "unicode/rangetable",
    "width"
  ]
  revision = "4ee4af566555f5fbe026368b75596286a312663a"

[[projects]]
  name = "golang.org/x/time"
  packages = ["rate"]
  revision = "8be79e1e0910c292df4e79c241bb7e8f7e725959"

[[projects]]
  name = "google.golang.org/api"
  packages = [
    "dns/v1",
    "gensupport",
    "googleapi",
    "googleapi/internal/uritemplates"
  ]
  revision = "1575df15c1bb8b18ad4d9bc5ca495cc85b0764fe"

[[projects]]
  name = "google.golang.org/appengine"
  packages = [
    ".",
    "internal",
    "internal/app_identity",
    "internal/base",
    "internal/datastore",
    "internal/log",
    "internal/modules",
    "internal/remote_api",
    "internal/urlfetch",
    "urlfetch"
  ]
  revision = "4f7eeb5305a4ba1966344836ba4af9996b7b4e05"

[[projects]]
  name = "google.golang.org/genproto"
  packages = ["googleapis/rpc/status"]
  revision = "09f6ed296fc66555a25fe4ce95173148778dfa85"

[[projects]]
  name = "google.golang.org/grpc"
  packages = [
    ".",
    "codes",
    "connectivity",
    "credentials",
    "grpclb/grpc_lb_v1",
    "grpclog",
    "internal",
    "keepalive",
    "metadata",
    "naming",
    "peer",
    "stats",
    "status",
    "tap",
    "transport"
  ]
  revision = "b3ddf786825de56a4178401b7e174ee332173b66"
  version = "v1.5.2"

[[projects]]
  name = "gopkg.in/fsnotify.v1"
  packages = ["."]
  revision = "629574ca2a5df945712d3079857300b5e4da0236"
  version = "v1.4.2"

[[projects]]
  name = "gopkg.in/inf.v0"
  packages = ["."]
  revision = "3887ee99ecf07df5b447e9b00d9c0b2adaa9f3e4"
  version = "v0.9.0"

[[projects]]
  name = "gopkg.in/ini.v1"
  packages = ["."]
  revision = "5b3e00af70a9484542169a976dcab8d03e601a17"
  version = "v1.30.0"

[[projects]]
  name = "gopkg.in/ns1/ns1-go.v2"
  packages = [
    "rest",
    "rest/model/account",
    "rest/model/data",
    "rest/model/dns",
    "rest/model/filter",
    "rest/model/monitor"
  ]
  revision = "c563826f4cbef9c11bebeb9f20a3f7afe9c1e2f4"

[[projects]]
  name = "gopkg.in/square/go-jose.v1"
  packages = [
    ".",
    "cipher",
    "json"
  ]
  revision = "aa2e30fdd1fe9dd3394119af66451ae790d50e0d"
  version = "v1.1.0"

[[projects]]
  name = "gopkg.in/yaml.v2"
  packages = ["."]
  revision = "53feefa2559fb8dfa8d81baad31be332c97d6c77"

[[projects]]
  name = "k8s.io/api"
  packages = [
    "admissionregistration/v1alpha1",
    "admissionregistration/v1beta1",
    "apps/v1",
    "apps/v1beta1",
    "apps/v1beta2",
    "authentication/v1",
    "authentication/v1beta1",
    "authorization/v1",
    "authorization/v1beta1",
    "autoscaling/v1",
    "autoscaling/v2beta1",
    "batch/v1",
    "batch/v1beta1",
    "batch/v2alpha1",
    "certificates/v1beta1",
    "core/v1",
    "events/v1beta1",
    "extensions/v1beta1",
    "networking/v1",
    "policy/v1beta1",
    "rbac/v1",
    "rbac/v1alpha1",
    "rbac/v1beta1",
    "scheduling/v1alpha1",
    "settings/v1alpha1",
    "storage/v1",
    "storage/v1alpha1",
    "storage/v1beta1"
  ]
  revision = "af4bc157c3a209798fc897f6d4aaaaeb6c2e0d6a"
  version = "kubernetes-1.9.0"

[[projects]]
  name = "k8s.io/apimachinery"
  packages = [
    "pkg/api/errors",
    "pkg/api/meta",
    "pkg/api/resource",
    "pkg/apis/meta/internalversion",
    "pkg/apis/meta/v1",
    "pkg/apis/meta/v1/unstructured",
    "pkg/apis/meta/v1alpha1",
    "pkg/conversion",
    "pkg/conversion/queryparams",
    "pkg/fields",
    "pkg/labels",
    "pkg/runtime",
    "pkg/runtime/schema",
    "pkg/runtime/serializer",
    "pkg/runtime/serializer/json",
    "pkg/runtime/serializer/protobuf",
    "pkg/runtime/serializer/recognizer",
    "pkg/runtime/serializer/streaming",
    "pkg/runtime/serializer/versioning",
    "pkg/selection",
    "pkg/types",
    "pkg/util/cache",
    "pkg/util/clock",
    "pkg/util/diff",
    "pkg/util/errors",
    "pkg/util/framer",
    "pkg/util/intstr",
    "pkg/util/json",
    "pkg/util/net",
    "pkg/util/runtime",
    "pkg/util/sets",
    "pkg/util/validation",
    "pkg/util/validation/field",
    "pkg/util/wait",
    "pkg/util/yaml",
    "pkg/version",
    "pkg/watch",
    "third_party/forked/golang/reflect"
  ]
  revision = "180eddb345a5be3a157cea1c624700ad5bd27b8f"
  version = "kubernetes-1.9.0"

[[projects]]
  name = "k8s.io/client-go"
  packages = [
    "discovery",
    "kubernetes",
    "kubernetes/scheme",
    "kubernetes/typed/admissionregistration/v1alpha1",
    "kubernetes/typed/admissionregistration/v1beta1",
    "kubernetes/typed/apps/v1",
    "kubernetes/typed/apps/v1beta1",
    "kubernetes/typed/apps/v1beta2",
    "kubernetes/typed/authentication/v1",
    "kubernetes/typed/authentication/v1beta1",
    "kubernetes/typed/authorization/v1",
    "kubernetes/typed/authorization/v1beta1",
    "kubernetes/typed/autoscaling/v1",
    "kubernetes/typed/autoscaling/v2beta1",
    "kubernetes/typed/batch/v1",
    "kubernetes/typed/batch/v1beta1",
    "kubernetes/typed/batch/v2alpha1",
    "kubernetes/typed/certificates/v1beta1",
    "kubernetes/typed/core/v1",
    "kubernetes/typed/events/v1beta1",
    "kubernetes/typed/extensions/v1beta1",
    "kubernetes/typed/networking/v1",
    "kubernetes/typed/policy/v1beta1",
    "kubernetes/typed/rbac/v1",
    "kubernetes/typed/rbac/v1alpha1",
    "kubernetes/typed/rbac/v1beta1",
    "kubernetes/typed/scheduling/v1alpha1",
    "kubernetes/typed/settings/v1alpha1",
    "kubernetes/typed/storage/v1",
    "kubernetes/typed/storage/v1alpha1",
    "kubernetes/typed/storage/v1beta1",
    "pkg/version",
    "rest",
    "rest/watch",
    "tools/cache",
    "tools/clientcmd/api",
    "tools/metrics",
    "tools/pager",
    "tools/reference",
    "transport",
    "util/buffer",
    "util/cert",
    "util/flowcontrol",
    "util/integer"
  ]
  revision = "78700dec6369ba22221b72770783300f143df150"
  version = "v6.0.0"

[[projects]]
  branch = "master"
  name = "k8s.io/kube-openapi"
  packages = ["pkg/common"]
  revision = "275e2ce91dec4c05a4094a7b1daee5560b555ac9"

[solve-meta]
  analyzer-name = "dep"
  analyzer-version = 1
  inputs-digest = "2fa6756003e3f9ca71c3b55e76b9de45677df953dbee5a2f8be7bd77c8b9987b"
  solver-name = "gps-cdcl"
  solver-version = 1
