# This file is autogenerated, do not edit; changes may be undone by the next 'dep ensure'.


[[projects]]
  name = "cloud.google.com/go"
  packages = ["compute/metadata"]
  revision = "056a55f54a6cc77b440b31a56a5e7c3982d32811"
  version = "v0.22.0"

[[projects]]
  branch = "master"
  name = "code.cloudfoundry.org/clock"
  packages = ["."]
  revision = "02e53af36e6c978af692887ed449b74026d76fec"

[[projects]]
  branch = "master"
  name = "github.com/ArthurHlt/go-eureka-client"
  packages = ["eureka"]
  revision = "9d0a49cbd39aa3634ae1977e9f519a262b10adaf"

[[projects]]
  branch = "master"
  name = "github.com/ArthurHlt/gominlog"
  packages = ["."]
  revision = "72eebf980f467d3ab3a8b4ddf660f664911ce519"

[[projects]]
  name = "github.com/Azure/azure-sdk-for-go"
  packages = [
    "services/dns/mgmt/2017-09-01/dns",
    "version"
  ]
  revision = "068ec4d616be5b2175509bf1fb3e4c8ea160d5c8"
  version = "v15.0.1"

[[projects]]
  branch = "master"
  name = "github.com/Azure/go-ansiterm"
  packages = [
    ".",
    "winterm"
  ]
  revision = "d6e3b3328b783f23731bc4d058875b0371ff8109"

[[projects]]
  name = "github.com/Azure/go-autorest"
  packages = [
    "autorest",
    "autorest/adal",
    "autorest/azure",
    "autorest/azure/auth",
    "autorest/date",
    "autorest/to"
  ]
  revision = "9ad9326b278af8fa5cc67c30c0ce9a58cc0862b2"
  version = "v10.6.0"

[[projects]]
  branch = "master"
  name = "github.com/BurntSushi/toml"
  packages = ["."]
  revision = "a368813c5e648fee92e5f6c30e3944ff9d5e8895"

[[projects]]
  branch = "master"
  name = "github.com/BurntSushi/ty"
  packages = [
    ".",
    "fun"
  ]
  revision = "6add9cd6ad42d389d6ead1dde60b4ad71e46fd74"

[[projects]]
  name = "github.com/JamesClonk/vultr"
  packages = ["lib"]
  revision = "2fd0705ce648e602e6c9c57329a174270a4f6688"

[[projects]]
  name = "github.com/Masterminds/semver"
  packages = ["."]
  revision = "59c29afe1a994eacb71c833025ca7acf874bb1da"
  version = "v1.2.2"

[[projects]]
  name = "github.com/Masterminds/sprig"
  packages = ["."]
  revision = "e039e20e500c2c025d9145be375e27cf42a94174"

[[projects]]
  name = "github.com/Microsoft/ApplicationInsights-Go"
  packages = ["appinsights"]
  revision = "98ac7ca026c26818888600ea0d966987aa56f043"

[[projects]]
  name = "github.com/Microsoft/go-winio"
  packages = ["."]
  revision = "f533f7a102197536779ea3a8cb881d639e21ec5a"
  version = "v0.4.2"

[[projects]]
  branch = "master"
  name = "github.com/NYTimes/gziphandler"
  packages = ["."]
  revision = "289a3b81f5aedc99f8d6eb0f67827c142f1310d8"

[[projects]]
  name = "github.com/Nvveen/Gotty"
  packages = ["."]
  revision = "a8b993ba6abdb0e0c12b0125c603323a71c7790c"
  source = "github.com/ijc25/Gotty"

[[projects]]
  branch = "master"
  name = "github.com/OpenDNS/vegadns2client"
  packages = ["."]
  revision = "a3fa4a771d87bda2514a90a157e1fed1b6897d2e"

[[projects]]
  name = "github.com/PuerkitoBio/purell"
  packages = ["."]
  revision = "8a290539e2e8629dbc4e6bad948158f790ec31f4"
  version = "v1.0.0"

[[projects]]
  name = "github.com/PuerkitoBio/urlesc"
  packages = ["."]
  revision = "5bd2802263f21d8788851d5305584c82a5c75d7e"

[[projects]]
  name = "github.com/Shopify/sarama"
  packages = ["."]
  revision = "70f6a705d4a17af059acbc6946fb2bd30762acd7"

[[projects]]
  name = "github.com/VividCortex/gohistogram"
  packages = ["."]
  revision = "51564d9861991fb0ad0f531c99ef602d0f9866e6"
  version = "v1.0.0"

[[projects]]
  branch = "containous-fork"
  name = "github.com/abbot/go-http-auth"
  packages = ["."]
  revision = "65b0cdae8d7fe5c05c7430e055938ef6d24a66c9"
  source = "github.com/containous/go-http-auth"

[[projects]]
  branch = "master"
  name = "github.com/abronan/valkeyrie"
  packages = [
    ".",
    "store",
    "store/boltdb",
    "store/consul",
    "store/etcd/v2",
    "store/etcd/v3",
    "store/zookeeper"
  ]
  revision = "063d875e3c5fd734fa2aa12fac83829f62acfc70"

[[projects]]
  name = "github.com/akamai/AkamaiOPEN-edgegrid-golang"
  packages = [
    "client-v1",
    "configdns-v1",
    "edgegrid",
    "jsonhooks-v1"
  ]
  revision = "a494eba1efa1f38338393727dff63389a6a66534"
  version = "v0.6.0"

[[projects]]
  name = "github.com/aliyun/alibaba-cloud-sdk-go"
  packages = [
    "sdk",
    "sdk/auth",
    "sdk/auth/credentials",
    "sdk/auth/signers",
    "sdk/endpoints",
    "sdk/errors",
    "sdk/requests",
    "sdk/responses",
    "sdk/utils",
    "services/alidns"
  ]
  revision = "cad214d7d71fba7883fcf3b7e550ba782c15b400"
  version = "1.27.7"

[[projects]]
  name = "github.com/aokoli/goutils"
  packages = ["."]
  revision = "3391d3790d23d03408670993e957e8f408993c34"
  version = "v1.0.1"

[[projects]]
  name = "github.com/apache/thrift"
  packages = ["lib/go/thrift"]
  revision = "b2a4d4ae21c789b689dd162deb819665567f481c"
  version = "0.10.0"

[[projects]]
  branch = "master"
  name = "github.com/armon/go-proxyproto"
  packages = ["."]
  revision = "48572f11356f1843b694f21a290d4f1006bc5e47"

[[projects]]
  name = "github.com/aws/aws-sdk-go"
  packages = [
    "aws",
    "aws/awserr",
    "aws/awsutil",
    "aws/client",
    "aws/client/metadata",
    "aws/corehandlers",
    "aws/credentials",
    "aws/credentials/ec2rolecreds",
    "aws/credentials/endpointcreds",
    "aws/credentials/stscreds",
    "aws/defaults",
    "aws/ec2metadata",
    "aws/endpoints",
    "aws/request",
    "aws/session",
    "aws/signer/v4",
    "internal/sdkio",
    "internal/sdkrand",
    "internal/shareddefaults",
    "private/protocol",
    "private/protocol/ec2query",
    "private/protocol/json/jsonutil",
    "private/protocol/jsonrpc",
    "private/protocol/query",
    "private/protocol/query/queryutil",
    "private/protocol/rest",
    "private/protocol/restxml",
    "private/protocol/xml/xmlutil",
    "service/dynamodb",
    "service/dynamodb/dynamodbattribute",
    "service/dynamodb/dynamodbiface",
    "service/ec2",
    "service/ecs",
    "service/lightsail",
    "service/route53",
    "service/sts"
  ]
  revision = "fad131ddc707880428615dc8bc1587b55fb46d74"
  version = "v1.13.54"

[[projects]]
  branch = "master"
  name = "github.com/beorn7/perks"
  packages = ["quantile"]
  revision = "4c0e84591b9aa9e6dcfdf3e020114cd81f89d5f9"

[[projects]]
  branch = "master"
  name = "github.com/cenk/backoff"
  packages = ["."]
  revision = "2ea60e5f094469f9e65adb9cd103795b73ae743e"

[[projects]]
  name = "github.com/cloudflare/cloudflare-go"
  packages = ["."]
  revision = "1f9007fbecae20711133c60519338c41cef1ffb4"
  version = "v0.8.5"

[[projects]]
  branch = "master"
  name = "github.com/codahale/hdrhistogram"
  packages = ["."]
  revision = "3a0bb77429bd3a61596f5e8a3172445844342120"

[[projects]]
  branch = "master"
  name = "github.com/containerd/continuity"
  packages = ["pathdriver"]
  revision = "b2b946a77f5973f420514090d6f6dd58b08303f0"

[[projects]]
  name = "github.com/containous/flaeg"
  packages = [
    ".",
    "parse"
  ]
  revision = "c93d194b807ef171c43344d60adad8b58217390a"
  version = "v1.4.1"

[[projects]]
  branch = "master"
  name = "github.com/containous/mux"
  packages = ["."]
  revision = "c33f32e268983f989290677351b871b65da75ba5"

[[projects]]
  name = "github.com/containous/staert"
  packages = ["."]
  revision = "66717a0e0ca950c4b6dc8c87b46da0b8495c6e41"
  version = "v3.1.1"

[[projects]]
  name = "github.com/containous/traefik-extra-service-fabric"
  packages = ["."]
  revision = "6e90a9eef2ac9d320e55d6e994d169673a8d8b0f"
  version = "v1.3.0"

[[projects]]
  name = "github.com/coreos/bbolt"
  packages = ["."]
  revision = "32c383e75ce054674c53b5a07e55de85332aee14"

[[projects]]
  name = "github.com/coreos/etcd"
  packages = [
    "auth/authpb",
    "client",
    "clientv3",
    "clientv3/concurrency",
    "etcdserver/api/v3rpc/rpctypes",
    "etcdserver/etcdserverpb",
    "mvcc/mvccpb",
    "pkg/pathutil",
    "pkg/srv",
    "pkg/types",
    "version"
  ]
  revision = "70c8726202dd91e482fb4029fd14af1d4ed1d5af"
  version = "v3.3.5"

[[projects]]
  name = "github.com/coreos/go-semver"
  packages = ["semver"]
  revision = "8ab6407b697782a06568d4b7f1db25550ec2e4c6"
  version = "v0.2.0"

[[projects]]
  name = "github.com/coreos/go-systemd"
  packages = ["daemon"]
  revision = "48702e0da86bd25e76cfef347e2adeb434a0d0a6"
  version = "v14"

[[projects]]
  branch = "master"
  name = "github.com/cpu/goacmedns"
  packages = ["."]
  revision = "565ecf2a84df654865cc102705ac160a3b04fc01"

[[projects]]
  name = "github.com/davecgh/go-spew"
  packages = ["spew"]
  revision = "346938d642f2ec3594ed81d874461961cd0faa76"
  version = "v1.1.0"

[[projects]]
  branch = "master"
  name = "github.com/decker502/dnspod-go"
  packages = ["."]
  revision = "f33a2c6040fc2550a631de7b3a53bddccdcd73fb"

[[projects]]
  name = "github.com/dgrijalva/jwt-go"
  packages = ["."]
  revision = "06ea1031745cb8b3dab3f6a236daf2b0aa468b7e"
  version = "v3.2.0"

[[projects]]
  branch = "master"
  name = "github.com/dimchansky/utfbom"
  packages = ["."]
  revision = "d2133a1ce379ef6fa992b0514a77146c60db9d1c"

[[projects]]
  name = "github.com/dnsimple/dnsimple-go"
  packages = ["dnsimple"]
  revision = "f5ead9c20763fd925dea1362f2af5d671ed2a459"
  version = "v0.21.0"

[[projects]]
  name = "github.com/docker/cli"
  packages = [
    "cli/command/image/build",
    "cli/config",
    "cli/config/configfile",
    "cli/config/credentials",
    "opts"
  ]
  revision = "6b63d7b96a41055baddc3fa71f381c7f60bd5d8e"

[[projects]]
  name = "github.com/docker/distribution"
  packages = [
    ".",
    "context",
    "digestset",
    "reference",
    "registry/api/errcode",
    "registry/api/v2",
    "registry/client",
    "registry/client/auth",
    "registry/client/auth/challenge",
    "registry/client/transport",
    "registry/storage/cache",
    "registry/storage/cache/memory",
    "uuid"
  ]
  revision = "edc3ab29cdff8694dd6feb85cfeb4b5f1b38ed9c"

[[projects]]
  name = "github.com/docker/docker"
  packages = [
    "api",
    "api/types",
    "api/types/blkiodev",
    "api/types/container",
    "api/types/events",
    "api/types/filters",
    "api/types/image",
    "api/types/mount",
    "api/types/network",
    "api/types/registry",
    "api/types/strslice",
    "api/types/swarm",
    "api/types/swarm/runtime",
    "api/types/time",
    "api/types/versions",
    "api/types/volume",
    "builder/dockerignore",
    "builder/remotecontext/git",
    "client",
    "pkg/archive",
    "pkg/fileutils",
    "pkg/homedir",
    "pkg/idtools",
    "pkg/ioutils",
    "pkg/jsonmessage",
    "pkg/longpath",
    "pkg/mount",
    "pkg/namesgenerator",
    "pkg/pools",
    "pkg/progress",
    "pkg/stdcopy",
    "pkg/streamformatter",
    "pkg/stringid",
    "pkg/symlink",
    "pkg/system",
    "pkg/tarsum",
    "pkg/term",
    "pkg/term/windows",
    "pkg/urlutil",
    "registry",
    "registry/resumable"
  ]
  revision = "7848b8beb9d38a98a78b75f78e05f8d2255f9dfe"

[[projects]]
  name = "github.com/docker/docker-credential-helpers"
  packages = [
    "client",
    "credentials",
    "pass"
  ]
  revision = "d68f9aeca33f5fd3f08eeae5e9d175edf4e731d1"
  version = "v0.6.0"

[[projects]]
  name = "github.com/docker/go-connections"
  packages = [
    "nat",
    "sockets",
    "tlsconfig"
  ]
  revision = "3ede32e2033de7505e6500d6c868c2b9ed9f169d"
  version = "v0.3.0"

[[projects]]
  name = "github.com/docker/go-units"
  packages = ["."]
  revision = "9e638d38cf6977a37a8ea0078f3ee75a7cdb2dd1"

[[projects]]
  branch = "master"
  name = "github.com/docker/leadership"
  packages = ["."]
  revision = "a2e096d9fe0af5b4c37dd37aea719bc9c2e5eec6"
  source = "github.com/containous/leadership"

[[projects]]
  branch = "master"
  name = "github.com/docker/libcompose"
  packages = [
    "config",
    "docker",
    "docker/auth",
    "docker/builder",
    "docker/client",
    "docker/container",
    "docker/ctx",
    "docker/image",
    "docker/network",
    "docker/service",
    "docker/volume",
    "labels",
    "logger",
    "lookup",
    "project",
    "project/events",
    "project/options",
    "utils",
    "version",
    "yaml"
  ]
  revision = "57bd716502dcbe1799f026148016022b0f3b989c"

[[projects]]
  name = "github.com/donovanhide/eventsource"
  packages = ["."]
  revision = "b8f31a59085e69dd2678cf51840db2ac625cb741"

[[projects]]
  name = "github.com/eapache/channels"
  packages = ["."]
  revision = "47238d5aae8c0fefd518ef2bee46290909cf8263"
  version = "v1.1.0"

[[projects]]
  name = "github.com/eapache/go-resiliency"
  packages = ["breaker"]
  revision = "b1fe83b5b03f624450823b751b662259ffc6af70"

[[projects]]
  branch = "master"
  name = "github.com/eapache/go-xerial-snappy"
  packages = ["."]
  revision = "bb955e01b9346ac19dc29eb16586c90ded99a98c"

[[projects]]
  name = "github.com/eapache/queue"
  packages = ["."]
  revision = "44cc805cf13205b55f69e14bcb69867d1ae92f98"
  version = "v1.1.0"

[[projects]]
  branch = "master"
  name = "github.com/elazarl/go-bindata-assetfs"
  packages = ["."]
  revision = "30f82fa23fd844bd5bb1e5f216db87fd77b5eb43"

[[projects]]
  name = "github.com/emicklei/go-restful"
  packages = [
    ".",
    "log"
  ]
  revision = "89ef8af493ab468a45a42bb0d89a06fccdd2fb22"

[[projects]]
  name = "github.com/exoscale/egoscale"
  packages = ["."]
  revision = "d8dfca6802ad5c1a5300e52fa68067e791322035"
  version = "v0.11.4"

[[projects]]
  name = "github.com/fatih/color"
  packages = ["."]
  revision = "62e9147c64a1ed519147b62a56a14e83e2be02c1"

[[projects]]
  name = "github.com/fatih/structs"
  packages = ["."]
  revision = "4966fc68f5b7593aafa6cbbba2d65ec6e1416047"
  version = "v1.1.0"

[[projects]]
  branch = "master"
  name = "github.com/flynn/go-shlex"
  packages = ["."]
  revision = "3f9db97f856818214da2e1057f8ad84803971cff"

[[projects]]
  name = "github.com/gambol99/go-marathon"
  packages = ["."]
  revision = "99a156b96fb2f9dbe6465affa51bbdccdd37174d"

[[projects]]
  name = "github.com/ghodss/yaml"
  packages = ["."]
  revision = "73d445a93680fa1a78ae23a5839bad48f32ba1ee"

[[projects]]
  branch = "fork-containous"
  name = "github.com/go-check/check"
  packages = ["."]
  revision = "ca0bf163426aa183d03fd4949101785c0347f273"
  source = "github.com/containous/check"

[[projects]]
  name = "github.com/go-ini/ini"
  packages = ["."]
  revision = "32e4c1e6bc4e7d0d8451aa6b75200d19e37a536a"
  version = "v1.32.0"

[[projects]]
  name = "github.com/go-kit/kit"
  packages = [
    "log",
    "metrics",
    "metrics/dogstatsd",
    "metrics/generic",
    "metrics/influx",
    "metrics/internal/lv",
    "metrics/internal/ratemap",
    "metrics/multi",
    "metrics/statsd",
    "util/conn"
  ]
  revision = "ca4112baa34cb55091301bdc13b1420a122b1b9e"
  version = "v0.7.0"

[[projects]]
  name = "github.com/go-logfmt/logfmt"
  packages = ["."]
  revision = "390ab7935ee28ec6b286364bba9b4dd6410cb3d5"
  version = "v0.3.0"

[[projects]]
  name = "github.com/go-openapi/jsonpointer"
  packages = ["."]
  revision = "46af16f9f7b149af66e5d1bd010e3574dc06de98"

[[projects]]
  name = "github.com/go-openapi/jsonreference"
  packages = ["."]
  revision = "13c6e3589ad90f49bd3e3bbe2c2cb3d7a4142272"

[[projects]]
  name = "github.com/go-openapi/spec"
  packages = ["."]
  revision = "6aced65f8501fe1217321abf0749d354824ba2ff"

[[projects]]
  name = "github.com/go-openapi/swag"
  packages = ["."]
  revision = "1d0bd113de87027671077d3c71eb3ac5d7dbba72"

[[projects]]
  name = "github.com/go-resty/resty"
  packages = ["."]
  revision = "d4920dcf5b7689548a6db640278a9b35a5b48ec6"
  version = "v1.9.1"

[[projects]]
  name = "github.com/go-stack/stack"
  packages = ["."]
  revision = "54be5f394ed2c3e19dac9134a40a95ba5a017f7b"
  version = "v1.5.4"

[[projects]]
  name = "github.com/gogo/protobuf"
  packages = [
    "gogoproto",
    "proto",
    "protoc-gen-gogo/descriptor",
    "sortkeys"
  ]
  revision = "909568be09de550ed094403c2bf8a261b5bb730a"
  version = "v0.3"

[[projects]]
  name = "github.com/golang/glog"
  packages = ["."]
  revision = "44145f04b68cf362d9c4df2182967c2275eaefed"

[[projects]]
  name = "github.com/golang/protobuf"
  packages = [
    "proto",
    "ptypes",
    "ptypes/any",
    "ptypes/duration",
    "ptypes/timestamp"
  ]
  revision = "b4deda0973fb4c70b50d226b1af49f3da59f5265"
  version = "v1.1.0"

[[projects]]
  branch = "master"
  name = "github.com/golang/snappy"
  packages = ["."]
  revision = "553a641470496b2327abcac10b36396bd98e45c9"

[[projects]]
  branch = "master"
  name = "github.com/google/btree"
  packages = ["."]
  revision = "e89373fe6b4a7413d7acd6da1725b83ef713e6e4"

[[projects]]
  name = "github.com/google/go-github"
  packages = ["github"]
  revision = "fe7d11f8add400587b6718d9f39a62e42cb04c28"

[[projects]]
  branch = "master"
  name = "github.com/google/go-querystring"
  packages = ["query"]
  revision = "53e6ce116135b80d037921a7fdd5138cf32d7a8a"

[[projects]]
  name = "github.com/google/gofuzz"
  packages = ["."]
  revision = "bbcb9da2d746f8bdbd6a936686a0a6067ada0ec5"

[[projects]]
  name = "github.com/googleapis/gnostic"
  packages = [
    "OpenAPIv2",
    "compiler",
    "extensions"
  ]
  revision = "ee43cbb60db7bd22502942cccbc39059117352ab"
  version = "v0.1.0"

[[projects]]
  name = "github.com/gorilla/context"
  packages = ["."]
  revision = "215affda49addc4c8ef7e2534915df2c8c35c6cd"

[[projects]]
  name = "github.com/gorilla/mux"
  packages = ["."]
  revision = "e444e69cbd2e2e3e0749a2f3c717cec491552bbf"

[[projects]]
  branch = "master"
  name = "github.com/gorilla/websocket"
  packages = ["."]
  revision = "66b9c49e59c6c48f0ffce28c2d8b8a5678502c6d"

[[projects]]
  name = "github.com/gravitational/trace"
  packages = ["."]
  revision = "0bd13642feb8f57acc0d8e3a568edc34e05a74b9"
  version = "1.1.3"

[[projects]]
  branch = "master"
  name = "github.com/gregjones/httpcache"
  packages = [
    ".",
    "diskcache"
  ]
  revision = "2bcd89a1743fd4b373f7370ce8ddc14dfbd18229"

[[projects]]
  name = "github.com/hashicorp/consul"
  packages = ["api"]
  revision = "9a494b5fb9c86180a5702e29c485df1507a47198"
  version = "v1.0.6"

[[projects]]
  name = "github.com/hashicorp/go-cleanhttp"
  packages = ["."]
  revision = "3573b8b52aa7b37b9358d966a898feb387f62437"

[[projects]]
  branch = "master"
  name = "github.com/hashicorp/go-rootcerts"
  packages = ["."]
  revision = "6bb64b370b90e7ef1fa532be9e591a81c3493e00"

[[projects]]
  name = "github.com/hashicorp/go-version"
  packages = ["."]
  revision = "03c5bf6be031b6dd45afec16b1cf94fc8938bc77"

[[projects]]
  branch = "master"
  name = "github.com/hashicorp/golang-lru"
  packages = [
    ".",
    "simplelru"
  ]
  revision = "0fb14efe8c47ae851c0034ed7a448854d3d34cf3"

[[projects]]
  name = "github.com/hashicorp/serf"
  packages = ["coordinate"]
  revision = "19f2c401e122352c047a84d6584dd51e2fb8fcc4"

[[projects]]
  name = "github.com/huandu/xstrings"
  packages = ["."]
  revision = "3959339b333561bf62a38b424fd41517c2c90f40"

[[projects]]
  branch = "master"
  name = "github.com/iij/doapi"
  packages = [
    ".",
    "protocol"
  ]
  revision = "8803795a9b7b938fa88ddbd63a77893beee14cd8"

[[projects]]
  name = "github.com/imdario/mergo"
  packages = ["."]
  revision = "7fe0c75c13abdee74b09fcacef5ea1c6bba6a874"
  version = "0.2.4"

[[projects]]
  name = "github.com/influxdata/influxdb"
  packages = [
    "client/v2",
    "models",
    "pkg/escape"
  ]
  revision = "2d474a3089bcfce6b472779be9470a1f0ef3d5e4"
  version = "v1.3.7"

[[projects]]
  branch = "master"
  name = "github.com/jjcollinge/logrus-appinsights"
  packages = ["."]
  revision = "9b66602d496a139e4722bdde32f0f1ac1c12d4a8"

[[projects]]
  name = "github.com/jjcollinge/servicefabric"
  packages = ["."]
  revision = "8eebe170fa1ba25d3dfb928b3f86a7313b13b9fe"

[[projects]]
  name = "github.com/jmespath/go-jmespath"
  packages = ["."]
  revision = "0b12d6b5"

[[projects]]
  name = "github.com/jonboulle/clockwork"
  packages = ["."]
  revision = "72f9bd7c4e0c2a40055ab3d0f09654f730cce982"

[[projects]]
  name = "github.com/json-iterator/go"
  packages = ["."]
  revision = "28452fcdec4e44348d2af0d91d1e9e38da3a9e0a"
  version = "1.0.5"

[[projects]]
  name = "github.com/juju/ratelimit"
  packages = ["."]
  revision = "59fac5042749a5afb9af70e813da1dd5474f0167"
  version = "1.0.1"

[[projects]]
  branch = "master"
  name = "github.com/kolo/xmlrpc"
  packages = ["."]
  revision = "16bdd962781df9696f40cc2bab924f1a855a7f89"

[[projects]]
  branch = "master"
  name = "github.com/konsorten/go-windows-terminal-sequences"
  packages = ["."]
  revision = "b729f2633dfe35f4d1d8a32385f6685610ce1cb5"

[[projects]]
  branch = "master"
  name = "github.com/kr/logfmt"
  packages = ["."]
  revision = "b84e30acd515aadc4b783ad4ff83aff3299bdfe0"

[[projects]]
  name = "github.com/ldez/go-auroradns"
  packages = ["."]
  revision = "b40dfcae7c417f8129579362695dc1f3cfe5928d"
  version = "v2.0.0"

[[projects]]
  branch = "master"
  name = "github.com/libkermit/compose"
  packages = [
    ".",
    "check"
  ]
  revision = "c04e39c026ad1c76c027d6780150c8f7dec0a610"

[[projects]]
  branch = "master"
  name = "github.com/libkermit/docker"
  packages = ["."]
  revision = "e6674d32b80712b563ed8a0187af2bc93448b82f"

[[projects]]
  branch = "master"
  name = "github.com/libkermit/docker-check"
  packages = ["."]
  revision = "1113af38e5916529ad7317b0fe12e273e6e92af5"

[[projects]]
  name = "github.com/linode/linodego"
  packages = ["."]
  revision = "d0d31d8ca62fa3f7e4526ca0ce95de81e4ed001e"
  version = "v0.5.1"

[[projects]]
  name = "github.com/mailgun/minheap"
  packages = ["."]
  revision = "7c28d80e2ada649fc8ab1a37b86d30a2633bd47c"

[[projects]]
  branch = "master"
  name = "github.com/mailgun/multibuf"
  packages = ["."]
  revision = "565402cd71fbd9c12aa7e295324ea357e970a61e"

[[projects]]
  name = "github.com/mailgun/timetools"
  packages = ["."]
  revision = "7e6055773c5137efbeb3bd2410d705fe10ab6bfd"

[[projects]]
  branch = "master"
  name = "github.com/mailgun/ttlmap"
  packages = ["."]
  revision = "c1c17f74874f2a5ea48bfb06b5459d4ef2689749"

[[projects]]
  name = "github.com/mailru/easyjson"
  packages = [
    "buffer",
    "jlexer",
    "jwriter"
  ]
  revision = "d5b7844b561a7bc640052f1b935f7b800330d7e0"

[[projects]]
  name = "github.com/mattn/go-colorable"
  packages = ["."]
  revision = "5411d3eea5978e6cdc258b30de592b60df6aba96"

[[projects]]
  name = "github.com/mattn/go-isatty"
  packages = ["."]
  revision = "57fdcb988a5c543893cc61bce354a6e24ab70022"

[[projects]]
  branch = "master"
  name = "github.com/matttproud/golang_protobuf_extensions"
  packages = ["pbutil"]
  revision = "c12348ce28de40eed0136aa2b644d0ee0650e56c"

[[projects]]
  name = "github.com/mesos/mesos-go"
  packages = [
    "detector",
    "detector/zoo",
    "mesosproto",
    "mesosutil",
    "upid"
  ]
  revision = "068d5470506e3780189fe607af40892814197c5e"

[[projects]]
  branch = "master"
  name = "github.com/mesosphere/mesos-dns"
  packages = [
    "detect",
    "errorutil",
    "logging",
    "models",
    "records",
    "records/labels",
    "records/state",
    "util"
  ]
  revision = "b47dc4c19f215e98da687b15b4c64e70f629bea5"
  source = "https://github.com/containous/mesos-dns.git"

[[projects]]
  name = "github.com/miekg/dns"
  packages = ["."]
  revision = "7586a3cbe8ccfc63f82de3ab2ceeb08c9939af72"
  version = "v1.1.1"

[[projects]]
  branch = "master"
  name = "github.com/mitchellh/copystructure"
  packages = ["."]
  revision = "d23ffcb85de31694d6ccaa23ccb4a03e55c1303f"

[[projects]]
  branch = "master"
  name = "github.com/mitchellh/go-homedir"
  packages = ["."]
  revision = "b8bc1bf767474819792c23f32d8286a45736f1c6"

[[projects]]
  branch = "master"
  name = "github.com/mitchellh/hashstructure"
  packages = ["."]
  revision = "2bca23e0e452137f789efbc8610126fd8b94f73b"

[[projects]]
  name = "github.com/mitchellh/mapstructure"
  packages = ["."]
  revision = "3536a929edddb9a5b34bd6861dc4a9647cb459fe"
  version = "v1.1.2"

[[projects]]
  branch = "master"
  name = "github.com/mitchellh/reflectwalk"
  packages = ["."]
  revision = "63d60e9d0dbc60cf9164e6510889b0db6683d98c"

[[projects]]
  name = "github.com/mvdan/xurls"
  packages = ["."]
  revision = "db96455566f05ffe42bd6ac671f05eeb1152b45d"

[[projects]]
  branch = "master"
  name = "github.com/namedotcom/go"
  packages = ["namecom"]
  revision = "08470befbe04613bd4b44cb6978b05d50294c4d4"

[[projects]]
  branch = "master"
  name = "github.com/ogier/pflag"
  packages = ["."]
  revision = "45c278ab3607870051a2ea9040bb85fcb8557481"

[[projects]]
  name = "github.com/opencontainers/go-digest"
  packages = ["."]
  revision = "a6d0ee40d4207ea02364bd3b9e8e77b9159ba1eb"

[[projects]]
  name = "github.com/opencontainers/image-spec"
  packages = [
    "specs-go",
    "specs-go/v1"
  ]
  revision = "f03dbe35d449c54915d235f1a3cf8f585a24babe"

[[projects]]
  name = "github.com/opencontainers/runc"
  packages = [
    "libcontainer/system",
    "libcontainer/user"
  ]
  revision = "b6b70e53451794e8333e9b602cc096b47a20bd0f"

[[projects]]
  branch = "master"
  name = "github.com/opentracing-contrib/go-observer"
  packages = ["."]
  revision = "a52f2342449246d5bcc273e65cbdcfa5f7d6c63c"

[[projects]]
  name = "github.com/opentracing/opentracing-go"
  packages = [
    ".",
    "ext",
    "log"
  ]
  revision = "1949ddbfd147afd4d964a9f00b24eb291e0e7c38"
  version = "v1.0.2"

[[projects]]
  name = "github.com/openzipkin/zipkin-go-opentracing"
  packages = [
    ".",
    "flag",
    "thrift/gen-go/scribe",
    "thrift/gen-go/zipkincore",
    "types",
    "wire"
  ]
  revision = "1f5c07e90700ae93ddcba0c7af7d9c7201646ccc"

[[projects]]
  branch = "master"
  name = "github.com/ovh/go-ovh"
  packages = ["ovh"]
  revision = "91b7eb631d2eced3e706932a0b36ee8b5ee22e92"

[[projects]]
  name = "github.com/patrickmn/go-cache"
  packages = ["."]
  revision = "a3647f8e31d79543b2d0f0ae2fe5c379d72cedc0"
  version = "v2.1.0"

[[projects]]
  branch = "master"
  name = "github.com/petar/GoLLRB"
  packages = ["llrb"]
  revision = "53be0d36a84c2a886ca057d34b6aa4468df9ccb4"

[[projects]]
  name = "github.com/peterbourgon/diskv"
  packages = ["."]
  revision = "5f041e8faa004a95c88a202771f4cc3e991971e6"
  version = "v2.0.1"

[[projects]]
  name = "github.com/philhofer/fwd"
  packages = ["."]
  revision = "bb6d471dc95d4fe11e432687f8b70ff496cf3136"
  version = "v1.0.0"

[[projects]]
  name = "github.com/pierrec/lz4"
  packages = ["."]
  revision = "08c27939df1bd95e881e2c2367a749964ad1fceb"
  version = "v1.0.1"

[[projects]]
  branch = "master"
  name = "github.com/pierrec/xxHash"
  packages = ["xxHash32"]
  revision = "a0006b13c722f7f12368c00a3d3c2ae8a999a0c6"

[[projects]]
  name = "github.com/pkg/errors"
  packages = ["."]
  revision = "c605e284fe17294bda444b34710735b29d1a9d90"

[[projects]]
  name = "github.com/pmezard/go-difflib"
  packages = ["difflib"]
  revision = "792786c7400a136282c1664665ae0a8db921c6c2"
  version = "v1.0.0"

[[projects]]
  name = "github.com/prometheus/client_golang"
  packages = [
    "prometheus",
    "prometheus/promhttp"
  ]
  revision = "08fd2e12372a66e68e30523c7642e0cbc3e4fbde"

[[projects]]
  name = "github.com/prometheus/client_model"
  packages = ["go"]
  revision = "6f3806018612930941127f2a7c6c453ba2c527d2"

[[projects]]
  name = "github.com/prometheus/common"
  packages = [
    "expfmt",
    "internal/bitbucket.org/ww/goautoneg",
    "model"
  ]
  revision = "49fee292b27bfff7f354ee0f64e1bc4850462edf"

[[projects]]
  name = "github.com/prometheus/procfs"
  packages = [
    ".",
    "xfs"
  ]
  revision = "a1dba9ce8baed984a2495b658c82687f8157b98f"

[[projects]]
  name = "github.com/rancher/go-rancher"
  packages = ["v2"]
  revision = "52e2f489534007ae843065468c5a1920d542afa4"

[[projects]]
  branch = "containous-fork"
  name = "github.com/rancher/go-rancher-metadata"
  packages = ["metadata"]
  revision = "e937e8308985dfd3bc157cc8a284454f0cbf4fef"
  source = "github.com/containous/go-rancher-metadata"

[[projects]]
  name = "github.com/rcrowley/go-metrics"
  packages = ["."]
  revision = "1f30fe9094a513ce4c700b9a54458bbb0c96996c"

[[projects]]
  branch = "master"
  name = "github.com/ryanuber/go-glob"
  packages = ["."]
  revision = "256dc444b735e061061cf46c809487313d5b0065"

[[projects]]
  branch = "master"
  name = "github.com/sacloud/libsacloud"
  packages = [
    ".",
    "api",
    "sacloud",
    "sacloud/ostype"
  ]
  revision = "306ea89b6ef19334614f7b0fc5aa19595022bb8c"

[[projects]]
  name = "github.com/samuel/go-zookeeper"
  packages = ["zk"]
  revision = "1d7be4effb13d2d908342d349d71a284a7542693"

[[projects]]
  name = "github.com/satori/go.uuid"
  packages = ["."]
  revision = "f58768cc1a7a7e77a3bd49e98cdd21419399b6a3"
  version = "v1.2.0"

[[projects]]
  name = "github.com/sirupsen/logrus"
  packages = ["."]
  revision = "a67f783a3814b8729bd2dac5780b5f78f8dbd64d"
  version = "v1.1.0"

[[projects]]
  branch = "master"
  name = "github.com/smueller18/goinwx"
  packages = ["."]
  revision = "5d138389109eca96463f44f692408f0d1c731278"

[[projects]]
  name = "github.com/spf13/pflag"
  packages = ["."]
  revision = "cb88ea77998c3f024757528e3305022ab50b43be"

[[projects]]
  name = "github.com/stretchr/objx"
  packages = ["."]
  revision = "facf9a85c22f48d2f52f2380e4efce1768749a89"
  version = "v0.1"

[[projects]]
  name = "github.com/stretchr/testify"
  packages = [
    "assert",
    "mock",
    "require"
  ]
  revision = "12b6f73e6084dad08a7c6e575284b177ecafbc71"
  version = "v1.2.1"

[[projects]]
  branch = "master"
  name = "github.com/stvp/go-udp-testing"
  packages = ["."]
  revision = "c4434f09ec131ecf30f986d5dcb1636508bfa49a"

[[projects]]
  name = "github.com/thoas/stats"
  packages = ["."]
  revision = "152b5d051953fdb6e45f14b6826962aadc032324"

[[projects]]
  branch = "master"
  name = "github.com/timewasted/linode"
  packages = [
    ".",
    "dns"
  ]
  revision = "37e84520dcf74488f67654f9c775b9752c232dc1"

[[projects]]
  name = "github.com/tinylib/msgp"
  packages = ["msgp"]
  revision = "b2b6a672cf1e5b90748f79b8b81fc8c5cf0571a1"
  version = "1.0.2"

[[projects]]
  name = "github.com/transip/gotransip"
  packages = [
    ".",
    "domain",
    "util"
  ]
  revision = "1dc93a7db3567a5ccf865106afac88278ba940cf"
  version = "v5.8.1"

[[projects]]
  branch = "master"
  name = "github.com/tuvistavie/securerandom"
  packages = ["."]
  revision = "15512123a948d62f6361bd84818e11f2ad84059a"

[[projects]]
  name = "github.com/tv42/zbase32"
  packages = ["."]
  revision = "03389da7e0bf9844767f82690f4d68fc097a1306"

[[projects]]
  name = "github.com/uber/jaeger-client-go"
  packages = [
    ".",
    "config",
    "internal/baggage",
    "internal/baggage/remote",
    "internal/spanlog",
    "log",
    "rpcmetrics",
    "thrift-gen/agent",
    "thrift-gen/baggage",
    "thrift-gen/jaeger",
    "thrift-gen/sampling",
    "thrift-gen/zipkincore",
    "utils"
  ]
  revision = "f54d8ece0a66e3db6a9247e946eb1e2bd79029ea"
  version = "v2.11.1"

[[projects]]
  name = "github.com/uber/jaeger-lib"
  packages = ["metrics"]
  revision = "3b2a9ad2a045881ab7a0f81d465be54c8292ee4f"
  version = "v1.1.0"

[[projects]]
  name = "github.com/ugorji/go"
  packages = ["codec"]
  revision = "b4c50a2b199d93b13dc15e78929cfb23bfdf21ab"
  version = "v1.1.1"

[[projects]]
  name = "github.com/unrolled/render"
  packages = ["."]
  revision = "50716a0a853771bb36bfce61a45cdefdb98c2e6e"

[[projects]]
  branch = "v1"
  name = "github.com/unrolled/secure"
  packages = ["."]
  revision = "a1cf62cc2159fff407728f118c41aece76c397fa"

[[projects]]
  name = "github.com/urfave/negroni"
  packages = ["."]
  revision = "490e6a555d47ca891a89a150d0c1ef3922dfffe9"

[[projects]]
  name = "github.com/vdemeester/shakers"
  packages = ["."]
  revision = "24d7f1d6a71aa5d9cbe7390e4afb66b7eef9e1b3"
  version = "v0.1.0"

[[projects]]
  branch = "master"
  name = "github.com/vulcand/oxy"
  packages = [
    "buffer",
    "cbreaker",
    "connlimit",
    "forward",
    "memmetrics",
    "ratelimit",
    "roundrobin",
    "utils"
  ]
  revision = "c34b0c501e43223bc816ac9b40b0ac29c44c8952"

[[projects]]
  name = "github.com/vulcand/predicate"
  packages = ["."]
  revision = "939c094524d124c55fa8afe0e077701db4a865e2"
  version = "v1.0.0"

[[projects]]
  branch = "master"
  name = "github.com/xeipuuv/gojsonpointer"
  packages = ["."]
  revision = "6fe8760cad3569743d51ddbb243b26f8456742dc"

[[projects]]
  branch = "master"
  name = "github.com/xeipuuv/gojsonreference"
  packages = ["."]
  revision = "e02fc20de94c78484cd5ffb007f8af96be030a45"

[[projects]]
  name = "github.com/xeipuuv/gojsonschema"
  packages = ["."]
  revision = "0c8571ac0ce161a5feb57375a9cdf148c98c0f70"

[[projects]]
  name = "github.com/xenolf/lego"
  packages = [
    "acme",
    "acme/api",
    "acme/api/internal/nonces",
    "acme/api/internal/secure",
    "acme/api/internal/sender",
    "certcrypto",
    "certificate",
    "challenge",
    "challenge/dns01",
    "challenge/http01",
    "challenge/resolver",
    "challenge/tlsalpn01",
    "lego",
    "log",
    "platform/config/env",
    "platform/wait",
    "providers/dns",
    "providers/dns/acmedns",
    "providers/dns/alidns",
    "providers/dns/auroradns",
    "providers/dns/azure",
    "providers/dns/bluecat",
    "providers/dns/cloudflare",
    "providers/dns/cloudxns",
    "providers/dns/cloudxns/internal",
    "providers/dns/conoha",
    "providers/dns/conoha/internal",
    "providers/dns/digitalocean",
    "providers/dns/dnsimple",
    "providers/dns/dnsmadeeasy",
    "providers/dns/dnsmadeeasy/internal",
    "providers/dns/dnspod",
    "providers/dns/dreamhost",
    "providers/dns/duckdns",
    "providers/dns/dyn",
    "providers/dns/exec",
    "providers/dns/exoscale",
    "providers/dns/fastdns",
    "providers/dns/gandi",
    "providers/dns/gandiv5",
    "providers/dns/gcloud",
    "providers/dns/glesys",
    "providers/dns/godaddy",
    "providers/dns/hostingde",
    "providers/dns/httpreq",
    "providers/dns/iij",
    "providers/dns/inwx",
    "providers/dns/lightsail",
    "providers/dns/linode",
    "providers/dns/linodev4",
    "providers/dns/mydnsjp",
    "providers/dns/namecheap",
    "providers/dns/namedotcom",
    "providers/dns/netcup",
    "providers/dns/netcup/internal",
    "providers/dns/nifcloud",
    "providers/dns/nifcloud/internal",
    "providers/dns/ns1",
    "providers/dns/otc",
    "providers/dns/ovh",
    "providers/dns/pdns",
    "providers/dns/rackspace",
    "providers/dns/rfc2136",
    "providers/dns/route53",
    "providers/dns/sakuracloud",
    "providers/dns/selectel",
    "providers/dns/selectel/internal",
    "providers/dns/stackpath",
    "providers/dns/transip",
    "providers/dns/vegadns",
    "providers/dns/vscale",
    "providers/dns/vscale/internal",
    "providers/dns/vultr",
    "providers/dns/zoneee",
    "registration"
  ]
  revision = "00ad82dec10ad0af1e037ee652ad1f1cc7015178"
  version = "v2.1.0"

[[projects]]
  branch = "master"
  name = "golang.org/x/crypto"
  packages = [
    "bcrypt",
    "blowfish",
    "ed25519",
    "ed25519/internal/edwards25519",
    "ocsp",
    "pbkdf2",
    "pkcs12",
    "pkcs12/internal/rc2",
    "scrypt",
    "ssh/terminal"
  ]
  revision = "505ab145d0a99da450461ae2c1a9f6cd10d1f447"

[[projects]]
  branch = "master"
  name = "golang.org/x/net"
  packages = [
    "bpf",
    "context",
    "context/ctxhttp",
    "http/httpguts",
    "http2",
    "http2/hpack",
    "idna",
    "internal/iana",
    "internal/socket",
    "internal/socks",
    "internal/timeseries",
    "ipv4",
    "ipv6",
    "proxy",
    "publicsuffix",
    "trace",
    "websocket"
  ]
  revision = "e514e69ffb8bc3c76a71ae40de0118d794855992"

[[projects]]
  branch = "master"
  name = "golang.org/x/oauth2"
  packages = [
    ".",
    "clientcredentials",
    "google",
    "internal",
    "jws",
    "jwt"
  ]
  revision = "ec22f46f877b4505e0117eeaab541714644fdd28"

[[projects]]
  branch = "master"
  name = "golang.org/x/sys"
  packages = [
    "unix",
    "windows"
  ]
  revision = "fff93fa7cd278d84afc205751523809c464168ab"

[[projects]]
  name = "golang.org/x/text"
  packages = [
    "cases",
    "internal",
    "internal/gen",
    "internal/tag",
    "internal/triegen",
    "internal/ucd",
    "language",
    "runes",
    "secure/bidirule",
    "secure/precis",
    "transform",
    "unicode/bidi",
    "unicode/cldr",
    "unicode/norm",
    "unicode/rangetable",
    "width"
  ]
  revision = "4ee4af566555f5fbe026368b75596286a312663a"

[[projects]]
  name = "golang.org/x/time"
  packages = ["rate"]
  revision = "8be79e1e0910c292df4e79c241bb7e8f7e725959"

[[projects]]
  branch = "master"
  name = "google.golang.org/api"
  packages = [
    "dns/v1",
    "gensupport",
    "googleapi",
    "googleapi/internal/uritemplates"
  ]
  revision = "de943baf05a022a8f921b544b7827bacaba1aed5"

[[projects]]
  name = "google.golang.org/appengine"
  packages = [
    ".",
    "internal",
    "internal/app_identity",
    "internal/base",
    "internal/datastore",
    "internal/log",
    "internal/modules",
    "internal/remote_api",
    "internal/urlfetch",
    "urlfetch"
  ]
  revision = "4f7eeb5305a4ba1966344836ba4af9996b7b4e05"

[[projects]]
  name = "google.golang.org/genproto"
  packages = ["googleapis/rpc/status"]
  revision = "09f6ed296fc66555a25fe4ce95173148778dfa85"

[[projects]]
  name = "google.golang.org/grpc"
  packages = [
    ".",
    "balancer",
    "balancer/base",
    "balancer/roundrobin",
    "channelz",
    "codes",
    "connectivity",
    "credentials",
    "encoding",
    "encoding/proto",
    "grpclb/grpc_lb_v1/messages",
    "grpclog",
    "health/grpc_health_v1",
    "internal",
    "keepalive",
    "metadata",
    "naming",
    "peer",
    "resolver",
    "resolver/dns",
    "resolver/passthrough",
    "stats",
    "status",
    "tap",
    "transport"
  ]
  revision = "41344da2231b913fa3d983840a57a6b1b7b631a1"
  version = "v1.12.0"

[[projects]]
  name = "gopkg.in/DataDog/dd-trace-go.v1"
  packages = [
    "ddtrace",
    "ddtrace/ext",
    "ddtrace/internal",
    "ddtrace/opentracer",
    "ddtrace/tracer"
  ]
  revision = "7fb2bce4b1ed6ab61f7a9e1be30dea56de19db7c"
  version = "v1.8.0"

[[projects]]
  name = "gopkg.in/fsnotify.v1"
  packages = ["."]
  revision = "629574ca2a5df945712d3079857300b5e4da0236"
  source = "github.com/fsnotify/fsnotify"
  version = "v1.4.2"

[[projects]]
  name = "gopkg.in/inf.v0"
  packages = ["."]
  revision = "3887ee99ecf07df5b447e9b00d9c0b2adaa9f3e4"
  version = "v0.9.0"

[[projects]]
  name = "gopkg.in/ini.v1"
  packages = ["."]
  revision = "5b3e00af70a9484542169a976dcab8d03e601a17"
  version = "v1.30.0"

[[projects]]
  branch = "v1"
  name = "gopkg.in/mattes/go-expand-tilde.v1"
  packages = ["."]
  revision = "cb884138e64c9a8bf5c7d6106d74b0fca082df0c"

[[projects]]
  branch = "v2"
  name = "gopkg.in/ns1/ns1-go.v2"
  packages = [
    "rest",
    "rest/model/account",
    "rest/model/data",
    "rest/model/dns",
    "rest/model/filter",
    "rest/model/monitor"
  ]
  revision = "a5bcac82d3f637d3928d30476610891935b2d691"

[[projects]]
  name = "gopkg.in/square/go-jose.v2"
  packages = [
    ".",
    "cipher",
    "json"
  ]
  revision = "6ee92191fea850cdcab9a18867abf5f521cdbadb"
  version = "v2.1.4"

[[projects]]
  name = "gopkg.in/yaml.v2"
  packages = ["."]
  revision = "53feefa2559fb8dfa8d81baad31be332c97d6c77"

[[projects]]
  name = "k8s.io/api"
  packages = [
    "admissionregistration/v1alpha1",
    "admissionregistration/v1beta1",
    "apps/v1",
    "apps/v1beta1",
    "apps/v1beta2",
    "authentication/v1",
    "authentication/v1beta1",
    "authorization/v1",
    "authorization/v1beta1",
    "autoscaling/v1",
    "autoscaling/v2beta1",
    "batch/v1",
    "batch/v1beta1",
    "batch/v2alpha1",
    "certificates/v1beta1",
    "core/v1",
    "events/v1beta1",
    "extensions/v1beta1",
    "networking/v1",
    "policy/v1beta1",
    "rbac/v1",
    "rbac/v1alpha1",
    "rbac/v1beta1",
    "scheduling/v1alpha1",
    "settings/v1alpha1",
    "storage/v1",
    "storage/v1alpha1",
    "storage/v1beta1"
  ]
  revision = "af4bc157c3a209798fc897f6d4aaaaeb6c2e0d6a"
  version = "kubernetes-1.9.0"

[[projects]]
  name = "k8s.io/apimachinery"
  packages = [
    "pkg/api/errors",
    "pkg/api/meta",
    "pkg/api/resource",
    "pkg/apis/meta/internalversion",
    "pkg/apis/meta/v1",
    "pkg/apis/meta/v1/unstructured",
    "pkg/apis/meta/v1alpha1",
    "pkg/conversion",
    "pkg/conversion/queryparams",
    "pkg/fields",
    "pkg/labels",
    "pkg/runtime",
    "pkg/runtime/schema",
    "pkg/runtime/serializer",
    "pkg/runtime/serializer/json",
    "pkg/runtime/serializer/protobuf",
    "pkg/runtime/serializer/recognizer",
    "pkg/runtime/serializer/streaming",
    "pkg/runtime/serializer/versioning",
    "pkg/selection",
    "pkg/types",
    "pkg/util/cache",
    "pkg/util/clock",
    "pkg/util/diff",
    "pkg/util/errors",
    "pkg/util/framer",
    "pkg/util/intstr",
    "pkg/util/json",
    "pkg/util/net",
    "pkg/util/runtime",
    "pkg/util/sets",
    "pkg/util/validation",
    "pkg/util/validation/field",
    "pkg/util/wait",
    "pkg/util/yaml",
    "pkg/version",
    "pkg/watch",
    "third_party/forked/golang/reflect"
  ]
  revision = "180eddb345a5be3a157cea1c624700ad5bd27b8f"
  version = "kubernetes-1.9.0"

[[projects]]
  name = "k8s.io/client-go"
  packages = [
    "discovery",
    "informers",
    "informers/admissionregistration",
    "informers/admissionregistration/v1alpha1",
    "informers/admissionregistration/v1beta1",
    "informers/apps",
    "informers/apps/v1",
    "informers/apps/v1beta1",
    "informers/apps/v1beta2",
    "informers/autoscaling",
    "informers/autoscaling/v1",
    "informers/autoscaling/v2beta1",
    "informers/batch",
    "informers/batch/v1",
    "informers/batch/v1beta1",
    "informers/batch/v2alpha1",
    "informers/certificates",
    "informers/certificates/v1beta1",
    "informers/core",
    "informers/core/v1",
    "informers/events",
    "informers/events/v1beta1",
    "informers/extensions",
    "informers/extensions/v1beta1",
    "informers/internalinterfaces",
    "informers/networking",
    "informers/networking/v1",
    "informers/policy",
    "informers/policy/v1beta1",
    "informers/rbac",
    "informers/rbac/v1",
    "informers/rbac/v1alpha1",
    "informers/rbac/v1beta1",
    "informers/scheduling",
    "informers/scheduling/v1alpha1",
    "informers/settings",
    "informers/settings/v1alpha1",
    "informers/storage",
    "informers/storage/v1",
    "informers/storage/v1alpha1",
    "informers/storage/v1beta1",
    "kubernetes",
    "kubernetes/scheme",
    "kubernetes/typed/admissionregistration/v1alpha1",
    "kubernetes/typed/admissionregistration/v1beta1",
    "kubernetes/typed/apps/v1",
    "kubernetes/typed/apps/v1beta1",
    "kubernetes/typed/apps/v1beta2",
    "kubernetes/typed/authentication/v1",
    "kubernetes/typed/authentication/v1beta1",
    "kubernetes/typed/authorization/v1",
    "kubernetes/typed/authorization/v1beta1",
    "kubernetes/typed/autoscaling/v1",
    "kubernetes/typed/autoscaling/v2beta1",
    "kubernetes/typed/batch/v1",
    "kubernetes/typed/batch/v1beta1",
    "kubernetes/typed/batch/v2alpha1",
    "kubernetes/typed/certificates/v1beta1",
    "kubernetes/typed/core/v1",
    "kubernetes/typed/events/v1beta1",
    "kubernetes/typed/extensions/v1beta1",
    "kubernetes/typed/networking/v1",
    "kubernetes/typed/policy/v1beta1",
    "kubernetes/typed/rbac/v1",
    "kubernetes/typed/rbac/v1alpha1",
    "kubernetes/typed/rbac/v1beta1",
    "kubernetes/typed/scheduling/v1alpha1",
    "kubernetes/typed/settings/v1alpha1",
    "kubernetes/typed/storage/v1",
    "kubernetes/typed/storage/v1alpha1",
    "kubernetes/typed/storage/v1beta1",
    "listers/admissionregistration/v1alpha1",
    "listers/admissionregistration/v1beta1",
    "listers/apps/v1",
    "listers/apps/v1beta1",
    "listers/apps/v1beta2",
    "listers/autoscaling/v1",
    "listers/autoscaling/v2beta1",
    "listers/batch/v1",
    "listers/batch/v1beta1",
    "listers/batch/v2alpha1",
    "listers/certificates/v1beta1",
    "listers/core/v1",
    "listers/events/v1beta1",
    "listers/extensions/v1beta1",
    "listers/networking/v1",
    "listers/policy/v1beta1",
    "listers/rbac/v1",
    "listers/rbac/v1alpha1",
    "listers/rbac/v1beta1",
    "listers/scheduling/v1alpha1",
    "listers/settings/v1alpha1",
    "listers/storage/v1",
    "listers/storage/v1alpha1",
    "listers/storage/v1beta1",
    "pkg/version",
    "rest",
    "rest/watch",
    "tools/cache",
    "tools/clientcmd/api",
    "tools/metrics",
    "tools/pager",
    "tools/reference",
    "transport",
    "util/buffer",
    "util/cert",
    "util/flowcontrol",
    "util/integer"
  ]
  revision = "78700dec6369ba22221b72770783300f143df150"
  version = "v6.0.0"

[[projects]]
  branch = "master"
  name = "k8s.io/kube-openapi"
  packages = ["pkg/common"]
  revision = "275e2ce91dec4c05a4094a7b1daee5560b555ac9"

[solve-meta]
  analyzer-name = "dep"
  analyzer-version = 1
  inputs-digest = "65efc1e4349b760e3c74e117d297e59e6005e769fdfe1ecaa31531b56a227e7f"
  solver-name = "gps-cdcl"
  solver-version = 1
