hash: 5e5e8d7a5c5fd9f258549ed2d66557ba28be66ea9ffc3eb88c1e98e3f28c8537
updated: 2017-07-02T17:06:45.618248907+02:00
imports: []
testImports:
- name: github.com/Azure/go-ansiterm
  version: 19f72df4d05d31cbe1c56bfc8045c96babff6c7e
  subpackages:
  - winterm
- name: github.com/cloudfoundry-incubator/candiedyaml
  version: cff29b469e0f490ab8c169b6a2c237543f46a1de
- name: github.com/docker/distribution
  version: 99cb7c0946d2f5a38015443e515dc916295064d7
  subpackages:
  - context
  - digest
  - reference
  - registry/api/errcode
  - registry/api/v2
  - registry/client
  - registry/client/auth
  - registry/client/transport
  - registry/storage/cache
  - registry/storage/cache/memory
  - uuid
- name: github.com/docker/docker
  version: 534753663161334baba06f13b8efa4cad22b5bc5
  subpackages:
  - api/types/backend
  - builder
  - builder/dockerignore
  - cliconfig
  - cliconfig/configfile
  - daemon/graphdriver
  - image
  - image/v1
  - layer
  - opts
  - pkg/archive
  - pkg/chrootarchive
  - pkg/fileutils
  - pkg/gitutils
  - pkg/homedir
  - pkg/httputils
  - pkg/idtools
  - pkg/ioutils
  - pkg/jsonlog
  - pkg/jsonmessage
  - pkg/longpath
  - pkg/mflag
  - pkg/mount
  - pkg/namesgenerator
  - pkg/plugins
  - pkg/plugins/transport
  - pkg/pools
  - pkg/progress
  - pkg/promise
  - pkg/random
  - pkg/reexec
  - pkg/signal
  - pkg/stdcopy
  - pkg/streamformatter
  - pkg/stringid
  - pkg/symlink
  - pkg/system
  - pkg/tarsum
  - pkg/term
  - pkg/term/windows
  - pkg/urlutil
  - reference
  - registry
  - runconfig/opts
- name: github.com/docker/engine-api
  version: 62043eb79d581a32ea849645277023c550732e52
  subpackages:
  - client
  - client/transport
  - client/transport/cancellable
  - types
  - types/blkiodev
  - types/container
  - types/events
  - types/filters
  - types/network
  - types/reference
  - types/registry
  - types/strslice
  - types/swarm
  - types/time
  - types/versions
- name: github.com/docker/go-connections
  version: 35dcbbc189523094211e7f0af23d862349ada334
  subpackages:
  - nat
  - sockets
  - tlsconfig
- name: github.com/docker/go-units
  version: f2145db703495b2e525c59662db69a7344b00bb8
- name: github.com/docker/libcompose
  version: d1876c1d68527a49c0aac22a0b161acc7296b740
  subpackages:
  - config
  - docker
  - docker/builder
  - docker/client
  - docker/network
  - labels
  - logger
  - lookup
  - project
  - project/events
  - project/options
  - utils
  - version
  - yaml
- name: github.com/flynn/go-shlex
  version: 3f9db97f856818214da2e1057f8ad84803971cff
- name: github.com/go-check/check
  version: 11d3bc7aa68e238947792f30573146a3231fc0f1
- name: github.com/gorilla/context
  version: 14f550f51af52180c2eefed15e5fd18d63c0a64a
- name: github.com/gorilla/mux
  version: e444e69cbd2e2e3e0749a2f3c717cec491552bbf
- name: github.com/libkermit/compose
  version: cadc5a3b83a15790174bd7fbc75ea2529785e772
  subpackages:
  - check
- name: github.com/libkermit/docker
  version: 55e3595409924fcfbb850811e5a7cdbe8960a0b7
- name: github.com/libkermit/docker-check
  version: cbe0ef03b3d23070eac4d00ba8828f2cc7f7e5a3
- name: github.com/mattn/go-shellwords
  version: 02e3cf038dcea8290e44424da473dd12be796a8a
- name: github.com/Microsoft/go-winio
  version: f778f05015353be65d242f3fedc18695756153bb
- name: github.com/opencontainers/runc
  version: b6b70e53451794e8333e9b602cc096b47a20bd0f
  subpackages:
  - libcontainer/user
- name: github.com/sirupsen/logrus
  version: 7dd06bf38e1e13df288d471a57d5adbac106be9e
- name: github.com/Sirupsen/logrus
  version: 55eb11d21d2a31a3cc93838241d04800f52e823d
- name: github.com/spf13/pflag
  version: cb88ea77998c3f024757528e3305022ab50b43be
- name: github.com/vbatts/tar-split
  version: b9127a139315e57ebc26030e7decf72d0a20acb4
  subpackages:
  - archive/tar
  - tar/asm
  - tar/storage
- name: github.com/vdemeester/docker-events
  version: 4a83cc6dc9d599f999b62fe16bddd882ea731008
- name: github.com/vdemeester/shakers
  version: 24d7f1d6a71aa5d9cbe7390e4afb66b7eef9e1b3
- name: github.com/xeipuuv/gojsonpointer
  version: 6fe8760cad3569743d51ddbb243b26f8456742dc
- name: github.com/xeipuuv/gojsonreference
  version: e02fc20de94c78484cd5ffb007f8af96be030a45
- name: github.com/xeipuuv/gojsonschema
  version: 0c8571ac0ce161a5feb57375a9cdf148c98c0f70
- name: golang.org/x/net
  version: 4876518f9e71663000c348837735820161a42df7
  subpackages:
  - context
  - proxy
- name: golang.org/x/sys
  version: 5eaf0df67e70d6997a9fe0ed24383fa1b01638d3
  subpackages:
  - unix
